
Microsoft Visual Studio Solution File, Format Version 12.00
# Visual Studio 2012
Project("{2150E333-8FDC-42A3-9474-1A3956D46DE8}") = "Interaction", "Interaction", "{CF5C594B-B4EF-4ADF-AC46-479103880026}"
EndProject
Project("{2150E333-8FDC-42A3-9474-1A3956D46DE8}") = "Platforms", "Platforms", "{1C47F099-C7F4-4015-9ED0-76850D0E060A}"
EndProject
Project("{2150E333-8FDC-42A3-9474-1A3956D46DE8}") = "Samples", "Samples", "{D6B9E767-C57E-412B-B8F0-5D66ECDFF03F}"
EndProject
Project("{FAE04EC0-301F-11D3-BF4B-00C04F79EFBC}") = "Odyssey.2D", "Source\Odyssey.2D\Odyssey.2D.csproj", "{B948170F-4BC3-4D84-B2F3-F369B3A82B5B}"
EndProject
Project("{FAE04EC0-301F-11D3-BF4B-00C04F79EFBC}") = "Odyssey.Windows", "Source\Odyssey.Windows\Odyssey.Windows.csproj", "{8284F48F-965E-4E6D-BBD5-1CF5732D73BB}"
EndProject
Project("{FAE04EC0-301F-11D3-BF4B-00C04F79EFBC}") = "Odyssey.Windows8", "Source\Odyssey.Windows8\Odyssey.Windows8.csproj", "{C3563843-AF29-4670-AD74-102EDCA45B38}"
EndProject
Project("{FAE04EC0-301F-11D3-BF4B-00C04F79EFBC}") = "Odyssey.2D.Windows", "Source\Odyssey.2D.Windows\Odyssey.2D.Windows.csproj", "{F0723B5E-4509-4C6B-BCDF-F8B6B67D4F10}"
EndProject
Project("{2150E333-8FDC-42A3-9474-1A3956D46DE8}") = "Build", "Build", "{597BFEEA-562E-4FF7-8A3A-9A0B0C77E7D8}"
	ProjectSection(SolutionItems) = preProject
		Odyssey.PreSettings.targets = Odyssey.PreSettings.targets
	EndProjectSection
EndProject
Project("{2150E333-8FDC-42A3-9474-1A3956D46DE8}") = "Engine", "Engine", "{FE3BD1B9-F4DD-4BBF-9542-0AF44C216094}"
EndProject
Project("{FAE04EC0-301F-11D3-BF4B-00C04F79EFBC}") = "Odyssey.Common", "Source\Odyssey.Common\Odyssey.Common.csproj", "{C7CE7794-EAFE-49E0-BA0A-BC2CB3F65B28}"
EndProject
Project("{FAE04EC0-301F-11D3-BF4B-00C04F79EFBC}") = "MiniUI", "Samples\Windows8\MiniUI\MiniUI.csproj", "{2138C47B-1D5A-4ADA-9F3D-393C5DC98C33}"
EndProject
Global
	GlobalSection(SolutionConfigurationPlatforms) = preSolution
		Debug|Any CPU = Debug|Any CPU
		Debug|ARM = Debug|ARM
		Debug|x64 = Debug|x64
		Debug|x86 = Debug|x86
		Release|Any CPU = Release|Any CPU
		Release|ARM = Release|ARM
		Release|x64 = Release|x64
		Release|x86 = Release|x86
		Win7Debug|Any CPU = Win7Debug|Any CPU
		Win7Debug|ARM = Win7Debug|ARM
		Win7Debug|x64 = Win7Debug|x64
		Win7Debug|x86 = Win7Debug|x86
		Win8Debug|Any CPU = Win8Debug|Any CPU
		Win8Debug|ARM = Win8Debug|ARM
		Win8Debug|x64 = Win8Debug|x64
		Win8Debug|x86 = Win8Debug|x86
		Win8Release|Any CPU = Win8Release|Any CPU
		Win8Release|ARM = Win8Release|ARM
		Win8Release|x64 = Win8Release|x64
		Win8Release|x86 = Win8Release|x86
		WP8Debug|Any CPU = WP8Debug|Any CPU
		WP8Debug|ARM = WP8Debug|ARM
		WP8Debug|x64 = WP8Debug|x64
		WP8Debug|x86 = WP8Debug|x86
		WP8Release|Any CPU = WP8Release|Any CPU
		WP8Release|ARM = WP8Release|ARM
		WP8Release|x64 = WP8Release|x64
		WP8Release|x86 = WP8Release|x86
	EndGlobalSection
	GlobalSection(ProjectConfigurationPlatforms) = postSolution
		{B948170F-4BC3-4D84-B2F3-F369B3A82B5B}.Debug|Any CPU.ActiveCfg = Debug|Any CPU
		{B948170F-4BC3-4D84-B2F3-F369B3A82B5B}.Debug|Any CPU.Build.0 = Debug|Any CPU
		{B948170F-4BC3-4D84-B2F3-F369B3A82B5B}.Debug|ARM.ActiveCfg = Debug|Any CPU
		{B948170F-4BC3-4D84-B2F3-F369B3A82B5B}.Debug|x64.ActiveCfg = Debug|Any CPU
		{B948170F-4BC3-4D84-B2F3-F369B3A82B5B}.Debug|x86.ActiveCfg = Debug|Any CPU
		{B948170F-4BC3-4D84-B2F3-F369B3A82B5B}.Release|Any CPU.ActiveCfg = WP8Release|Any CPU
		{B948170F-4BC3-4D84-B2F3-F369B3A82B5B}.Release|Any CPU.Build.0 = WP8Release|Any CPU
		{B948170F-4BC3-4D84-B2F3-F369B3A82B5B}.Release|ARM.ActiveCfg = WP8Release|Any CPU
		{B948170F-4BC3-4D84-B2F3-F369B3A82B5B}.Release|x64.ActiveCfg = WP8Release|Any CPU
		{B948170F-4BC3-4D84-B2F3-F369B3A82B5B}.Release|x86.ActiveCfg = WP8Release|Any CPU
		{B948170F-4BC3-4D84-B2F3-F369B3A82B5B}.Win7Debug|Any CPU.ActiveCfg = Win7Debug|Any CPU
		{B948170F-4BC3-4D84-B2F3-F369B3A82B5B}.Win7Debug|Any CPU.Build.0 = Win7Debug|Any CPU
		{B948170F-4BC3-4D84-B2F3-F369B3A82B5B}.Win7Debug|ARM.ActiveCfg = Debug|Any CPU
		{B948170F-4BC3-4D84-B2F3-F369B3A82B5B}.Win7Debug|x64.ActiveCfg = Debug|Any CPU
		{B948170F-4BC3-4D84-B2F3-F369B3A82B5B}.Win7Debug|x86.ActiveCfg = Debug|Any CPU
		{B948170F-4BC3-4D84-B2F3-F369B3A82B5B}.Win8Debug|Any CPU.ActiveCfg = Win8Debug|Any CPU
		{B948170F-4BC3-4D84-B2F3-F369B3A82B5B}.Win8Debug|Any CPU.Build.0 = Win8Debug|Any CPU
		{B948170F-4BC3-4D84-B2F3-F369B3A82B5B}.Win8Debug|ARM.ActiveCfg = Win8Debug|Any CPU
		{B948170F-4BC3-4D84-B2F3-F369B3A82B5B}.Win8Debug|x64.ActiveCfg = Win8Debug|Any CPU
		{B948170F-4BC3-4D84-B2F3-F369B3A82B5B}.Win8Debug|x86.ActiveCfg = Win8Debug|Any CPU
		{B948170F-4BC3-4D84-B2F3-F369B3A82B5B}.Win8Release|Any CPU.ActiveCfg = Win8Release|Any CPU
		{B948170F-4BC3-4D84-B2F3-F369B3A82B5B}.Win8Release|Any CPU.Build.0 = Win8Release|Any CPU
		{B948170F-4BC3-4D84-B2F3-F369B3A82B5B}.Win8Release|ARM.ActiveCfg = Win8Release|Any CPU
		{B948170F-4BC3-4D84-B2F3-F369B3A82B5B}.Win8Release|x64.ActiveCfg = Win8Release|Any CPU
		{B948170F-4BC3-4D84-B2F3-F369B3A82B5B}.Win8Release|x86.ActiveCfg = Win8Release|Any CPU
		{B948170F-4BC3-4D84-B2F3-F369B3A82B5B}.WP8Debug|Any CPU.ActiveCfg = WP8Debug|Any CPU
		{B948170F-4BC3-4D84-B2F3-F369B3A82B5B}.WP8Debug|Any CPU.Build.0 = WP8Debug|Any CPU
		{B948170F-4BC3-4D84-B2F3-F369B3A82B5B}.WP8Debug|ARM.ActiveCfg = WP8Debug|Any CPU
		{B948170F-4BC3-4D84-B2F3-F369B3A82B5B}.WP8Debug|x64.ActiveCfg = WP8Debug|Any CPU
		{B948170F-4BC3-4D84-B2F3-F369B3A82B5B}.WP8Debug|x86.ActiveCfg = WP8Debug|Any CPU
		{B948170F-4BC3-4D84-B2F3-F369B3A82B5B}.WP8Release|Any CPU.ActiveCfg = WP8Release|Any CPU
		{B948170F-4BC3-4D84-B2F3-F369B3A82B5B}.WP8Release|Any CPU.Build.0 = WP8Release|Any CPU
		{B948170F-4BC3-4D84-B2F3-F369B3A82B5B}.WP8Release|ARM.ActiveCfg = WP8Release|Any CPU
		{B948170F-4BC3-4D84-B2F3-F369B3A82B5B}.WP8Release|x64.ActiveCfg = WP8Release|Any CPU
		{B948170F-4BC3-4D84-B2F3-F369B3A82B5B}.WP8Release|x86.ActiveCfg = WP8Release|Any CPU
		{8284F48F-965E-4E6D-BBD5-1CF5732D73BB}.Debug|Any CPU.ActiveCfg = Debug|Any CPU
		{8284F48F-965E-4E6D-BBD5-1CF5732D73BB}.Debug|Any CPU.Build.0 = Debug|Any CPU
		{8284F48F-965E-4E6D-BBD5-1CF5732D73BB}.Debug|ARM.ActiveCfg = Debug|Any CPU
		{8284F48F-965E-4E6D-BBD5-1CF5732D73BB}.Debug|x64.ActiveCfg = Debug|Any CPU
		{8284F48F-965E-4E6D-BBD5-1CF5732D73BB}.Debug|x86.ActiveCfg = Debug|Any CPU
		{8284F48F-965E-4E6D-BBD5-1CF5732D73BB}.Release|Any CPU.ActiveCfg = WP8Release|Any CPU
		{8284F48F-965E-4E6D-BBD5-1CF5732D73BB}.Release|Any CPU.Build.0 = WP8Release|Any CPU
		{8284F48F-965E-4E6D-BBD5-1CF5732D73BB}.Release|ARM.ActiveCfg = WP8Release|Any CPU
		{8284F48F-965E-4E6D-BBD5-1CF5732D73BB}.Release|x64.ActiveCfg = WP8Release|Any CPU
		{8284F48F-965E-4E6D-BBD5-1CF5732D73BB}.Release|x86.ActiveCfg = WP8Release|Any CPU
		{8284F48F-965E-4E6D-BBD5-1CF5732D73BB}.Win7Debug|Any CPU.ActiveCfg = Win7Debug|Any CPU
		{8284F48F-965E-4E6D-BBD5-1CF5732D73BB}.Win7Debug|Any CPU.Build.0 = Win7Debug|Any CPU
		{8284F48F-965E-4E6D-BBD5-1CF5732D73BB}.Win7Debug|ARM.ActiveCfg = Win7Debug|Any CPU
		{8284F48F-965E-4E6D-BBD5-1CF5732D73BB}.Win7Debug|x64.ActiveCfg = Win7Debug|Any CPU
		{8284F48F-965E-4E6D-BBD5-1CF5732D73BB}.Win7Debug|x86.ActiveCfg = Win7Debug|Any CPU
		{8284F48F-965E-4E6D-BBD5-1CF5732D73BB}.Win8Debug|Any CPU.ActiveCfg = Win8Debug|Any CPU
		{8284F48F-965E-4E6D-BBD5-1CF5732D73BB}.Win8Debug|Any CPU.Build.0 = Win8Debug|Any CPU
		{8284F48F-965E-4E6D-BBD5-1CF5732D73BB}.Win8Debug|ARM.ActiveCfg = Win8Debug|Any CPU
		{8284F48F-965E-4E6D-BBD5-1CF5732D73BB}.Win8Debug|x64.ActiveCfg = Win8Debug|Any CPU
		{8284F48F-965E-4E6D-BBD5-1CF5732D73BB}.Win8Debug|x86.ActiveCfg = Win8Debug|Any CPU
		{8284F48F-965E-4E6D-BBD5-1CF5732D73BB}.Win8Release|Any CPU.ActiveCfg = Win8Release|Any CPU
		{8284F48F-965E-4E6D-BBD5-1CF5732D73BB}.Win8Release|Any CPU.Build.0 = Win8Release|Any CPU
		{8284F48F-965E-4E6D-BBD5-1CF5732D73BB}.Win8Release|ARM.ActiveCfg = Win8Release|Any CPU
		{8284F48F-965E-4E6D-BBD5-1CF5732D73BB}.Win8Release|x64.ActiveCfg = Win8Release|Any CPU
		{8284F48F-965E-4E6D-BBD5-1CF5732D73BB}.Win8Release|x86.ActiveCfg = Win8Release|Any CPU
		{8284F48F-965E-4E6D-BBD5-1CF5732D73BB}.WP8Debug|Any CPU.ActiveCfg = WP8Debug|Any CPU
		{8284F48F-965E-4E6D-BBD5-1CF5732D73BB}.WP8Debug|Any CPU.Build.0 = WP8Debug|Any CPU
		{8284F48F-965E-4E6D-BBD5-1CF5732D73BB}.WP8Debug|ARM.ActiveCfg = WP8Debug|Any CPU
		{8284F48F-965E-4E6D-BBD5-1CF5732D73BB}.WP8Debug|x64.ActiveCfg = WP8Debug|Any CPU
		{8284F48F-965E-4E6D-BBD5-1CF5732D73BB}.WP8Debug|x86.ActiveCfg = WP8Debug|Any CPU
		{8284F48F-965E-4E6D-BBD5-1CF5732D73BB}.WP8Release|Any CPU.ActiveCfg = WP8Release|Any CPU
		{8284F48F-965E-4E6D-BBD5-1CF5732D73BB}.WP8Release|Any CPU.Build.0 = WP8Release|Any CPU
		{8284F48F-965E-4E6D-BBD5-1CF5732D73BB}.WP8Release|ARM.ActiveCfg = WP8Release|Any CPU
		{8284F48F-965E-4E6D-BBD5-1CF5732D73BB}.WP8Release|x64.ActiveCfg = WP8Release|Any CPU
		{8284F48F-965E-4E6D-BBD5-1CF5732D73BB}.WP8Release|x86.ActiveCfg = WP8Release|Any CPU
		{C3563843-AF29-4670-AD74-102EDCA45B38}.Debug|Any CPU.ActiveCfg = Debug|Any CPU
		{C3563843-AF29-4670-AD74-102EDCA45B38}.Debug|Any CPU.Build.0 = Debug|Any CPU
		{C3563843-AF29-4670-AD74-102EDCA45B38}.Debug|ARM.ActiveCfg = Debug|Any CPU
		{C3563843-AF29-4670-AD74-102EDCA45B38}.Debug|x64.ActiveCfg = Debug|x64
		{C3563843-AF29-4670-AD74-102EDCA45B38}.Debug|x64.Build.0 = Debug|x64
		{C3563843-AF29-4670-AD74-102EDCA45B38}.Debug|x86.ActiveCfg = Debug|x86
		{C3563843-AF29-4670-AD74-102EDCA45B38}.Debug|x86.Build.0 = Debug|x86
		{C3563843-AF29-4670-AD74-102EDCA45B38}.Release|Any CPU.ActiveCfg = Release|Any CPU
		{C3563843-AF29-4670-AD74-102EDCA45B38}.Release|Any CPU.Build.0 = Release|Any CPU
		{C3563843-AF29-4670-AD74-102EDCA45B38}.Release|ARM.ActiveCfg = Release|Any CPU
		{C3563843-AF29-4670-AD74-102EDCA45B38}.Release|x64.ActiveCfg = Release|x64
		{C3563843-AF29-4670-AD74-102EDCA45B38}.Release|x64.Build.0 = Release|x64
		{C3563843-AF29-4670-AD74-102EDCA45B38}.Release|x86.ActiveCfg = Release|x86
		{C3563843-AF29-4670-AD74-102EDCA45B38}.Release|x86.Build.0 = Release|x86
		{C3563843-AF29-4670-AD74-102EDCA45B38}.Win7Debug|Any CPU.ActiveCfg = Win7Debug|Any CPU
		{C3563843-AF29-4670-AD74-102EDCA45B38}.Win7Debug|Any CPU.Build.0 = Win7Debug|Any CPU
		{C3563843-AF29-4670-AD74-102EDCA45B38}.Win7Debug|ARM.ActiveCfg = Win7Debug|Any CPU
		{C3563843-AF29-4670-AD74-102EDCA45B38}.Win7Debug|x64.ActiveCfg = Win7Debug|x64
		{C3563843-AF29-4670-AD74-102EDCA45B38}.Win7Debug|x64.Build.0 = Win7Debug|x64
		{C3563843-AF29-4670-AD74-102EDCA45B38}.Win7Debug|x86.ActiveCfg = Win7Debug|x86
		{C3563843-AF29-4670-AD74-102EDCA45B38}.Win7Debug|x86.Build.0 = Win7Debug|x86
		{C3563843-AF29-4670-AD74-102EDCA45B38}.Win8Debug|Any CPU.ActiveCfg = Win8Debug|Any CPU
		{C3563843-AF29-4670-AD74-102EDCA45B38}.Win8Debug|Any CPU.Build.0 = Win8Debug|Any CPU
		{C3563843-AF29-4670-AD74-102EDCA45B38}.Win8Debug|ARM.ActiveCfg = Win8Debug|Any CPU
		{C3563843-AF29-4670-AD74-102EDCA45B38}.Win8Debug|x64.ActiveCfg = Win8Debug|x64
		{C3563843-AF29-4670-AD74-102EDCA45B38}.Win8Debug|x64.Build.0 = Win8Debug|x64
		{C3563843-AF29-4670-AD74-102EDCA45B38}.Win8Debug|x86.ActiveCfg = Win8Debug|x86
		{C3563843-AF29-4670-AD74-102EDCA45B38}.Win8Debug|x86.Build.0 = Win8Debug|x86
		{C3563843-AF29-4670-AD74-102EDCA45B38}.Win8Release|Any CPU.ActiveCfg = Win8Release|Any CPU
		{C3563843-AF29-4670-AD74-102EDCA45B38}.Win8Release|Any CPU.Build.0 = Win8Release|Any CPU
		{C3563843-AF29-4670-AD74-102EDCA45B38}.Win8Release|ARM.ActiveCfg = Win8Release|Any CPU
		{C3563843-AF29-4670-AD74-102EDCA45B38}.Win8Release|x64.ActiveCfg = Win8Release|x64
		{C3563843-AF29-4670-AD74-102EDCA45B38}.Win8Release|x64.Build.0 = Win8Release|x64
		{C3563843-AF29-4670-AD74-102EDCA45B38}.Win8Release|x86.ActiveCfg = Win8Release|x86
		{C3563843-AF29-4670-AD74-102EDCA45B38}.Win8Release|x86.Build.0 = Win8Release|x86
		{C3563843-AF29-4670-AD74-102EDCA45B38}.WP8Debug|Any CPU.ActiveCfg = WP8Debug|Any CPU
		{C3563843-AF29-4670-AD74-102EDCA45B38}.WP8Debug|Any CPU.Build.0 = WP8Debug|Any CPU
		{C3563843-AF29-4670-AD74-102EDCA45B38}.WP8Debug|ARM.ActiveCfg = WP8Debug|Any CPU
		{C3563843-AF29-4670-AD74-102EDCA45B38}.WP8Debug|x64.ActiveCfg = WP8Debug|x64
		{C3563843-AF29-4670-AD74-102EDCA45B38}.WP8Debug|x64.Build.0 = WP8Debug|x64
		{C3563843-AF29-4670-AD74-102EDCA45B38}.WP8Debug|x86.ActiveCfg = WP8Debug|x86
		{C3563843-AF29-4670-AD74-102EDCA45B38}.WP8Debug|x86.Build.0 = WP8Debug|x86
		{C3563843-AF29-4670-AD74-102EDCA45B38}.WP8Release|Any CPU.ActiveCfg = WP8Release|Any CPU
		{C3563843-AF29-4670-AD74-102EDCA45B38}.WP8Release|Any CPU.Build.0 = WP8Release|Any CPU
		{C3563843-AF29-4670-AD74-102EDCA45B38}.WP8Release|ARM.ActiveCfg = WP8Release|Any CPU
		{C3563843-AF29-4670-AD74-102EDCA45B38}.WP8Release|x64.ActiveCfg = WP8Release|x64
		{C3563843-AF29-4670-AD74-102EDCA45B38}.WP8Release|x64.Build.0 = WP8Release|x64
		{C3563843-AF29-4670-AD74-102EDCA45B38}.WP8Release|x86.ActiveCfg = WP8Release|x86
		{C3563843-AF29-4670-AD74-102EDCA45B38}.WP8Release|x86.Build.0 = WP8Release|x86
		{F0723B5E-4509-4C6B-BCDF-F8B6B67D4F10}.Debug|Any CPU.ActiveCfg = Debug|Any CPU
		{F0723B5E-4509-4C6B-BCDF-F8B6B67D4F10}.Debug|Any CPU.Build.0 = Debug|Any CPU
		{F0723B5E-4509-4C6B-BCDF-F8B6B67D4F10}.Debug|ARM.ActiveCfg = Debug|Any CPU
		{F0723B5E-4509-4C6B-BCDF-F8B6B67D4F10}.Debug|x64.ActiveCfg = Debug|Any CPU
		{F0723B5E-4509-4C6B-BCDF-F8B6B67D4F10}.Debug|x86.ActiveCfg = Debug|Any CPU
		{F0723B5E-4509-4C6B-BCDF-F8B6B67D4F10}.Release|Any CPU.ActiveCfg = Release|Any CPU
		{F0723B5E-4509-4C6B-BCDF-F8B6B67D4F10}.Release|Any CPU.Build.0 = Release|Any CPU
		{F0723B5E-4509-4C6B-BCDF-F8B6B67D4F10}.Release|ARM.ActiveCfg = Release|Any CPU
		{F0723B5E-4509-4C6B-BCDF-F8B6B67D4F10}.Release|x64.ActiveCfg = Release|Any CPU
		{F0723B5E-4509-4C6B-BCDF-F8B6B67D4F10}.Release|x86.ActiveCfg = Release|Any CPU
		{F0723B5E-4509-4C6B-BCDF-F8B6B67D4F10}.Win7Debug|Any CPU.ActiveCfg = Win7Debug|Any CPU
		{F0723B5E-4509-4C6B-BCDF-F8B6B67D4F10}.Win7Debug|Any CPU.Build.0 = Win7Debug|Any CPU
		{F0723B5E-4509-4C6B-BCDF-F8B6B67D4F10}.Win7Debug|ARM.ActiveCfg = Win7Debug|Any CPU
		{F0723B5E-4509-4C6B-BCDF-F8B6B67D4F10}.Win7Debug|x64.ActiveCfg = Win7Debug|Any CPU
		{F0723B5E-4509-4C6B-BCDF-F8B6B67D4F10}.Win7Debug|x86.ActiveCfg = Win7Debug|Any CPU
		{F0723B5E-4509-4C6B-BCDF-F8B6B67D4F10}.Win8Debug|Any CPU.ActiveCfg = Win8Debug|Any CPU
		{F0723B5E-4509-4C6B-BCDF-F8B6B67D4F10}.Win8Debug|Any CPU.Build.0 = Win8Debug|Any CPU
		{F0723B5E-4509-4C6B-BCDF-F8B6B67D4F10}.Win8Debug|ARM.ActiveCfg = Win8Debug|Any CPU
		{F0723B5E-4509-4C6B-BCDF-F8B6B67D4F10}.Win8Debug|x64.ActiveCfg = Win8Debug|Any CPU
		{F0723B5E-4509-4C6B-BCDF-F8B6B67D4F10}.Win8Debug|x86.ActiveCfg = Win8Debug|Any CPU
		{F0723B5E-4509-4C6B-BCDF-F8B6B67D4F10}.Win8Release|Any CPU.ActiveCfg = Win8Release|Any CPU
		{F0723B5E-4509-4C6B-BCDF-F8B6B67D4F10}.Win8Release|Any CPU.Build.0 = Win8Release|Any CPU
		{F0723B5E-4509-4C6B-BCDF-F8B6B67D4F10}.Win8Release|ARM.ActiveCfg = Win8Release|Any CPU
		{F0723B5E-4509-4C6B-BCDF-F8B6B67D4F10}.Win8Release|x64.ActiveCfg = Win8Release|Any CPU
		{F0723B5E-4509-4C6B-BCDF-F8B6B67D4F10}.Win8Release|x86.ActiveCfg = Win8Release|Any CPU
		{F0723B5E-4509-4C6B-BCDF-F8B6B67D4F10}.WP8Debug|Any CPU.ActiveCfg = WP8Debug|Any CPU
		{F0723B5E-4509-4C6B-BCDF-F8B6B67D4F10}.WP8Debug|Any CPU.Build.0 = WP8Debug|Any CPU
		{F0723B5E-4509-4C6B-BCDF-F8B6B67D4F10}.WP8Debug|ARM.ActiveCfg = WP8Debug|Any CPU
		{F0723B5E-4509-4C6B-BCDF-F8B6B67D4F10}.WP8Debug|x64.ActiveCfg = WP8Debug|Any CPU
		{F0723B5E-4509-4C6B-BCDF-F8B6B67D4F10}.WP8Debug|x86.ActiveCfg = WP8Debug|Any CPU
		{F0723B5E-4509-4C6B-BCDF-F8B6B67D4F10}.WP8Release|Any CPU.ActiveCfg = WP8Release|Any CPU
		{F0723B5E-4509-4C6B-BCDF-F8B6B67D4F10}.WP8Release|Any CPU.Build.0 = WP8Release|Any CPU
		{F0723B5E-4509-4C6B-BCDF-F8B6B67D4F10}.WP8Release|ARM.ActiveCfg = WP8Release|Any CPU
		{F0723B5E-4509-4C6B-BCDF-F8B6B67D4F10}.WP8Release|x64.ActiveCfg = WP8Release|Any CPU
		{F0723B5E-4509-4C6B-BCDF-F8B6B67D4F10}.WP8Release|x86.ActiveCfg = WP8Release|Any CPU
		{C7CE7794-EAFE-49E0-BA0A-BC2CB3F65B28}.Debug|Any CPU.ActiveCfg = Debug|Any CPU
		{C7CE7794-EAFE-49E0-BA0A-BC2CB3F65B28}.Debug|Any CPU.Build.0 = Debug|Any CPU
		{C7CE7794-EAFE-49E0-BA0A-BC2CB3F65B28}.Debug|ARM.ActiveCfg = Debug|Any CPU
		{C7CE7794-EAFE-49E0-BA0A-BC2CB3F65B28}.Debug|x64.ActiveCfg = Debug|Any CPU
		{C7CE7794-EAFE-49E0-BA0A-BC2CB3F65B28}.Debug|x86.ActiveCfg = Debug|Any CPU
		{C7CE7794-EAFE-49E0-BA0A-BC2CB3F65B28}.Release|Any CPU.ActiveCfg = WP8Release|Any CPU
		{C7CE7794-EAFE-49E0-BA0A-BC2CB3F65B28}.Release|Any CPU.Build.0 = WP8Release|Any CPU
		{C7CE7794-EAFE-49E0-BA0A-BC2CB3F65B28}.Release|ARM.ActiveCfg = WP8Release|Any CPU
		{C7CE7794-EAFE-49E0-BA0A-BC2CB3F65B28}.Release|x64.ActiveCfg = WP8Release|Any CPU
		{C7CE7794-EAFE-49E0-BA0A-BC2CB3F65B28}.Release|x86.ActiveCfg = WP8Release|Any CPU
		{C7CE7794-EAFE-49E0-BA0A-BC2CB3F65B28}.Win7Debug|Any CPU.ActiveCfg = Win7Debug|Any CPU
		{C7CE7794-EAFE-49E0-BA0A-BC2CB3F65B28}.Win7Debug|Any CPU.Build.0 = Win7Debug|Any CPU
		{C7CE7794-EAFE-49E0-BA0A-BC2CB3F65B28}.Win7Debug|ARM.ActiveCfg = Win7Debug|Any CPU
		{C7CE7794-EAFE-49E0-BA0A-BC2CB3F65B28}.Win7Debug|x64.ActiveCfg = Win7Debug|Any CPU
		{C7CE7794-EAFE-49E0-BA0A-BC2CB3F65B28}.Win7Debug|x86.ActiveCfg = Win7Debug|Any CPU
		{C7CE7794-EAFE-49E0-BA0A-BC2CB3F65B28}.Win8Debug|Any CPU.ActiveCfg = Win8Debug|Any CPU
		{C7CE7794-EAFE-49E0-BA0A-BC2CB3F65B28}.Win8Debug|Any CPU.Build.0 = Win8Debug|Any CPU
		{C7CE7794-EAFE-49E0-BA0A-BC2CB3F65B28}.Win8Debug|ARM.ActiveCfg = Win8Debug|Any CPU
		{C7CE7794-EAFE-49E0-BA0A-BC2CB3F65B28}.Win8Debug|x64.ActiveCfg = Win8Debug|Any CPU
		{C7CE7794-EAFE-49E0-BA0A-BC2CB3F65B28}.Win8Debug|x86.ActiveCfg = Win8Debug|Any CPU
		{C7CE7794-EAFE-49E0-BA0A-BC2CB3F65B28}.Win8Release|Any CPU.ActiveCfg = Win8Release|Any CPU
		{C7CE7794-EAFE-49E0-BA0A-BC2CB3F65B28}.Win8Release|Any CPU.Build.0 = Win8Release|Any CPU
		{C7CE7794-EAFE-49E0-BA0A-BC2CB3F65B28}.Win8Release|ARM.ActiveCfg = Win8Release|Any CPU
		{C7CE7794-EAFE-49E0-BA0A-BC2CB3F65B28}.Win8Release|x64.ActiveCfg = Win8Release|Any CPU
		{C7CE7794-EAFE-49E0-BA0A-BC2CB3F65B28}.Win8Release|x86.ActiveCfg = Win8Release|Any CPU
		{C7CE7794-EAFE-49E0-BA0A-BC2CB3F65B28}.WP8Debug|Any CPU.ActiveCfg = WP8Debug|Any CPU
		{C7CE7794-EAFE-49E0-BA0A-BC2CB3F65B28}.WP8Debug|Any CPU.Build.0 = WP8Debug|Any CPU
		{C7CE7794-EAFE-49E0-BA0A-BC2CB3F65B28}.WP8Debug|ARM.ActiveCfg = WP8Debug|Any CPU
		{C7CE7794-EAFE-49E0-BA0A-BC2CB3F65B28}.WP8Debug|x64.ActiveCfg = WP8Debug|Any CPU
		{C7CE7794-EAFE-49E0-BA0A-BC2CB3F65B28}.WP8Debug|x86.ActiveCfg = WP8Debug|Any CPU
		{C7CE7794-EAFE-49E0-BA0A-BC2CB3F65B28}.WP8Release|Any CPU.ActiveCfg = WP8Release|Any CPU
		{C7CE7794-EAFE-49E0-BA0A-BC2CB3F65B28}.WP8Release|Any CPU.Build.0 = WP8Release|Any CPU
		{C7CE7794-EAFE-49E0-BA0A-BC2CB3F65B28}.WP8Release|ARM.ActiveCfg = WP8Release|Any CPU
		{C7CE7794-EAFE-49E0-BA0A-BC2CB3F65B28}.WP8Release|x64.ActiveCfg = WP8Release|Any CPU
		{C7CE7794-EAFE-49E0-BA0A-BC2CB3F65B28}.WP8Release|x86.ActiveCfg = WP8Release|Any CPU
		{2138C47B-1D5A-4ADA-9F3D-393C5DC98C33}.Debug|Any CPU.ActiveCfg = Debug|Any CPU
		{2138C47B-1D5A-4ADA-9F3D-393C5DC98C33}.Debug|Any CPU.Build.0 = Debug|Any CPU
		{2138C47B-1D5A-4ADA-9F3D-393C5DC98C33}.Debug|ARM.ActiveCfg = Debug|Any CPU
		{2138C47B-1D5A-4ADA-9F3D-393C5DC98C33}.Debug|x64.ActiveCfg = Debug|Any CPU
		{2138C47B-1D5A-4ADA-9F3D-393C5DC98C33}.Debug|x86.ActiveCfg = Debug|Any CPU
		{2138C47B-1D5A-4ADA-9F3D-393C5DC98C33}.Release|Any CPU.ActiveCfg = WP8Release|Any CPU
		{2138C47B-1D5A-4ADA-9F3D-393C5DC98C33}.Release|Any CPU.Build.0 = WP8Release|Any CPU
		{2138C47B-1D5A-4ADA-9F3D-393C5DC98C33}.Release|ARM.ActiveCfg = WP8Release|Any CPU
		{2138C47B-1D5A-4ADA-9F3D-393C5DC98C33}.Release|x64.ActiveCfg = WP8Release|Any CPU
		{2138C47B-1D5A-4ADA-9F3D-393C5DC98C33}.Release|x86.ActiveCfg = WP8Release|Any CPU
		{2138C47B-1D5A-4ADA-9F3D-393C5DC98C33}.Win7Debug|Any CPU.ActiveCfg = Win7Debug|Any CPU
		{2138C47B-1D5A-4ADA-9F3D-393C5DC98C33}.Win7Debug|Any CPU.Build.0 = Win7Debug|Any CPU
		{2138C47B-1D5A-4ADA-9F3D-393C5DC98C33}.Win7Debug|ARM.ActiveCfg = Debug|Any CPU
		{2138C47B-1D5A-4ADA-9F3D-393C5DC98C33}.Win7Debug|x64.ActiveCfg = Debug|Any CPU
		{2138C47B-1D5A-4ADA-9F3D-393C5DC98C33}.Win7Debug|x86.ActiveCfg = Debug|Any CPU
		{2138C47B-1D5A-4ADA-9F3D-393C5DC98C33}.Win8Debug|Any CPU.ActiveCfg = Debug|Any CPU
		{2138C47B-1D5A-4ADA-9F3D-393C5DC98C33}.Win8Debug|Any CPU.Build.0 = Debug|Any CPU
		{2138C47B-1D5A-4ADA-9F3D-393C5DC98C33}.Win8Debug|ARM.ActiveCfg = Debug|Any CPU
		{2138C47B-1D5A-4ADA-9F3D-393C5DC98C33}.Win8Debug|x64.ActiveCfg = Debug|Any CPU
		{2138C47B-1D5A-4ADA-9F3D-393C5DC98C33}.Win8Debug|x86.ActiveCfg = Debug|Any CPU
		{2138C47B-1D5A-4ADA-9F3D-393C5DC98C33}.Win8Release|Any CPU.ActiveCfg = Win8Release|Any CPU
		{2138C47B-1D5A-4ADA-9F3D-393C5DC98C33}.Win8Release|Any CPU.Build.0 = Win8Release|Any CPU
		{2138C47B-1D5A-4ADA-9F3D-393C5DC98C33}.Win8Release|ARM.ActiveCfg = Win8Release|Any CPU
		{2138C47B-1D5A-4ADA-9F3D-393C5DC98C33}.Win8Release|x64.ActiveCfg = Win8Release|Any CPU
		{2138C47B-1D5A-4ADA-9F3D-393C5DC98C33}.Win8Release|x86.ActiveCfg = Win8Release|Any CPU
		{2138C47B-1D5A-4ADA-9F3D-393C5DC98C33}.WP8Debug|Any CPU.ActiveCfg = Debug|Any CPU
		{2138C47B-1D5A-4ADA-9F3D-393C5DC98C33}.WP8Debug|Any CPU.Build.0 = Debug|Any CPU
		{2138C47B-1D5A-4ADA-9F3D-393C5DC98C33}.WP8Debug|ARM.ActiveCfg = Debug|Any CPU
		{2138C47B-1D5A-4ADA-9F3D-393C5DC98C33}.WP8Debug|x64.ActiveCfg = Debug|Any CPU
		{2138C47B-1D5A-4ADA-9F3D-393C5DC98C33}.WP8Debug|x86.ActiveCfg = Debug|Any CPU
		{2138C47B-1D5A-4ADA-9F3D-393C5DC98C33}.WP8Release|Any CPU.ActiveCfg = WP8Release|Any CPU
		{2138C47B-1D5A-4ADA-9F3D-393C5DC98C33}.WP8Release|Any CPU.Build.0 = WP8Release|Any CPU
		{2138C47B-1D5A-4ADA-9F3D-393C5DC98C33}.WP8Release|ARM.ActiveCfg = WP8Release|Any CPU
		{2138C47B-1D5A-4ADA-9F3D-393C5DC98C33}.WP8Release|x64.ActiveCfg = WP8Release|Any CPU
		{2138C47B-1D5A-4ADA-9F3D-393C5DC98C33}.WP8Release|x86.ActiveCfg = WP8Release|Any CPU
	EndGlobalSection
	GlobalSection(SolutionProperties) = preSolution
		HideSolutionNode = FALSE
	EndGlobalSection
	GlobalSection(NestedProjects) = preSolution
		{B948170F-4BC3-4D84-B2F3-F369B3A82B5B} = {CF5C594B-B4EF-4ADF-AC46-479103880026}
		{F0723B5E-4509-4C6B-BCDF-F8B6B67D4F10} = {CF5C594B-B4EF-4ADF-AC46-479103880026}
		{8284F48F-965E-4E6D-BBD5-1CF5732D73BB} = {1C47F099-C7F4-4015-9ED0-76850D0E060A}
		{C3563843-AF29-4670-AD74-102EDCA45B38} = {1C47F099-C7F4-4015-9ED0-76850D0E060A}
		{2138C47B-1D5A-4ADA-9F3D-393C5DC98C33} = {D6B9E767-C57E-412B-B8F0-5D66ECDFF03F}
		{C7CE7794-EAFE-49E0-BA0A-BC2CB3F65B28} = {FE3BD1B9-F4DD-4BBF-9542-0AF44C216094}
	EndGlobalSection
EndGlobal
