
Microsoft Visual Studio Solution File, Format Version 12.00
# Visual Studio 14
VisualStudioVersion = 14.0.23107.0
MinimumVisualStudioVersion = 10.0.40219.1
Project("{2150E333-8FDC-42A3-9474-1A3956D46DE8}") = "Engine", "Engine", "{ED6CF77E-AEE0-4B3D-95D5-694D05DADE98}"
EndProject
Project("{FAE04EC0-301F-11D3-BF4B-00C04F79EFBC}") = "Odyssey.Windows8", "Source\Odyssey.Windows8\Odyssey.Windows8.csproj", "{C3563843-AF29-4670-AD74-102EDCA45B38}"
EndProject
Project("{FAE04EC0-301F-11D3-BF4B-00C04F79EFBC}") = "Odyssey.Interaction", "Source\Odyssey.Interaction\Odyssey.Interaction.csproj", "{7740A46F-0809-49D2-BD34-71F6D8B6D2CC}"
EndProject
Project("{FAE04EC0-301F-11D3-BF4B-00C04F79EFBC}") = "Odyssey.Windows", "Source\Odyssey.Windows\Odyssey.Windows.csproj", "{8284F48F-965E-4E6D-BBD5-1CF5732D73BB}"
EndProject
Project("{2150E333-8FDC-42A3-9474-1A3956D46DE8}") = "Platforms", "Platforms", "{D349ECC7-4A95-4976-9FF9-FE25E8C25AFD}"
EndProject
Project("{2150E333-8FDC-42A3-9474-1A3956D46DE8}") = "Tools", "Tools", "{6629CAC4-D3C9-4E68-BF83-6A3F49217C5B}"
EndProject
Project("{FAE04EC0-301F-11D3-BF4B-00C04F79EFBC}") = "Odyssey.Renderer", "Source\Odyssey.Renderer\Odyssey.Renderer.csproj", "{018FF216-7048-4B2F-A193-D2F8B20FB03D}"
EndProject
Project("{2150E333-8FDC-42A3-9474-1A3956D46DE8}") = "Build", "Build", "{565C9611-C980-4E06-AE7E-8150CDA4CD37}"
EndProject
Project("{2150E333-8FDC-42A3-9474-1A3956D46DE8}") = "Math", "Math", "{041F095D-DED1-43AB-B59A-F99B5D12F4E4}"
EndProject
Project("{FAE04EC0-301F-11D3-BF4B-00C04F79EFBC}") = "Odyssey.Geometry", "Source\Odyssey.Geometry\Odyssey.Geometry.csproj", "{FF735354-FF98-4B1E-9560-AC65D028FDF8}"
EndProject
Project("{FAE04EC0-301F-11D3-BF4B-00C04F79EFBC}") = "Odyssey.Common", "Source\Odyssey.Common\Odyssey.Common.csproj", "{26FD6C22-2141-4994-85CB-5A730C910AA2}"
EndProject
Project("{2150E333-8FDC-42A3-9474-1A3956D46DE8}") = "Build", "Build", "{622836D6-F062-42DF-97EC-5E331BCDA49F}"
	ProjectSection(SolutionItems) = preProject
		Odyssey.PostSettings.targets = Odyssey.PostSettings.targets
		Odyssey.proj = Odyssey.proj
	EndProjectSection
EndProject
Project("{FAE04EC0-301F-11D3-BF4B-00C04F79EFBC}") = "omodel", "Source\Tools\omodel\omodel.csproj", "{5A7A508E-DE0C-4C5F-A1DD-B5C2C2B7952C}"
EndProject
Project("{FAE04EC0-301F-11D3-BF4B-00C04F79EFBC}") = "Odyssey.Tools.Compiler", "Source\Tools\Odyssey.Tools.Compiler\Odyssey.Tools.Compiler.csproj", "{38EEFB93-65D6-46B3-973A-8628B4A0F7EB}"
EndProject
Project("{FAE04EC0-301F-11D3-BF4B-00C04F79EFBC}") = "Odyssey.Tools.CompilerTask", "Source\Tools\Odyssey.Tools.CompilerTask\Odyssey.Tools.CompilerTask.csproj", "{80465E35-0C97-4FC6-B719-38722FFB98E9}"
EndProject
Project("{FAE04EC0-301F-11D3-BF4B-00C04F79EFBC}") = "Odyssey.Windows.WPF", "Source\Odyssey.Windows.WPF\Odyssey.Windows.WPF.csproj", "{3BC0070F-F405-4A11-AD8A-03FE7508B3B0}"
EndProject
Project("{FAE04EC0-301F-11D3-BF4B-00C04F79EFBC}") = "Odyssey.Daedalus", "Source\Tools\Odyssey.Daedalus\Odyssey.Daedalus.csproj", "{AECE17C4-C423-45EE-93F8-A888C6BDA617}"
EndProject
Project("{FAE04EC0-301F-11D3-BF4B-00C04F79EFBC}") = "Odyssey.Renderer2D", "Source\Odyssey.Renderer2D\Odyssey.Renderer2D.csproj", "{8CC127C8-19F0-42DF-8454-129B3566EF54}"
EndProject
Project("{FAE04EC0-301F-11D3-BF4B-00C04F79EFBC}") = "Odyssey.Interaction.Windows", "Source\Odyssey.Interaction.Windows\Odyssey.Interaction.Windows.csproj", "{B29D8717-5F6B-4EE8-A395-9EDFC2880DFB}"
EndProject
Project("{2150E333-8FDC-42A3-9474-1A3956D46DE8}") = "Apps", "Apps", "{6775541C-374C-4251-9CDA-6B4C223FD3F0}"
EndProject
Project("{FAE04EC0-301F-11D3-BF4B-00C04F79EFBC}") = "Docking", "Apps\3DUI\Docking\Docking.csproj", "{881338E6-8524-4040-B919-C2D68E69A976}"
EndProject
Project("{FAE04EC0-301F-11D3-BF4B-00C04F79EFBC}") = "Odyssey.Epos", "Source\Odyssey.Epos\Odyssey.Epos.csproj", "{FDCB8D73-B33E-4EEA-9238-1F2427FCA05E}"
EndProject
Global
	GlobalSection(SolutionConfigurationPlatforms) = preSolution
		Debug|Any CPU = Debug|Any CPU
		Debug|ARM = Debug|ARM
		Debug|x64 = Debug|x64
		Debug|x86 = Debug|x86
		net45|Any CPU = net45|Any CPU
		net45|ARM = net45|ARM
		net45|x64 = net45|x64
		net45|x86 = net45|x86
		Release|Any CPU = Release|Any CPU
		Release|ARM = Release|ARM
		Release|x64 = Release|x64
		Release|x86 = Release|x86
		Win7Debug|Any CPU = Win7Debug|Any CPU
		Win7Debug|ARM = Win7Debug|ARM
		Win7Debug|x64 = Win7Debug|x64
		Win7Debug|x86 = Win7Debug|x86
		Win8CodeAnalysis|Any CPU = Win8CodeAnalysis|Any CPU
		Win8CodeAnalysis|ARM = Win8CodeAnalysis|ARM
		Win8CodeAnalysis|x64 = Win8CodeAnalysis|x64
		Win8CodeAnalysis|x86 = Win8CodeAnalysis|x86
		Win8Debug|Any CPU = Win8Debug|Any CPU
		Win8Debug|ARM = Win8Debug|ARM
		Win8Debug|x64 = Win8Debug|x64
		Win8Debug|x86 = Win8Debug|x86
		Win8Release|Any CPU = Win8Release|Any CPU
		Win8Release|ARM = Win8Release|ARM
		Win8Release|x64 = Win8Release|x64
		Win8Release|x86 = Win8Release|x86
		WP8Debug|Any CPU = WP8Debug|Any CPU
		WP8Debug|ARM = WP8Debug|ARM
		WP8Debug|x64 = WP8Debug|x64
		WP8Debug|x86 = WP8Debug|x86
		WP8Release|Any CPU = WP8Release|Any CPU
		WP8Release|ARM = WP8Release|ARM
		WP8Release|x64 = WP8Release|x64
		WP8Release|x86 = WP8Release|x86
	EndGlobalSection
	GlobalSection(ProjectConfigurationPlatforms) = postSolution
		{C3563843-AF29-4670-AD74-102EDCA45B38}.Debug|Any CPU.ActiveCfg = Win8Debug|Any CPU
		{C3563843-AF29-4670-AD74-102EDCA45B38}.Debug|Any CPU.Build.0 = Win8Debug|Any CPU
		{C3563843-AF29-4670-AD74-102EDCA45B38}.Debug|ARM.ActiveCfg = Win8Debug|Any CPU
		{C3563843-AF29-4670-AD74-102EDCA45B38}.Debug|x64.ActiveCfg = Win8Debug|Any CPU
		{C3563843-AF29-4670-AD74-102EDCA45B38}.Debug|x86.ActiveCfg = Win8Debug|Any CPU
		{C3563843-AF29-4670-AD74-102EDCA45B38}.net45|Any CPU.ActiveCfg = net45|Any CPU
		{C3563843-AF29-4670-AD74-102EDCA45B38}.net45|Any CPU.Build.0 = net45|Any CPU
		{C3563843-AF29-4670-AD74-102EDCA45B38}.net45|ARM.ActiveCfg = net45|Any CPU
		{C3563843-AF29-4670-AD74-102EDCA45B38}.net45|x64.ActiveCfg = net45|Any CPU
		{C3563843-AF29-4670-AD74-102EDCA45B38}.net45|x86.ActiveCfg = net45|Any CPU
		{C3563843-AF29-4670-AD74-102EDCA45B38}.Release|Any CPU.ActiveCfg = Win8CodeAnalysis|Any CPU
		{C3563843-AF29-4670-AD74-102EDCA45B38}.Release|Any CPU.Build.0 = Win8CodeAnalysis|Any CPU
		{C3563843-AF29-4670-AD74-102EDCA45B38}.Release|ARM.ActiveCfg = Win8CodeAnalysis|Any CPU
		{C3563843-AF29-4670-AD74-102EDCA45B38}.Release|x64.ActiveCfg = Win8CodeAnalysis|Any CPU
		{C3563843-AF29-4670-AD74-102EDCA45B38}.Release|x86.ActiveCfg = Win8CodeAnalysis|Any CPU
		{C3563843-AF29-4670-AD74-102EDCA45B38}.Win7Debug|Any CPU.ActiveCfg = Debug|Any CPU
		{C3563843-AF29-4670-AD74-102EDCA45B38}.Win7Debug|Any CPU.Build.0 = Debug|Any CPU
		{C3563843-AF29-4670-AD74-102EDCA45B38}.Win7Debug|ARM.ActiveCfg = Debug|Any CPU
		{C3563843-AF29-4670-AD74-102EDCA45B38}.Win7Debug|x64.ActiveCfg = Debug|Any CPU
		{C3563843-AF29-4670-AD74-102EDCA45B38}.Win7Debug|x86.ActiveCfg = Debug|Any CPU
		{C3563843-AF29-4670-AD74-102EDCA45B38}.Win8CodeAnalysis|Any CPU.ActiveCfg = Win8CodeAnalysis|Any CPU
		{C3563843-AF29-4670-AD74-102EDCA45B38}.Win8CodeAnalysis|Any CPU.Build.0 = Win8CodeAnalysis|Any CPU
		{C3563843-AF29-4670-AD74-102EDCA45B38}.Win8CodeAnalysis|ARM.ActiveCfg = Win8CodeAnalysis|Any CPU
		{C3563843-AF29-4670-AD74-102EDCA45B38}.Win8CodeAnalysis|x64.ActiveCfg = Win8CodeAnalysis|Any CPU
		{C3563843-AF29-4670-AD74-102EDCA45B38}.Win8CodeAnalysis|x86.ActiveCfg = Win8CodeAnalysis|Any CPU
		{C3563843-AF29-4670-AD74-102EDCA45B38}.Win8Debug|Any CPU.ActiveCfg = Win8Debug|Any CPU
		{C3563843-AF29-4670-AD74-102EDCA45B38}.Win8Debug|ARM.ActiveCfg = Win8Debug|Any CPU
		{C3563843-AF29-4670-AD74-102EDCA45B38}.Win8Debug|x64.ActiveCfg = Win8Debug|Any CPU
		{C3563843-AF29-4670-AD74-102EDCA45B38}.Win8Debug|x86.ActiveCfg = Win8Debug|Any CPU
		{C3563843-AF29-4670-AD74-102EDCA45B38}.Win8Release|Any CPU.ActiveCfg = Win8CodeAnalysis|Any CPU
		{C3563843-AF29-4670-AD74-102EDCA45B38}.Win8Release|Any CPU.Build.0 = Win8CodeAnalysis|Any CPU
		{C3563843-AF29-4670-AD74-102EDCA45B38}.Win8Release|ARM.ActiveCfg = Win8CodeAnalysis|Any CPU
		{C3563843-AF29-4670-AD74-102EDCA45B38}.Win8Release|x64.ActiveCfg = Win8CodeAnalysis|Any CPU
		{C3563843-AF29-4670-AD74-102EDCA45B38}.Win8Release|x86.ActiveCfg = Win8CodeAnalysis|Any CPU
		{C3563843-AF29-4670-AD74-102EDCA45B38}.WP8Debug|Any CPU.ActiveCfg = Win8Debug|Any CPU
		{C3563843-AF29-4670-AD74-102EDCA45B38}.WP8Debug|Any CPU.Build.0 = Win8Debug|Any CPU
		{C3563843-AF29-4670-AD74-102EDCA45B38}.WP8Debug|ARM.ActiveCfg = Win8Debug|Any CPU
		{C3563843-AF29-4670-AD74-102EDCA45B38}.WP8Debug|x64.ActiveCfg = Win8Debug|Any CPU
		{C3563843-AF29-4670-AD74-102EDCA45B38}.WP8Debug|x86.ActiveCfg = Win8Debug|Any CPU
		{C3563843-AF29-4670-AD74-102EDCA45B38}.WP8Release|Any CPU.ActiveCfg = Win8CodeAnalysis|Any CPU
		{C3563843-AF29-4670-AD74-102EDCA45B38}.WP8Release|Any CPU.Build.0 = Win8CodeAnalysis|Any CPU
		{C3563843-AF29-4670-AD74-102EDCA45B38}.WP8Release|ARM.ActiveCfg = Win8CodeAnalysis|Any CPU
		{C3563843-AF29-4670-AD74-102EDCA45B38}.WP8Release|x64.ActiveCfg = Win8CodeAnalysis|Any CPU
		{C3563843-AF29-4670-AD74-102EDCA45B38}.WP8Release|x86.ActiveCfg = Win8CodeAnalysis|Any CPU
		{7740A46F-0809-49D2-BD34-71F6D8B6D2CC}.Debug|Any CPU.ActiveCfg = Win8Debug|Any CPU
		{7740A46F-0809-49D2-BD34-71F6D8B6D2CC}.Debug|Any CPU.Build.0 = Win8Debug|Any CPU
		{7740A46F-0809-49D2-BD34-71F6D8B6D2CC}.Debug|ARM.ActiveCfg = Win8Debug|Any CPU
		{7740A46F-0809-49D2-BD34-71F6D8B6D2CC}.Debug|x64.ActiveCfg = Win8Debug|Any CPU
		{7740A46F-0809-49D2-BD34-71F6D8B6D2CC}.Debug|x86.ActiveCfg = Win8Debug|Any CPU
		{7740A46F-0809-49D2-BD34-71F6D8B6D2CC}.net45|Any CPU.ActiveCfg = net45|Any CPU
		{7740A46F-0809-49D2-BD34-71F6D8B6D2CC}.net45|Any CPU.Build.0 = net45|Any CPU
		{7740A46F-0809-49D2-BD34-71F6D8B6D2CC}.net45|ARM.ActiveCfg = net45|Any CPU
		{7740A46F-0809-49D2-BD34-71F6D8B6D2CC}.net45|x64.ActiveCfg = net45|Any CPU
		{7740A46F-0809-49D2-BD34-71F6D8B6D2CC}.net45|x86.ActiveCfg = net45|Any CPU
		{7740A46F-0809-49D2-BD34-71F6D8B6D2CC}.Release|Any CPU.ActiveCfg = Win8CodeAnalysis|Any CPU
		{7740A46F-0809-49D2-BD34-71F6D8B6D2CC}.Release|Any CPU.Build.0 = Win8CodeAnalysis|Any CPU
		{7740A46F-0809-49D2-BD34-71F6D8B6D2CC}.Release|ARM.ActiveCfg = Win8CodeAnalysis|Any CPU
		{7740A46F-0809-49D2-BD34-71F6D8B6D2CC}.Release|x64.ActiveCfg = Win8CodeAnalysis|Any CPU
		{7740A46F-0809-49D2-BD34-71F6D8B6D2CC}.Release|x86.ActiveCfg = Win8CodeAnalysis|Any CPU
		{7740A46F-0809-49D2-BD34-71F6D8B6D2CC}.Win7Debug|Any CPU.ActiveCfg = Win7Debug|Any CPU
		{7740A46F-0809-49D2-BD34-71F6D8B6D2CC}.Win7Debug|Any CPU.Build.0 = Win7Debug|Any CPU
		{7740A46F-0809-49D2-BD34-71F6D8B6D2CC}.Win7Debug|ARM.ActiveCfg = Win7Debug|Any CPU
		{7740A46F-0809-49D2-BD34-71F6D8B6D2CC}.Win7Debug|x64.ActiveCfg = Win7Debug|Any CPU
		{7740A46F-0809-49D2-BD34-71F6D8B6D2CC}.Win7Debug|x86.ActiveCfg = Win7Debug|Any CPU
		{7740A46F-0809-49D2-BD34-71F6D8B6D2CC}.Win8CodeAnalysis|Any CPU.ActiveCfg = Win8CodeAnalysis|Any CPU
		{7740A46F-0809-49D2-BD34-71F6D8B6D2CC}.Win8CodeAnalysis|Any CPU.Build.0 = Win8CodeAnalysis|Any CPU
		{7740A46F-0809-49D2-BD34-71F6D8B6D2CC}.Win8CodeAnalysis|ARM.ActiveCfg = Win8CodeAnalysis|Any CPU
		{7740A46F-0809-49D2-BD34-71F6D8B6D2CC}.Win8CodeAnalysis|x64.ActiveCfg = Win8CodeAnalysis|Any CPU
		{7740A46F-0809-49D2-BD34-71F6D8B6D2CC}.Win8CodeAnalysis|x86.ActiveCfg = Win8CodeAnalysis|Any CPU
		{7740A46F-0809-49D2-BD34-71F6D8B6D2CC}.Win8Debug|Any CPU.ActiveCfg = Win8Debug|Any CPU
		{7740A46F-0809-49D2-BD34-71F6D8B6D2CC}.Win8Debug|Any CPU.Build.0 = Win8Debug|Any CPU
		{7740A46F-0809-49D2-BD34-71F6D8B6D2CC}.Win8Debug|ARM.ActiveCfg = Win8Debug|Any CPU
		{7740A46F-0809-49D2-BD34-71F6D8B6D2CC}.Win8Debug|x64.ActiveCfg = Win8Debug|Any CPU
		{7740A46F-0809-49D2-BD34-71F6D8B6D2CC}.Win8Debug|x86.ActiveCfg = Win8Debug|Any CPU
		{7740A46F-0809-49D2-BD34-71F6D8B6D2CC}.Win8Release|Any CPU.ActiveCfg = Win8CodeAnalysis|Any CPU
		{7740A46F-0809-49D2-BD34-71F6D8B6D2CC}.Win8Release|Any CPU.Build.0 = Win8CodeAnalysis|Any CPU
		{7740A46F-0809-49D2-BD34-71F6D8B6D2CC}.Win8Release|ARM.ActiveCfg = Win8CodeAnalysis|Any CPU
		{7740A46F-0809-49D2-BD34-71F6D8B6D2CC}.Win8Release|x64.ActiveCfg = Win8CodeAnalysis|Any CPU
		{7740A46F-0809-49D2-BD34-71F6D8B6D2CC}.Win8Release|x86.ActiveCfg = Win8CodeAnalysis|Any CPU
		{7740A46F-0809-49D2-BD34-71F6D8B6D2CC}.WP8Debug|Any CPU.ActiveCfg = Win8Debug|Any CPU
		{7740A46F-0809-49D2-BD34-71F6D8B6D2CC}.WP8Debug|Any CPU.Build.0 = Win8Debug|Any CPU
		{7740A46F-0809-49D2-BD34-71F6D8B6D2CC}.WP8Debug|ARM.ActiveCfg = Win8Debug|Any CPU
		{7740A46F-0809-49D2-BD34-71F6D8B6D2CC}.WP8Debug|x64.ActiveCfg = Win8Debug|Any CPU
		{7740A46F-0809-49D2-BD34-71F6D8B6D2CC}.WP8Debug|x86.ActiveCfg = Win8Debug|Any CPU
		{7740A46F-0809-49D2-BD34-71F6D8B6D2CC}.WP8Release|Any CPU.ActiveCfg = Win8CodeAnalysis|Any CPU
		{7740A46F-0809-49D2-BD34-71F6D8B6D2CC}.WP8Release|Any CPU.Build.0 = Win8CodeAnalysis|Any CPU
		{7740A46F-0809-49D2-BD34-71F6D8B6D2CC}.WP8Release|ARM.ActiveCfg = Win8CodeAnalysis|Any CPU
		{7740A46F-0809-49D2-BD34-71F6D8B6D2CC}.WP8Release|x64.ActiveCfg = Win8CodeAnalysis|Any CPU
		{7740A46F-0809-49D2-BD34-71F6D8B6D2CC}.WP8Release|x86.ActiveCfg = Win8CodeAnalysis|Any CPU
		{8284F48F-965E-4E6D-BBD5-1CF5732D73BB}.Debug|Any CPU.ActiveCfg = Win8Debug|Any CPU
		{8284F48F-965E-4E6D-BBD5-1CF5732D73BB}.Debug|Any CPU.Build.0 = Win8Debug|Any CPU
		{8284F48F-965E-4E6D-BBD5-1CF5732D73BB}.Debug|ARM.ActiveCfg = Win8Debug|Any CPU
		{8284F48F-965E-4E6D-BBD5-1CF5732D73BB}.Debug|x64.ActiveCfg = Win8Debug|Any CPU
		{8284F48F-965E-4E6D-BBD5-1CF5732D73BB}.Debug|x86.ActiveCfg = Win8Debug|Any CPU
		{8284F48F-965E-4E6D-BBD5-1CF5732D73BB}.net45|Any CPU.ActiveCfg = net45|Any CPU
		{8284F48F-965E-4E6D-BBD5-1CF5732D73BB}.net45|Any CPU.Build.0 = net45|Any CPU
		{8284F48F-965E-4E6D-BBD5-1CF5732D73BB}.net45|ARM.ActiveCfg = net45|Any CPU
		{8284F48F-965E-4E6D-BBD5-1CF5732D73BB}.net45|x64.ActiveCfg = net45|Any CPU
		{8284F48F-965E-4E6D-BBD5-1CF5732D73BB}.net45|x86.ActiveCfg = net45|Any CPU
		{8284F48F-965E-4E6D-BBD5-1CF5732D73BB}.Release|Any CPU.ActiveCfg = Win8Debug|Any CPU
		{8284F48F-965E-4E6D-BBD5-1CF5732D73BB}.Release|Any CPU.Build.0 = Win8Debug|Any CPU
		{8284F48F-965E-4E6D-BBD5-1CF5732D73BB}.Release|ARM.ActiveCfg = Win8Debug|Any CPU
		{8284F48F-965E-4E6D-BBD5-1CF5732D73BB}.Release|x64.ActiveCfg = Win8Debug|Any CPU
		{8284F48F-965E-4E6D-BBD5-1CF5732D73BB}.Release|x86.ActiveCfg = Win8Debug|Any CPU
		{8284F48F-965E-4E6D-BBD5-1CF5732D73BB}.Win7Debug|Any CPU.ActiveCfg = Debug|Any CPU
		{8284F48F-965E-4E6D-BBD5-1CF5732D73BB}.Win7Debug|Any CPU.Build.0 = Debug|Any CPU
		{8284F48F-965E-4E6D-BBD5-1CF5732D73BB}.Win7Debug|ARM.ActiveCfg = Debug|Any CPU
		{8284F48F-965E-4E6D-BBD5-1CF5732D73BB}.Win7Debug|x64.ActiveCfg = Debug|Any CPU
		{8284F48F-965E-4E6D-BBD5-1CF5732D73BB}.Win7Debug|x86.ActiveCfg = Debug|Any CPU
		{8284F48F-965E-4E6D-BBD5-1CF5732D73BB}.Win8CodeAnalysis|Any CPU.ActiveCfg = Win8CodeAnalysis|Any CPU
		{8284F48F-965E-4E6D-BBD5-1CF5732D73BB}.Win8CodeAnalysis|Any CPU.Build.0 = Win8CodeAnalysis|Any CPU
		{8284F48F-965E-4E6D-BBD5-1CF5732D73BB}.Win8CodeAnalysis|ARM.ActiveCfg = Win8CodeAnalysis|Any CPU
		{8284F48F-965E-4E6D-BBD5-1CF5732D73BB}.Win8CodeAnalysis|x64.ActiveCfg = Win8CodeAnalysis|Any CPU
		{8284F48F-965E-4E6D-BBD5-1CF5732D73BB}.Win8CodeAnalysis|x86.ActiveCfg = Win8CodeAnalysis|Any CPU
		{8284F48F-965E-4E6D-BBD5-1CF5732D73BB}.Win8Debug|Any CPU.ActiveCfg = net45|Any CPU
		{8284F48F-965E-4E6D-BBD5-1CF5732D73BB}.Win8Debug|Any CPU.Build.0 = net45|Any CPU
		{8284F48F-965E-4E6D-BBD5-1CF5732D73BB}.Win8Debug|ARM.ActiveCfg = Win8Debug|Any CPU
		{8284F48F-965E-4E6D-BBD5-1CF5732D73BB}.Win8Debug|x64.ActiveCfg = Win8Debug|Any CPU
		{8284F48F-965E-4E6D-BBD5-1CF5732D73BB}.Win8Debug|x86.ActiveCfg = Win8Debug|Any CPU
		{8284F48F-965E-4E6D-BBD5-1CF5732D73BB}.Win8Release|Any CPU.ActiveCfg = Win8Debug|Any CPU
		{8284F48F-965E-4E6D-BBD5-1CF5732D73BB}.Win8Release|Any CPU.Build.0 = Win8Debug|Any CPU
		{8284F48F-965E-4E6D-BBD5-1CF5732D73BB}.Win8Release|ARM.ActiveCfg = Win8Debug|Any CPU
		{8284F48F-965E-4E6D-BBD5-1CF5732D73BB}.Win8Release|x64.ActiveCfg = Win8Debug|Any CPU
		{8284F48F-965E-4E6D-BBD5-1CF5732D73BB}.Win8Release|x86.ActiveCfg = Win8Debug|Any CPU
		{8284F48F-965E-4E6D-BBD5-1CF5732D73BB}.WP8Debug|Any CPU.ActiveCfg = Win8Debug|Any CPU
		{8284F48F-965E-4E6D-BBD5-1CF5732D73BB}.WP8Debug|Any CPU.Build.0 = Win8Debug|Any CPU
		{8284F48F-965E-4E6D-BBD5-1CF5732D73BB}.WP8Debug|ARM.ActiveCfg = Win8Debug|Any CPU
		{8284F48F-965E-4E6D-BBD5-1CF5732D73BB}.WP8Debug|x64.ActiveCfg = Win8Debug|Any CPU
		{8284F48F-965E-4E6D-BBD5-1CF5732D73BB}.WP8Debug|x86.ActiveCfg = Win8Debug|Any CPU
		{8284F48F-965E-4E6D-BBD5-1CF5732D73BB}.WP8Release|Any CPU.ActiveCfg = Win8Debug|Any CPU
		{8284F48F-965E-4E6D-BBD5-1CF5732D73BB}.WP8Release|Any CPU.Build.0 = Win8Debug|Any CPU
		{8284F48F-965E-4E6D-BBD5-1CF5732D73BB}.WP8Release|ARM.ActiveCfg = Win8Debug|Any CPU
		{8284F48F-965E-4E6D-BBD5-1CF5732D73BB}.WP8Release|x64.ActiveCfg = Win8Debug|Any CPU
		{8284F48F-965E-4E6D-BBD5-1CF5732D73BB}.WP8Release|x86.ActiveCfg = Win8Debug|Any CPU
		{018FF216-7048-4B2F-A193-D2F8B20FB03D}.Debug|Any CPU.ActiveCfg = Win8Debug|Any CPU
		{018FF216-7048-4B2F-A193-D2F8B20FB03D}.Debug|Any CPU.Build.0 = Win8Debug|Any CPU
		{018FF216-7048-4B2F-A193-D2F8B20FB03D}.Debug|ARM.ActiveCfg = Win8Debug|Any CPU
		{018FF216-7048-4B2F-A193-D2F8B20FB03D}.Debug|x64.ActiveCfg = Win8Debug|Any CPU
		{018FF216-7048-4B2F-A193-D2F8B20FB03D}.Debug|x86.ActiveCfg = Win8Debug|Any CPU
		{018FF216-7048-4B2F-A193-D2F8B20FB03D}.net45|Any CPU.ActiveCfg = net45|Any CPU
		{018FF216-7048-4B2F-A193-D2F8B20FB03D}.net45|Any CPU.Build.0 = net45|Any CPU
		{018FF216-7048-4B2F-A193-D2F8B20FB03D}.net45|ARM.ActiveCfg = net45|Any CPU
		{018FF216-7048-4B2F-A193-D2F8B20FB03D}.net45|x64.ActiveCfg = net45|Any CPU
		{018FF216-7048-4B2F-A193-D2F8B20FB03D}.net45|x86.ActiveCfg = net45|Any CPU
		{018FF216-7048-4B2F-A193-D2F8B20FB03D}.Release|Any CPU.ActiveCfg = Win8CodeAnalysis|Any CPU
		{018FF216-7048-4B2F-A193-D2F8B20FB03D}.Release|Any CPU.Build.0 = Win8CodeAnalysis|Any CPU
		{018FF216-7048-4B2F-A193-D2F8B20FB03D}.Release|ARM.ActiveCfg = Win8CodeAnalysis|Any CPU
		{018FF216-7048-4B2F-A193-D2F8B20FB03D}.Release|x64.ActiveCfg = Win8CodeAnalysis|Any CPU
		{018FF216-7048-4B2F-A193-D2F8B20FB03D}.Release|x86.ActiveCfg = Win8CodeAnalysis|Any CPU
		{018FF216-7048-4B2F-A193-D2F8B20FB03D}.Win7Debug|Any CPU.ActiveCfg = Debug|Any CPU
		{018FF216-7048-4B2F-A193-D2F8B20FB03D}.Win7Debug|Any CPU.Build.0 = Debug|Any CPU
		{018FF216-7048-4B2F-A193-D2F8B20FB03D}.Win7Debug|ARM.ActiveCfg = Debug|Any CPU
		{018FF216-7048-4B2F-A193-D2F8B20FB03D}.Win7Debug|x64.ActiveCfg = Debug|Any CPU
		{018FF216-7048-4B2F-A193-D2F8B20FB03D}.Win7Debug|x86.ActiveCfg = Debug|Any CPU
		{018FF216-7048-4B2F-A193-D2F8B20FB03D}.Win8CodeAnalysis|Any CPU.ActiveCfg = Win8CodeAnalysis|Any CPU
		{018FF216-7048-4B2F-A193-D2F8B20FB03D}.Win8CodeAnalysis|Any CPU.Build.0 = Win8CodeAnalysis|Any CPU
		{018FF216-7048-4B2F-A193-D2F8B20FB03D}.Win8CodeAnalysis|ARM.ActiveCfg = Win8CodeAnalysis|Any CPU
		{018FF216-7048-4B2F-A193-D2F8B20FB03D}.Win8CodeAnalysis|x64.ActiveCfg = Win8CodeAnalysis|Any CPU
		{018FF216-7048-4B2F-A193-D2F8B20FB03D}.Win8CodeAnalysis|x86.ActiveCfg = Win8CodeAnalysis|Any CPU
		{018FF216-7048-4B2F-A193-D2F8B20FB03D}.Win8Debug|Any CPU.ActiveCfg = Win8Debug|Any CPU
		{018FF216-7048-4B2F-A193-D2F8B20FB03D}.Win8Debug|Any CPU.Build.0 = Win8Debug|Any CPU
		{018FF216-7048-4B2F-A193-D2F8B20FB03D}.Win8Debug|ARM.ActiveCfg = Win8Debug|Any CPU
		{018FF216-7048-4B2F-A193-D2F8B20FB03D}.Win8Debug|x64.ActiveCfg = Win8Debug|Any CPU
		{018FF216-7048-4B2F-A193-D2F8B20FB03D}.Win8Debug|x86.ActiveCfg = Win8Debug|Any CPU
		{018FF216-7048-4B2F-A193-D2F8B20FB03D}.Win8Release|Any CPU.ActiveCfg = Win8CodeAnalysis|Any CPU
		{018FF216-7048-4B2F-A193-D2F8B20FB03D}.Win8Release|Any CPU.Build.0 = Win8CodeAnalysis|Any CPU
		{018FF216-7048-4B2F-A193-D2F8B20FB03D}.Win8Release|ARM.ActiveCfg = Win8CodeAnalysis|Any CPU
		{018FF216-7048-4B2F-A193-D2F8B20FB03D}.Win8Release|x64.ActiveCfg = Win8CodeAnalysis|Any CPU
		{018FF216-7048-4B2F-A193-D2F8B20FB03D}.Win8Release|x86.ActiveCfg = Win8CodeAnalysis|Any CPU
		{018FF216-7048-4B2F-A193-D2F8B20FB03D}.WP8Debug|Any CPU.ActiveCfg = Win8Debug|Any CPU
		{018FF216-7048-4B2F-A193-D2F8B20FB03D}.WP8Debug|Any CPU.Build.0 = Win8Debug|Any CPU
		{018FF216-7048-4B2F-A193-D2F8B20FB03D}.WP8Debug|ARM.ActiveCfg = Win8Debug|Any CPU
		{018FF216-7048-4B2F-A193-D2F8B20FB03D}.WP8Debug|x64.ActiveCfg = Win8Debug|Any CPU
		{018FF216-7048-4B2F-A193-D2F8B20FB03D}.WP8Debug|x86.ActiveCfg = Win8Debug|Any CPU
		{018FF216-7048-4B2F-A193-D2F8B20FB03D}.WP8Release|Any CPU.ActiveCfg = Win8CodeAnalysis|Any CPU
		{018FF216-7048-4B2F-A193-D2F8B20FB03D}.WP8Release|Any CPU.Build.0 = Win8CodeAnalysis|Any CPU
		{018FF216-7048-4B2F-A193-D2F8B20FB03D}.WP8Release|ARM.ActiveCfg = Win8CodeAnalysis|Any CPU
		{018FF216-7048-4B2F-A193-D2F8B20FB03D}.WP8Release|x64.ActiveCfg = Win8CodeAnalysis|Any CPU
		{018FF216-7048-4B2F-A193-D2F8B20FB03D}.WP8Release|x86.ActiveCfg = Win8CodeAnalysis|Any CPU
		{FF735354-FF98-4B1E-9560-AC65D028FDF8}.Debug|Any CPU.ActiveCfg = Win8Debug|Any CPU
		{FF735354-FF98-4B1E-9560-AC65D028FDF8}.Debug|Any CPU.Build.0 = Win8Debug|Any CPU
		{FF735354-FF98-4B1E-9560-AC65D028FDF8}.Debug|ARM.ActiveCfg = Debug|Any CPU
		{FF735354-FF98-4B1E-9560-AC65D028FDF8}.Debug|x64.ActiveCfg = Debug|Any CPU
		{FF735354-FF98-4B1E-9560-AC65D028FDF8}.Debug|x86.ActiveCfg = Debug|Any CPU
		{FF735354-FF98-4B1E-9560-AC65D028FDF8}.net45|Any CPU.ActiveCfg = net45|Any CPU
		{FF735354-FF98-4B1E-9560-AC65D028FDF8}.net45|Any CPU.Build.0 = net45|Any CPU
		{FF735354-FF98-4B1E-9560-AC65D028FDF8}.net45|ARM.ActiveCfg = net45|Any CPU
		{FF735354-FF98-4B1E-9560-AC65D028FDF8}.net45|x64.ActiveCfg = net45|Any CPU
		{FF735354-FF98-4B1E-9560-AC65D028FDF8}.net45|x86.ActiveCfg = net45|Any CPU
		{FF735354-FF98-4B1E-9560-AC65D028FDF8}.Release|Any CPU.ActiveCfg = Win8CodeAnalysis|Any CPU
		{FF735354-FF98-4B1E-9560-AC65D028FDF8}.Release|Any CPU.Build.0 = Win8CodeAnalysis|Any CPU
		{FF735354-FF98-4B1E-9560-AC65D028FDF8}.Release|ARM.ActiveCfg = Win8CodeAnalysis|Any CPU
		{FF735354-FF98-4B1E-9560-AC65D028FDF8}.Release|x64.ActiveCfg = Win8CodeAnalysis|Any CPU
		{FF735354-FF98-4B1E-9560-AC65D028FDF8}.Release|x86.ActiveCfg = Win8CodeAnalysis|Any CPU
		{FF735354-FF98-4B1E-9560-AC65D028FDF8}.Win7Debug|Any CPU.ActiveCfg = Debug|Any CPU
		{FF735354-FF98-4B1E-9560-AC65D028FDF8}.Win7Debug|Any CPU.Build.0 = Debug|Any CPU
		{FF735354-FF98-4B1E-9560-AC65D028FDF8}.Win7Debug|ARM.ActiveCfg = Debug|Any CPU
		{FF735354-FF98-4B1E-9560-AC65D028FDF8}.Win7Debug|x64.ActiveCfg = Debug|Any CPU
		{FF735354-FF98-4B1E-9560-AC65D028FDF8}.Win7Debug|x86.ActiveCfg = Debug|Any CPU
		{FF735354-FF98-4B1E-9560-AC65D028FDF8}.Win8CodeAnalysis|Any CPU.ActiveCfg = Win8CodeAnalysis|Any CPU
		{FF735354-FF98-4B1E-9560-AC65D028FDF8}.Win8CodeAnalysis|Any CPU.Build.0 = Win8CodeAnalysis|Any CPU
		{FF735354-FF98-4B1E-9560-AC65D028FDF8}.Win8CodeAnalysis|ARM.ActiveCfg = Win8CodeAnalysis|Any CPU
		{FF735354-FF98-4B1E-9560-AC65D028FDF8}.Win8CodeAnalysis|x64.ActiveCfg = Win8CodeAnalysis|Any CPU
		{FF735354-FF98-4B1E-9560-AC65D028FDF8}.Win8CodeAnalysis|x86.ActiveCfg = Win8CodeAnalysis|Any CPU
		{FF735354-FF98-4B1E-9560-AC65D028FDF8}.Win8Debug|Any CPU.ActiveCfg = Win8Debug|Any CPU
		{FF735354-FF98-4B1E-9560-AC65D028FDF8}.Win8Debug|Any CPU.Build.0 = Win8Debug|Any CPU
		{FF735354-FF98-4B1E-9560-AC65D028FDF8}.Win8Debug|ARM.ActiveCfg = Debug|Any CPU
		{FF735354-FF98-4B1E-9560-AC65D028FDF8}.Win8Debug|x64.ActiveCfg = Debug|Any CPU
		{FF735354-FF98-4B1E-9560-AC65D028FDF8}.Win8Debug|x86.ActiveCfg = Debug|Any CPU
		{FF735354-FF98-4B1E-9560-AC65D028FDF8}.Win8Release|Any CPU.ActiveCfg = Win8CodeAnalysis|Any CPU
		{FF735354-FF98-4B1E-9560-AC65D028FDF8}.Win8Release|Any CPU.Build.0 = Win8CodeAnalysis|Any CPU
		{FF735354-FF98-4B1E-9560-AC65D028FDF8}.Win8Release|ARM.ActiveCfg = Win8CodeAnalysis|Any CPU
		{FF735354-FF98-4B1E-9560-AC65D028FDF8}.Win8Release|x64.ActiveCfg = Win8CodeAnalysis|Any CPU
		{FF735354-FF98-4B1E-9560-AC65D028FDF8}.Win8Release|x86.ActiveCfg = Win8CodeAnalysis|Any CPU
		{FF735354-FF98-4B1E-9560-AC65D028FDF8}.WP8Debug|Any CPU.ActiveCfg = Debug|Any CPU
		{FF735354-FF98-4B1E-9560-AC65D028FDF8}.WP8Debug|Any CPU.Build.0 = Debug|Any CPU
		{FF735354-FF98-4B1E-9560-AC65D028FDF8}.WP8Debug|ARM.ActiveCfg = Debug|Any CPU
		{FF735354-FF98-4B1E-9560-AC65D028FDF8}.WP8Debug|x64.ActiveCfg = Debug|Any CPU
		{FF735354-FF98-4B1E-9560-AC65D028FDF8}.WP8Debug|x86.ActiveCfg = Debug|Any CPU
		{FF735354-FF98-4B1E-9560-AC65D028FDF8}.WP8Release|Any CPU.ActiveCfg = Win8CodeAnalysis|Any CPU
		{FF735354-FF98-4B1E-9560-AC65D028FDF8}.WP8Release|Any CPU.Build.0 = Win8CodeAnalysis|Any CPU
		{FF735354-FF98-4B1E-9560-AC65D028FDF8}.WP8Release|ARM.ActiveCfg = Win8CodeAnalysis|Any CPU
		{FF735354-FF98-4B1E-9560-AC65D028FDF8}.WP8Release|x64.ActiveCfg = Win8CodeAnalysis|Any CPU
		{FF735354-FF98-4B1E-9560-AC65D028FDF8}.WP8Release|x86.ActiveCfg = Win8CodeAnalysis|Any CPU
		{26FD6C22-2141-4994-85CB-5A730C910AA2}.Debug|Any CPU.ActiveCfg = Win8Debug|Any CPU
		{26FD6C22-2141-4994-85CB-5A730C910AA2}.Debug|Any CPU.Build.0 = Win8Debug|Any CPU
		{26FD6C22-2141-4994-85CB-5A730C910AA2}.Debug|ARM.ActiveCfg = Debug|Any CPU
		{26FD6C22-2141-4994-85CB-5A730C910AA2}.Debug|x64.ActiveCfg = Debug|Any CPU
		{26FD6C22-2141-4994-85CB-5A730C910AA2}.Debug|x86.ActiveCfg = Debug|Any CPU
		{26FD6C22-2141-4994-85CB-5A730C910AA2}.net45|Any CPU.ActiveCfg = net45|Any CPU
		{26FD6C22-2141-4994-85CB-5A730C910AA2}.net45|Any CPU.Build.0 = net45|Any CPU
		{26FD6C22-2141-4994-85CB-5A730C910AA2}.net45|ARM.ActiveCfg = net45|Any CPU
		{26FD6C22-2141-4994-85CB-5A730C910AA2}.net45|x64.ActiveCfg = net45|Any CPU
		{26FD6C22-2141-4994-85CB-5A730C910AA2}.net45|x86.ActiveCfg = net45|Any CPU
		{26FD6C22-2141-4994-85CB-5A730C910AA2}.Release|Any CPU.ActiveCfg = Debug|Any CPU
		{26FD6C22-2141-4994-85CB-5A730C910AA2}.Release|Any CPU.Build.0 = Debug|Any CPU
		{26FD6C22-2141-4994-85CB-5A730C910AA2}.Release|ARM.ActiveCfg = Debug|Any CPU
		{26FD6C22-2141-4994-85CB-5A730C910AA2}.Release|x64.ActiveCfg = Debug|Any CPU
		{26FD6C22-2141-4994-85CB-5A730C910AA2}.Release|x86.ActiveCfg = Debug|Any CPU
		{26FD6C22-2141-4994-85CB-5A730C910AA2}.Win7Debug|Any CPU.ActiveCfg = Debug|Any CPU
		{26FD6C22-2141-4994-85CB-5A730C910AA2}.Win7Debug|Any CPU.Build.0 = Debug|Any CPU
		{26FD6C22-2141-4994-85CB-5A730C910AA2}.Win7Debug|ARM.ActiveCfg = Debug|Any CPU
		{26FD6C22-2141-4994-85CB-5A730C910AA2}.Win7Debug|x64.ActiveCfg = Debug|Any CPU
		{26FD6C22-2141-4994-85CB-5A730C910AA2}.Win7Debug|x86.ActiveCfg = Debug|Any CPU
		{26FD6C22-2141-4994-85CB-5A730C910AA2}.Win8CodeAnalysis|Any CPU.ActiveCfg = Win8CodeAnalysis|Any CPU
		{26FD6C22-2141-4994-85CB-5A730C910AA2}.Win8CodeAnalysis|Any CPU.Build.0 = Win8CodeAnalysis|Any CPU
		{26FD6C22-2141-4994-85CB-5A730C910AA2}.Win8CodeAnalysis|ARM.ActiveCfg = Win8CodeAnalysis|Any CPU
		{26FD6C22-2141-4994-85CB-5A730C910AA2}.Win8CodeAnalysis|x64.ActiveCfg = Win8CodeAnalysis|Any CPU
		{26FD6C22-2141-4994-85CB-5A730C910AA2}.Win8CodeAnalysis|x86.ActiveCfg = Win8CodeAnalysis|Any CPU
		{26FD6C22-2141-4994-85CB-5A730C910AA2}.Win8Debug|Any CPU.ActiveCfg = Win8Debug|Any CPU
		{26FD6C22-2141-4994-85CB-5A730C910AA2}.Win8Debug|Any CPU.Build.0 = Win8Debug|Any CPU
		{26FD6C22-2141-4994-85CB-5A730C910AA2}.Win8Debug|ARM.ActiveCfg = Win8Debug|Any CPU
		{26FD6C22-2141-4994-85CB-5A730C910AA2}.Win8Debug|x64.ActiveCfg = Win8Debug|Any CPU
		{26FD6C22-2141-4994-85CB-5A730C910AA2}.Win8Debug|x86.ActiveCfg = Win8Debug|Any CPU
		{26FD6C22-2141-4994-85CB-5A730C910AA2}.Win8Release|Any CPU.ActiveCfg = Win8CodeAnalysis|Any CPU
		{26FD6C22-2141-4994-85CB-5A730C910AA2}.Win8Release|Any CPU.Build.0 = Win8CodeAnalysis|Any CPU
		{26FD6C22-2141-4994-85CB-5A730C910AA2}.Win8Release|ARM.ActiveCfg = Win8CodeAnalysis|Any CPU
		{26FD6C22-2141-4994-85CB-5A730C910AA2}.Win8Release|x64.ActiveCfg = Win8CodeAnalysis|Any CPU
		{26FD6C22-2141-4994-85CB-5A730C910AA2}.Win8Release|x86.ActiveCfg = Win8CodeAnalysis|Any CPU
		{26FD6C22-2141-4994-85CB-5A730C910AA2}.WP8Debug|Any CPU.ActiveCfg = Debug|Any CPU
		{26FD6C22-2141-4994-85CB-5A730C910AA2}.WP8Debug|Any CPU.Build.0 = Debug|Any CPU
		{26FD6C22-2141-4994-85CB-5A730C910AA2}.WP8Debug|ARM.ActiveCfg = Debug|Any CPU
		{26FD6C22-2141-4994-85CB-5A730C910AA2}.WP8Debug|x64.ActiveCfg = Debug|Any CPU
		{26FD6C22-2141-4994-85CB-5A730C910AA2}.WP8Debug|x86.ActiveCfg = Debug|Any CPU
		{26FD6C22-2141-4994-85CB-5A730C910AA2}.WP8Release|Any CPU.ActiveCfg = Win8CodeAnalysis|Any CPU
		{26FD6C22-2141-4994-85CB-5A730C910AA2}.WP8Release|Any CPU.Build.0 = Win8CodeAnalysis|Any CPU
		{26FD6C22-2141-4994-85CB-5A730C910AA2}.WP8Release|ARM.ActiveCfg = Win8CodeAnalysis|Any CPU
		{26FD6C22-2141-4994-85CB-5A730C910AA2}.WP8Release|x64.ActiveCfg = Win8CodeAnalysis|Any CPU
		{26FD6C22-2141-4994-85CB-5A730C910AA2}.WP8Release|x86.ActiveCfg = Win8CodeAnalysis|Any CPU
		{5A7A508E-DE0C-4C5F-A1DD-B5C2C2B7952C}.Debug|Any CPU.ActiveCfg = Debug|Any CPU
		{5A7A508E-DE0C-4C5F-A1DD-B5C2C2B7952C}.Debug|Any CPU.Build.0 = Debug|Any CPU
		{5A7A508E-DE0C-4C5F-A1DD-B5C2C2B7952C}.Debug|ARM.ActiveCfg = Debug|Any CPU
		{5A7A508E-DE0C-4C5F-A1DD-B5C2C2B7952C}.Debug|x64.ActiveCfg = Debug|Any CPU
		{5A7A508E-DE0C-4C5F-A1DD-B5C2C2B7952C}.Debug|x86.ActiveCfg = Debug|Any CPU
		{5A7A508E-DE0C-4C5F-A1DD-B5C2C2B7952C}.net45|Any CPU.ActiveCfg = Release|Any CPU
		{5A7A508E-DE0C-4C5F-A1DD-B5C2C2B7952C}.net45|Any CPU.Build.0 = Release|Any CPU
		{5A7A508E-DE0C-4C5F-A1DD-B5C2C2B7952C}.net45|ARM.ActiveCfg = Release|Any CPU
		{5A7A508E-DE0C-4C5F-A1DD-B5C2C2B7952C}.net45|x64.ActiveCfg = Release|Any CPU
		{5A7A508E-DE0C-4C5F-A1DD-B5C2C2B7952C}.net45|x86.ActiveCfg = Release|Any CPU
		{5A7A508E-DE0C-4C5F-A1DD-B5C2C2B7952C}.Release|Any CPU.ActiveCfg = Release|Any CPU
		{5A7A508E-DE0C-4C5F-A1DD-B5C2C2B7952C}.Release|Any CPU.Build.0 = Release|Any CPU
		{5A7A508E-DE0C-4C5F-A1DD-B5C2C2B7952C}.Release|ARM.ActiveCfg = Release|Any CPU
		{5A7A508E-DE0C-4C5F-A1DD-B5C2C2B7952C}.Release|x64.ActiveCfg = Release|Any CPU
		{5A7A508E-DE0C-4C5F-A1DD-B5C2C2B7952C}.Release|x86.ActiveCfg = Release|Any CPU
		{5A7A508E-DE0C-4C5F-A1DD-B5C2C2B7952C}.Win7Debug|Any CPU.ActiveCfg = Debug|Any CPU
		{5A7A508E-DE0C-4C5F-A1DD-B5C2C2B7952C}.Win7Debug|Any CPU.Build.0 = Debug|Any CPU
		{5A7A508E-DE0C-4C5F-A1DD-B5C2C2B7952C}.Win7Debug|ARM.ActiveCfg = Debug|Any CPU
		{5A7A508E-DE0C-4C5F-A1DD-B5C2C2B7952C}.Win7Debug|x64.ActiveCfg = Debug|Any CPU
		{5A7A508E-DE0C-4C5F-A1DD-B5C2C2B7952C}.Win7Debug|x86.ActiveCfg = Debug|Any CPU
		{5A7A508E-DE0C-4C5F-A1DD-B5C2C2B7952C}.Win8CodeAnalysis|Any CPU.ActiveCfg = Release|Any CPU
		{5A7A508E-DE0C-4C5F-A1DD-B5C2C2B7952C}.Win8CodeAnalysis|Any CPU.Build.0 = Release|Any CPU
		{5A7A508E-DE0C-4C5F-A1DD-B5C2C2B7952C}.Win8CodeAnalysis|ARM.ActiveCfg = Release|Any CPU
		{5A7A508E-DE0C-4C5F-A1DD-B5C2C2B7952C}.Win8CodeAnalysis|x64.ActiveCfg = Release|Any CPU
		{5A7A508E-DE0C-4C5F-A1DD-B5C2C2B7952C}.Win8CodeAnalysis|x86.ActiveCfg = Release|Any CPU
		{5A7A508E-DE0C-4C5F-A1DD-B5C2C2B7952C}.Win8Debug|Any CPU.ActiveCfg = Debug|Any CPU
		{5A7A508E-DE0C-4C5F-A1DD-B5C2C2B7952C}.Win8Debug|ARM.ActiveCfg = Debug|Any CPU
		{5A7A508E-DE0C-4C5F-A1DD-B5C2C2B7952C}.Win8Debug|x64.ActiveCfg = Debug|Any CPU
		{5A7A508E-DE0C-4C5F-A1DD-B5C2C2B7952C}.Win8Debug|x86.ActiveCfg = Debug|Any CPU
		{5A7A508E-DE0C-4C5F-A1DD-B5C2C2B7952C}.Win8Release|Any CPU.ActiveCfg = Release|Any CPU
		{5A7A508E-DE0C-4C5F-A1DD-B5C2C2B7952C}.Win8Release|Any CPU.Build.0 = Release|Any CPU
		{5A7A508E-DE0C-4C5F-A1DD-B5C2C2B7952C}.Win8Release|ARM.ActiveCfg = Release|Any CPU
		{5A7A508E-DE0C-4C5F-A1DD-B5C2C2B7952C}.Win8Release|x64.ActiveCfg = Release|Any CPU
		{5A7A508E-DE0C-4C5F-A1DD-B5C2C2B7952C}.Win8Release|x86.ActiveCfg = Release|Any CPU
		{5A7A508E-DE0C-4C5F-A1DD-B5C2C2B7952C}.WP8Debug|Any CPU.ActiveCfg = Debug|Any CPU
		{5A7A508E-DE0C-4C5F-A1DD-B5C2C2B7952C}.WP8Debug|Any CPU.Build.0 = Debug|Any CPU
		{5A7A508E-DE0C-4C5F-A1DD-B5C2C2B7952C}.WP8Debug|ARM.ActiveCfg = Debug|Any CPU
		{5A7A508E-DE0C-4C5F-A1DD-B5C2C2B7952C}.WP8Debug|x64.ActiveCfg = Debug|Any CPU
		{5A7A508E-DE0C-4C5F-A1DD-B5C2C2B7952C}.WP8Debug|x86.ActiveCfg = Debug|Any CPU
		{5A7A508E-DE0C-4C5F-A1DD-B5C2C2B7952C}.WP8Release|Any CPU.ActiveCfg = Release|Any CPU
		{5A7A508E-DE0C-4C5F-A1DD-B5C2C2B7952C}.WP8Release|Any CPU.Build.0 = Release|Any CPU
		{5A7A508E-DE0C-4C5F-A1DD-B5C2C2B7952C}.WP8Release|ARM.ActiveCfg = Release|Any CPU
		{5A7A508E-DE0C-4C5F-A1DD-B5C2C2B7952C}.WP8Release|x64.ActiveCfg = Release|Any CPU
		{5A7A508E-DE0C-4C5F-A1DD-B5C2C2B7952C}.WP8Release|x86.ActiveCfg = Release|Any CPU
		{38EEFB93-65D6-46B3-973A-8628B4A0F7EB}.Debug|Any CPU.ActiveCfg = Debug|Any CPU
		{38EEFB93-65D6-46B3-973A-8628B4A0F7EB}.Debug|Any CPU.Build.0 = Debug|Any CPU
		{38EEFB93-65D6-46B3-973A-8628B4A0F7EB}.Debug|ARM.ActiveCfg = Debug|Any CPU
		{38EEFB93-65D6-46B3-973A-8628B4A0F7EB}.Debug|x64.ActiveCfg = Debug|Any CPU
		{38EEFB93-65D6-46B3-973A-8628B4A0F7EB}.Debug|x86.ActiveCfg = Debug|Any CPU
		{38EEFB93-65D6-46B3-973A-8628B4A0F7EB}.net45|Any CPU.ActiveCfg = Release|Any CPU
		{38EEFB93-65D6-46B3-973A-8628B4A0F7EB}.net45|Any CPU.Build.0 = Release|Any CPU
		{38EEFB93-65D6-46B3-973A-8628B4A0F7EB}.net45|ARM.ActiveCfg = Release|Any CPU
		{38EEFB93-65D6-46B3-973A-8628B4A0F7EB}.net45|x64.ActiveCfg = Release|Any CPU
		{38EEFB93-65D6-46B3-973A-8628B4A0F7EB}.net45|x86.ActiveCfg = Release|Any CPU
		{38EEFB93-65D6-46B3-973A-8628B4A0F7EB}.Release|Any CPU.ActiveCfg = Release|Any CPU
		{38EEFB93-65D6-46B3-973A-8628B4A0F7EB}.Release|Any CPU.Build.0 = Release|Any CPU
		{38EEFB93-65D6-46B3-973A-8628B4A0F7EB}.Release|ARM.ActiveCfg = Release|Any CPU
		{38EEFB93-65D6-46B3-973A-8628B4A0F7EB}.Release|x64.ActiveCfg = Release|Any CPU
		{38EEFB93-65D6-46B3-973A-8628B4A0F7EB}.Release|x86.ActiveCfg = Release|Any CPU
		{38EEFB93-65D6-46B3-973A-8628B4A0F7EB}.Win7Debug|Any CPU.ActiveCfg = Debug|Any CPU
		{38EEFB93-65D6-46B3-973A-8628B4A0F7EB}.Win7Debug|Any CPU.Build.0 = Debug|Any CPU
		{38EEFB93-65D6-46B3-973A-8628B4A0F7EB}.Win7Debug|ARM.ActiveCfg = Debug|Any CPU
		{38EEFB93-65D6-46B3-973A-8628B4A0F7EB}.Win7Debug|x64.ActiveCfg = Debug|Any CPU
		{38EEFB93-65D6-46B3-973A-8628B4A0F7EB}.Win7Debug|x86.ActiveCfg = Debug|Any CPU
		{38EEFB93-65D6-46B3-973A-8628B4A0F7EB}.Win8CodeAnalysis|Any CPU.ActiveCfg = Release|Any CPU
		{38EEFB93-65D6-46B3-973A-8628B4A0F7EB}.Win8CodeAnalysis|Any CPU.Build.0 = Release|Any CPU
		{38EEFB93-65D6-46B3-973A-8628B4A0F7EB}.Win8CodeAnalysis|ARM.ActiveCfg = Release|Any CPU
		{38EEFB93-65D6-46B3-973A-8628B4A0F7EB}.Win8CodeAnalysis|x64.ActiveCfg = Release|Any CPU
		{38EEFB93-65D6-46B3-973A-8628B4A0F7EB}.Win8CodeAnalysis|x86.ActiveCfg = Release|Any CPU
		{38EEFB93-65D6-46B3-973A-8628B4A0F7EB}.Win8Debug|Any CPU.ActiveCfg = Debug|Any CPU
		{38EEFB93-65D6-46B3-973A-8628B4A0F7EB}.Win8Debug|ARM.ActiveCfg = Debug|Any CPU
		{38EEFB93-65D6-46B3-973A-8628B4A0F7EB}.Win8Debug|x64.ActiveCfg = Debug|Any CPU
		{38EEFB93-65D6-46B3-973A-8628B4A0F7EB}.Win8Debug|x86.ActiveCfg = Debug|Any CPU
		{38EEFB93-65D6-46B3-973A-8628B4A0F7EB}.Win8Release|Any CPU.ActiveCfg = Release|Any CPU
		{38EEFB93-65D6-46B3-973A-8628B4A0F7EB}.Win8Release|Any CPU.Build.0 = Release|Any CPU
		{38EEFB93-65D6-46B3-973A-8628B4A0F7EB}.Win8Release|ARM.ActiveCfg = Release|Any CPU
		{38EEFB93-65D6-46B3-973A-8628B4A0F7EB}.Win8Release|x64.ActiveCfg = Release|Any CPU
		{38EEFB93-65D6-46B3-973A-8628B4A0F7EB}.Win8Release|x86.ActiveCfg = Release|Any CPU
		{38EEFB93-65D6-46B3-973A-8628B4A0F7EB}.WP8Debug|Any CPU.ActiveCfg = Debug|Any CPU
		{38EEFB93-65D6-46B3-973A-8628B4A0F7EB}.WP8Debug|Any CPU.Build.0 = Debug|Any CPU
		{38EEFB93-65D6-46B3-973A-8628B4A0F7EB}.WP8Debug|ARM.ActiveCfg = Debug|Any CPU
		{38EEFB93-65D6-46B3-973A-8628B4A0F7EB}.WP8Debug|x64.ActiveCfg = Debug|Any CPU
		{38EEFB93-65D6-46B3-973A-8628B4A0F7EB}.WP8Debug|x86.ActiveCfg = Debug|Any CPU
		{38EEFB93-65D6-46B3-973A-8628B4A0F7EB}.WP8Release|Any CPU.ActiveCfg = Release|Any CPU
		{38EEFB93-65D6-46B3-973A-8628B4A0F7EB}.WP8Release|Any CPU.Build.0 = Release|Any CPU
		{38EEFB93-65D6-46B3-973A-8628B4A0F7EB}.WP8Release|ARM.ActiveCfg = Release|Any CPU
		{38EEFB93-65D6-46B3-973A-8628B4A0F7EB}.WP8Release|x64.ActiveCfg = Release|Any CPU
		{38EEFB93-65D6-46B3-973A-8628B4A0F7EB}.WP8Release|x86.ActiveCfg = Release|Any CPU
		{80465E35-0C97-4FC6-B719-38722FFB98E9}.Debug|Any CPU.ActiveCfg = Debug|Any CPU
		{80465E35-0C97-4FC6-B719-38722FFB98E9}.Debug|Any CPU.Build.0 = Debug|Any CPU
		{80465E35-0C97-4FC6-B719-38722FFB98E9}.Debug|ARM.ActiveCfg = Debug|Any CPU
		{80465E35-0C97-4FC6-B719-38722FFB98E9}.Debug|x64.ActiveCfg = Debug|Any CPU
		{80465E35-0C97-4FC6-B719-38722FFB98E9}.Debug|x86.ActiveCfg = Debug|Any CPU
		{80465E35-0C97-4FC6-B719-38722FFB98E9}.net45|Any CPU.ActiveCfg = Release|Any CPU
		{80465E35-0C97-4FC6-B719-38722FFB98E9}.net45|Any CPU.Build.0 = Release|Any CPU
		{80465E35-0C97-4FC6-B719-38722FFB98E9}.net45|ARM.ActiveCfg = Release|Any CPU
		{80465E35-0C97-4FC6-B719-38722FFB98E9}.net45|x64.ActiveCfg = Release|Any CPU
		{80465E35-0C97-4FC6-B719-38722FFB98E9}.net45|x86.ActiveCfg = Release|Any CPU
		{80465E35-0C97-4FC6-B719-38722FFB98E9}.Release|Any CPU.ActiveCfg = Release|Any CPU
		{80465E35-0C97-4FC6-B719-38722FFB98E9}.Release|Any CPU.Build.0 = Release|Any CPU
		{80465E35-0C97-4FC6-B719-38722FFB98E9}.Release|ARM.ActiveCfg = Release|Any CPU
		{80465E35-0C97-4FC6-B719-38722FFB98E9}.Release|x64.ActiveCfg = Release|Any CPU
		{80465E35-0C97-4FC6-B719-38722FFB98E9}.Release|x86.ActiveCfg = Release|Any CPU
		{80465E35-0C97-4FC6-B719-38722FFB98E9}.Win7Debug|Any CPU.ActiveCfg = Debug|Any CPU
		{80465E35-0C97-4FC6-B719-38722FFB98E9}.Win7Debug|Any CPU.Build.0 = Debug|Any CPU
		{80465E35-0C97-4FC6-B719-38722FFB98E9}.Win7Debug|ARM.ActiveCfg = Debug|Any CPU
		{80465E35-0C97-4FC6-B719-38722FFB98E9}.Win7Debug|x64.ActiveCfg = Debug|Any CPU
		{80465E35-0C97-4FC6-B719-38722FFB98E9}.Win7Debug|x86.ActiveCfg = Debug|Any CPU
		{80465E35-0C97-4FC6-B719-38722FFB98E9}.Win8CodeAnalysis|Any CPU.ActiveCfg = Release|Any CPU
		{80465E35-0C97-4FC6-B719-38722FFB98E9}.Win8CodeAnalysis|Any CPU.Build.0 = Release|Any CPU
		{80465E35-0C97-4FC6-B719-38722FFB98E9}.Win8CodeAnalysis|ARM.ActiveCfg = Release|Any CPU
		{80465E35-0C97-4FC6-B719-38722FFB98E9}.Win8CodeAnalysis|x64.ActiveCfg = Release|Any CPU
		{80465E35-0C97-4FC6-B719-38722FFB98E9}.Win8CodeAnalysis|x86.ActiveCfg = Release|Any CPU
		{80465E35-0C97-4FC6-B719-38722FFB98E9}.Win8Debug|Any CPU.ActiveCfg = Debug|Any CPU
		{80465E35-0C97-4FC6-B719-38722FFB98E9}.Win8Debug|ARM.ActiveCfg = Debug|Any CPU
		{80465E35-0C97-4FC6-B719-38722FFB98E9}.Win8Debug|x64.ActiveCfg = Debug|Any CPU
		{80465E35-0C97-4FC6-B719-38722FFB98E9}.Win8Debug|x86.ActiveCfg = Debug|Any CPU
		{80465E35-0C97-4FC6-B719-38722FFB98E9}.Win8Release|Any CPU.ActiveCfg = Release|Any CPU
		{80465E35-0C97-4FC6-B719-38722FFB98E9}.Win8Release|Any CPU.Build.0 = Release|Any CPU
		{80465E35-0C97-4FC6-B719-38722FFB98E9}.Win8Release|ARM.ActiveCfg = Release|Any CPU
		{80465E35-0C97-4FC6-B719-38722FFB98E9}.Win8Release|x64.ActiveCfg = Release|Any CPU
		{80465E35-0C97-4FC6-B719-38722FFB98E9}.Win8Release|x86.ActiveCfg = Release|Any CPU
		{80465E35-0C97-4FC6-B719-38722FFB98E9}.WP8Debug|Any CPU.ActiveCfg = Debug|Any CPU
		{80465E35-0C97-4FC6-B719-38722FFB98E9}.WP8Debug|Any CPU.Build.0 = Debug|Any CPU
		{80465E35-0C97-4FC6-B719-38722FFB98E9}.WP8Debug|ARM.ActiveCfg = Debug|Any CPU
		{80465E35-0C97-4FC6-B719-38722FFB98E9}.WP8Debug|x64.ActiveCfg = Debug|Any CPU
		{80465E35-0C97-4FC6-B719-38722FFB98E9}.WP8Debug|x86.ActiveCfg = Debug|Any CPU
		{80465E35-0C97-4FC6-B719-38722FFB98E9}.WP8Release|Any CPU.ActiveCfg = Release|Any CPU
		{80465E35-0C97-4FC6-B719-38722FFB98E9}.WP8Release|Any CPU.Build.0 = Release|Any CPU
		{80465E35-0C97-4FC6-B719-38722FFB98E9}.WP8Release|ARM.ActiveCfg = Release|Any CPU
		{80465E35-0C97-4FC6-B719-38722FFB98E9}.WP8Release|x64.ActiveCfg = Release|Any CPU
		{80465E35-0C97-4FC6-B719-38722FFB98E9}.WP8Release|x86.ActiveCfg = Release|Any CPU
		{3BC0070F-F405-4A11-AD8A-03FE7508B3B0}.Debug|Any CPU.ActiveCfg = Debug|Any CPU
		{3BC0070F-F405-4A11-AD8A-03FE7508B3B0}.Debug|Any CPU.Build.0 = Debug|Any CPU
		{3BC0070F-F405-4A11-AD8A-03FE7508B3B0}.Debug|ARM.ActiveCfg = Debug|Any CPU
		{3BC0070F-F405-4A11-AD8A-03FE7508B3B0}.Debug|x64.ActiveCfg = Debug|Any CPU
		{3BC0070F-F405-4A11-AD8A-03FE7508B3B0}.Debug|x86.ActiveCfg = Debug|Any CPU
		{3BC0070F-F405-4A11-AD8A-03FE7508B3B0}.net45|Any CPU.ActiveCfg = net45|Any CPU
		{3BC0070F-F405-4A11-AD8A-03FE7508B3B0}.net45|Any CPU.Build.0 = net45|Any CPU
		{3BC0070F-F405-4A11-AD8A-03FE7508B3B0}.net45|ARM.ActiveCfg = net45|Any CPU
		{3BC0070F-F405-4A11-AD8A-03FE7508B3B0}.net45|x64.ActiveCfg = net45|Any CPU
		{3BC0070F-F405-4A11-AD8A-03FE7508B3B0}.net45|x86.ActiveCfg = net45|Any CPU
		{3BC0070F-F405-4A11-AD8A-03FE7508B3B0}.Release|Any CPU.ActiveCfg = Win8CodeAnalysis|Any CPU
		{3BC0070F-F405-4A11-AD8A-03FE7508B3B0}.Release|Any CPU.Build.0 = Win8CodeAnalysis|Any CPU
		{3BC0070F-F405-4A11-AD8A-03FE7508B3B0}.Release|ARM.ActiveCfg = Win8CodeAnalysis|Any CPU
		{3BC0070F-F405-4A11-AD8A-03FE7508B3B0}.Release|x64.ActiveCfg = Win8CodeAnalysis|Any CPU
		{3BC0070F-F405-4A11-AD8A-03FE7508B3B0}.Release|x86.ActiveCfg = Win8CodeAnalysis|Any CPU
		{3BC0070F-F405-4A11-AD8A-03FE7508B3B0}.Win7Debug|Any CPU.ActiveCfg = Debug|Any CPU
		{3BC0070F-F405-4A11-AD8A-03FE7508B3B0}.Win7Debug|Any CPU.Build.0 = Debug|Any CPU
		{3BC0070F-F405-4A11-AD8A-03FE7508B3B0}.Win7Debug|ARM.ActiveCfg = Debug|Any CPU
		{3BC0070F-F405-4A11-AD8A-03FE7508B3B0}.Win7Debug|x64.ActiveCfg = Debug|Any CPU
		{3BC0070F-F405-4A11-AD8A-03FE7508B3B0}.Win7Debug|x86.ActiveCfg = Debug|Any CPU
		{3BC0070F-F405-4A11-AD8A-03FE7508B3B0}.Win8CodeAnalysis|Any CPU.ActiveCfg = Win8CodeAnalysis|Any CPU
		{3BC0070F-F405-4A11-AD8A-03FE7508B3B0}.Win8CodeAnalysis|Any CPU.Build.0 = Win8CodeAnalysis|Any CPU
		{3BC0070F-F405-4A11-AD8A-03FE7508B3B0}.Win8CodeAnalysis|ARM.ActiveCfg = Win8CodeAnalysis|Any CPU
		{3BC0070F-F405-4A11-AD8A-03FE7508B3B0}.Win8CodeAnalysis|x64.ActiveCfg = Win8CodeAnalysis|Any CPU
		{3BC0070F-F405-4A11-AD8A-03FE7508B3B0}.Win8CodeAnalysis|x86.ActiveCfg = Win8CodeAnalysis|Any CPU
		{3BC0070F-F405-4A11-AD8A-03FE7508B3B0}.Win8Debug|Any CPU.ActiveCfg = Debug|Any CPU
		{3BC0070F-F405-4A11-AD8A-03FE7508B3B0}.Win8Debug|ARM.ActiveCfg = Debug|Any CPU
		{3BC0070F-F405-4A11-AD8A-03FE7508B3B0}.Win8Debug|x64.ActiveCfg = Debug|Any CPU
		{3BC0070F-F405-4A11-AD8A-03FE7508B3B0}.Win8Debug|x86.ActiveCfg = Debug|Any CPU
		{3BC0070F-F405-4A11-AD8A-03FE7508B3B0}.Win8Release|Any CPU.ActiveCfg = Win8CodeAnalysis|Any CPU
		{3BC0070F-F405-4A11-AD8A-03FE7508B3B0}.Win8Release|Any CPU.Build.0 = Win8CodeAnalysis|Any CPU
		{3BC0070F-F405-4A11-AD8A-03FE7508B3B0}.Win8Release|ARM.ActiveCfg = Win8CodeAnalysis|Any CPU
		{3BC0070F-F405-4A11-AD8A-03FE7508B3B0}.Win8Release|x64.ActiveCfg = Win8CodeAnalysis|Any CPU
		{3BC0070F-F405-4A11-AD8A-03FE7508B3B0}.Win8Release|x86.ActiveCfg = Win8CodeAnalysis|Any CPU
		{3BC0070F-F405-4A11-AD8A-03FE7508B3B0}.WP8Debug|Any CPU.ActiveCfg = Debug|Any CPU
		{3BC0070F-F405-4A11-AD8A-03FE7508B3B0}.WP8Debug|Any CPU.Build.0 = Debug|Any CPU
		{3BC0070F-F405-4A11-AD8A-03FE7508B3B0}.WP8Debug|ARM.ActiveCfg = Debug|Any CPU
		{3BC0070F-F405-4A11-AD8A-03FE7508B3B0}.WP8Debug|x64.ActiveCfg = Debug|Any CPU
		{3BC0070F-F405-4A11-AD8A-03FE7508B3B0}.WP8Debug|x86.ActiveCfg = Debug|Any CPU
		{3BC0070F-F405-4A11-AD8A-03FE7508B3B0}.WP8Release|Any CPU.ActiveCfg = Win8CodeAnalysis|Any CPU
		{3BC0070F-F405-4A11-AD8A-03FE7508B3B0}.WP8Release|Any CPU.Build.0 = Win8CodeAnalysis|Any CPU
		{3BC0070F-F405-4A11-AD8A-03FE7508B3B0}.WP8Release|ARM.ActiveCfg = Win8CodeAnalysis|Any CPU
		{3BC0070F-F405-4A11-AD8A-03FE7508B3B0}.WP8Release|x64.ActiveCfg = Win8CodeAnalysis|Any CPU
		{3BC0070F-F405-4A11-AD8A-03FE7508B3B0}.WP8Release|x86.ActiveCfg = Win8CodeAnalysis|Any CPU
		{AECE17C4-C423-45EE-93F8-A888C6BDA617}.Debug|Any CPU.ActiveCfg = Debug|Any CPU
		{AECE17C4-C423-45EE-93F8-A888C6BDA617}.Debug|Any CPU.Build.0 = Debug|Any CPU
		{AECE17C4-C423-45EE-93F8-A888C6BDA617}.Debug|ARM.ActiveCfg = Debug|Any CPU
		{AECE17C4-C423-45EE-93F8-A888C6BDA617}.Debug|x64.ActiveCfg = Debug|Any CPU
		{AECE17C4-C423-45EE-93F8-A888C6BDA617}.Debug|x86.ActiveCfg = Debug|Any CPU
		{AECE17C4-C423-45EE-93F8-A888C6BDA617}.net45|Any CPU.ActiveCfg = net45|Any CPU
		{AECE17C4-C423-45EE-93F8-A888C6BDA617}.net45|Any CPU.Build.0 = net45|Any CPU
		{AECE17C4-C423-45EE-93F8-A888C6BDA617}.net45|ARM.ActiveCfg = net45|Any CPU
		{AECE17C4-C423-45EE-93F8-A888C6BDA617}.net45|x64.ActiveCfg = net45|Any CPU
		{AECE17C4-C423-45EE-93F8-A888C6BDA617}.net45|x86.ActiveCfg = net45|Any CPU
		{AECE17C4-C423-45EE-93F8-A888C6BDA617}.Release|Any CPU.ActiveCfg = Win8CodeAnalysis|Any CPU
		{AECE17C4-C423-45EE-93F8-A888C6BDA617}.Release|Any CPU.Build.0 = Win8CodeAnalysis|Any CPU
		{AECE17C4-C423-45EE-93F8-A888C6BDA617}.Release|ARM.ActiveCfg = Win8CodeAnalysis|Any CPU
		{AECE17C4-C423-45EE-93F8-A888C6BDA617}.Release|x64.ActiveCfg = Win8CodeAnalysis|Any CPU
		{AECE17C4-C423-45EE-93F8-A888C6BDA617}.Release|x86.ActiveCfg = Win8CodeAnalysis|Any CPU
		{AECE17C4-C423-45EE-93F8-A888C6BDA617}.Win7Debug|Any CPU.ActiveCfg = Debug|Any CPU
		{AECE17C4-C423-45EE-93F8-A888C6BDA617}.Win7Debug|Any CPU.Build.0 = Debug|Any CPU
		{AECE17C4-C423-45EE-93F8-A888C6BDA617}.Win7Debug|ARM.ActiveCfg = Debug|Any CPU
		{AECE17C4-C423-45EE-93F8-A888C6BDA617}.Win7Debug|x64.ActiveCfg = Debug|Any CPU
		{AECE17C4-C423-45EE-93F8-A888C6BDA617}.Win7Debug|x86.ActiveCfg = Debug|Any CPU
		{AECE17C4-C423-45EE-93F8-A888C6BDA617}.Win8CodeAnalysis|Any CPU.ActiveCfg = Win8CodeAnalysis|Any CPU
		{AECE17C4-C423-45EE-93F8-A888C6BDA617}.Win8CodeAnalysis|Any CPU.Build.0 = Win8CodeAnalysis|Any CPU
		{AECE17C4-C423-45EE-93F8-A888C6BDA617}.Win8CodeAnalysis|ARM.ActiveCfg = Win8CodeAnalysis|Any CPU
		{AECE17C4-C423-45EE-93F8-A888C6BDA617}.Win8CodeAnalysis|x64.ActiveCfg = Win8CodeAnalysis|Any CPU
		{AECE17C4-C423-45EE-93F8-A888C6BDA617}.Win8CodeAnalysis|x86.ActiveCfg = Win8CodeAnalysis|Any CPU
		{AECE17C4-C423-45EE-93F8-A888C6BDA617}.Win8Debug|Any CPU.ActiveCfg = Debug|Any CPU
		{AECE17C4-C423-45EE-93F8-A888C6BDA617}.Win8Debug|Any CPU.Build.0 = Debug|Any CPU
		{AECE17C4-C423-45EE-93F8-A888C6BDA617}.Win8Debug|ARM.ActiveCfg = Debug|Any CPU
		{AECE17C4-C423-45EE-93F8-A888C6BDA617}.Win8Debug|x64.ActiveCfg = Debug|Any CPU
		{AECE17C4-C423-45EE-93F8-A888C6BDA617}.Win8Debug|x86.ActiveCfg = Debug|Any CPU
		{AECE17C4-C423-45EE-93F8-A888C6BDA617}.Win8Release|Any CPU.ActiveCfg = Win8CodeAnalysis|Any CPU
		{AECE17C4-C423-45EE-93F8-A888C6BDA617}.Win8Release|Any CPU.Build.0 = Win8CodeAnalysis|Any CPU
		{AECE17C4-C423-45EE-93F8-A888C6BDA617}.Win8Release|ARM.ActiveCfg = Win8CodeAnalysis|Any CPU
		{AECE17C4-C423-45EE-93F8-A888C6BDA617}.Win8Release|x64.ActiveCfg = Win8CodeAnalysis|Any CPU
		{AECE17C4-C423-45EE-93F8-A888C6BDA617}.Win8Release|x86.ActiveCfg = Win8CodeAnalysis|Any CPU
		{AECE17C4-C423-45EE-93F8-A888C6BDA617}.WP8Debug|Any CPU.ActiveCfg = Debug|Any CPU
		{AECE17C4-C423-45EE-93F8-A888C6BDA617}.WP8Debug|Any CPU.Build.0 = Debug|Any CPU
		{AECE17C4-C423-45EE-93F8-A888C6BDA617}.WP8Debug|ARM.ActiveCfg = Debug|Any CPU
		{AECE17C4-C423-45EE-93F8-A888C6BDA617}.WP8Debug|x64.ActiveCfg = Debug|Any CPU
		{AECE17C4-C423-45EE-93F8-A888C6BDA617}.WP8Debug|x86.ActiveCfg = Debug|Any CPU
		{AECE17C4-C423-45EE-93F8-A888C6BDA617}.WP8Release|Any CPU.ActiveCfg = Win8CodeAnalysis|Any CPU
		{AECE17C4-C423-45EE-93F8-A888C6BDA617}.WP8Release|Any CPU.Build.0 = Win8CodeAnalysis|Any CPU
		{AECE17C4-C423-45EE-93F8-A888C6BDA617}.WP8Release|ARM.ActiveCfg = Win8CodeAnalysis|Any CPU
		{AECE17C4-C423-45EE-93F8-A888C6BDA617}.WP8Release|x64.ActiveCfg = Win8CodeAnalysis|Any CPU
		{AECE17C4-C423-45EE-93F8-A888C6BDA617}.WP8Release|x86.ActiveCfg = Win8CodeAnalysis|Any CPU
		{8CC127C8-19F0-42DF-8454-129B3566EF54}.Debug|Any CPU.ActiveCfg = Debug|Any CPU
		{8CC127C8-19F0-42DF-8454-129B3566EF54}.Debug|Any CPU.Build.0 = Debug|Any CPU
		{8CC127C8-19F0-42DF-8454-129B3566EF54}.Debug|ARM.ActiveCfg = Debug|Any CPU
		{8CC127C8-19F0-42DF-8454-129B3566EF54}.Debug|x64.ActiveCfg = Debug|Any CPU
		{8CC127C8-19F0-42DF-8454-129B3566EF54}.Debug|x86.ActiveCfg = Debug|Any CPU
		{8CC127C8-19F0-42DF-8454-129B3566EF54}.net45|Any CPU.ActiveCfg = net45|Any CPU
		{8CC127C8-19F0-42DF-8454-129B3566EF54}.net45|Any CPU.Build.0 = net45|Any CPU
		{8CC127C8-19F0-42DF-8454-129B3566EF54}.net45|ARM.ActiveCfg = net45|Any CPU
		{8CC127C8-19F0-42DF-8454-129B3566EF54}.net45|x64.ActiveCfg = net45|Any CPU
		{8CC127C8-19F0-42DF-8454-129B3566EF54}.net45|x86.ActiveCfg = net45|Any CPU
		{8CC127C8-19F0-42DF-8454-129B3566EF54}.Release|Any CPU.ActiveCfg = Win8CodeAnalysis|Any CPU
		{8CC127C8-19F0-42DF-8454-129B3566EF54}.Release|Any CPU.Build.0 = Win8CodeAnalysis|Any CPU
		{8CC127C8-19F0-42DF-8454-129B3566EF54}.Release|ARM.ActiveCfg = Win8CodeAnalysis|Any CPU
		{8CC127C8-19F0-42DF-8454-129B3566EF54}.Release|x64.ActiveCfg = Win8CodeAnalysis|Any CPU
		{8CC127C8-19F0-42DF-8454-129B3566EF54}.Release|x86.ActiveCfg = Win8CodeAnalysis|Any CPU
		{8CC127C8-19F0-42DF-8454-129B3566EF54}.Win7Debug|Any CPU.ActiveCfg = Debug|Any CPU
		{8CC127C8-19F0-42DF-8454-129B3566EF54}.Win7Debug|Any CPU.Build.0 = Debug|Any CPU
		{8CC127C8-19F0-42DF-8454-129B3566EF54}.Win7Debug|ARM.ActiveCfg = Debug|Any CPU
		{8CC127C8-19F0-42DF-8454-129B3566EF54}.Win7Debug|x64.ActiveCfg = Debug|Any CPU
		{8CC127C8-19F0-42DF-8454-129B3566EF54}.Win7Debug|x86.ActiveCfg = Debug|Any CPU
		{8CC127C8-19F0-42DF-8454-129B3566EF54}.Win8CodeAnalysis|Any CPU.ActiveCfg = Win8CodeAnalysis|Any CPU
		{8CC127C8-19F0-42DF-8454-129B3566EF54}.Win8CodeAnalysis|Any CPU.Build.0 = Win8CodeAnalysis|Any CPU
		{8CC127C8-19F0-42DF-8454-129B3566EF54}.Win8CodeAnalysis|ARM.ActiveCfg = Win8CodeAnalysis|Any CPU
		{8CC127C8-19F0-42DF-8454-129B3566EF54}.Win8CodeAnalysis|x64.ActiveCfg = Win8CodeAnalysis|Any CPU
		{8CC127C8-19F0-42DF-8454-129B3566EF54}.Win8CodeAnalysis|x86.ActiveCfg = Win8CodeAnalysis|Any CPU
		{8CC127C8-19F0-42DF-8454-129B3566EF54}.Win8Debug|Any CPU.ActiveCfg = Win8Debug|Any CPU
		{8CC127C8-19F0-42DF-8454-129B3566EF54}.Win8Debug|Any CPU.Build.0 = Win8Debug|Any CPU
		{8CC127C8-19F0-42DF-8454-129B3566EF54}.Win8Debug|ARM.ActiveCfg = Debug|Any CPU
		{8CC127C8-19F0-42DF-8454-129B3566EF54}.Win8Debug|x64.ActiveCfg = Debug|Any CPU
		{8CC127C8-19F0-42DF-8454-129B3566EF54}.Win8Debug|x86.ActiveCfg = Debug|Any CPU
		{8CC127C8-19F0-42DF-8454-129B3566EF54}.Win8Release|Any CPU.ActiveCfg = Win8CodeAnalysis|Any CPU
		{8CC127C8-19F0-42DF-8454-129B3566EF54}.Win8Release|Any CPU.Build.0 = Win8CodeAnalysis|Any CPU
		{8CC127C8-19F0-42DF-8454-129B3566EF54}.Win8Release|ARM.ActiveCfg = Win8CodeAnalysis|Any CPU
		{8CC127C8-19F0-42DF-8454-129B3566EF54}.Win8Release|x64.ActiveCfg = Win8CodeAnalysis|Any CPU
		{8CC127C8-19F0-42DF-8454-129B3566EF54}.Win8Release|x86.ActiveCfg = Win8CodeAnalysis|Any CPU
		{8CC127C8-19F0-42DF-8454-129B3566EF54}.WP8Debug|Any CPU.ActiveCfg = Debug|Any CPU
		{8CC127C8-19F0-42DF-8454-129B3566EF54}.WP8Debug|Any CPU.Build.0 = Debug|Any CPU
		{8CC127C8-19F0-42DF-8454-129B3566EF54}.WP8Debug|ARM.ActiveCfg = Debug|Any CPU
		{8CC127C8-19F0-42DF-8454-129B3566EF54}.WP8Debug|x64.ActiveCfg = Debug|Any CPU
		{8CC127C8-19F0-42DF-8454-129B3566EF54}.WP8Debug|x86.ActiveCfg = Debug|Any CPU
		{8CC127C8-19F0-42DF-8454-129B3566EF54}.WP8Release|Any CPU.ActiveCfg = Win8CodeAnalysis|Any CPU
		{8CC127C8-19F0-42DF-8454-129B3566EF54}.WP8Release|Any CPU.Build.0 = Win8CodeAnalysis|Any CPU
		{8CC127C8-19F0-42DF-8454-129B3566EF54}.WP8Release|ARM.ActiveCfg = Win8CodeAnalysis|Any CPU
		{8CC127C8-19F0-42DF-8454-129B3566EF54}.WP8Release|x64.ActiveCfg = Win8CodeAnalysis|Any CPU
		{8CC127C8-19F0-42DF-8454-129B3566EF54}.WP8Release|x86.ActiveCfg = Win8CodeAnalysis|Any CPU
		{B29D8717-5F6B-4EE8-A395-9EDFC2880DFB}.Debug|Any CPU.ActiveCfg = Debug|Any CPU
		{B29D8717-5F6B-4EE8-A395-9EDFC2880DFB}.Debug|Any CPU.Build.0 = Debug|Any CPU
		{B29D8717-5F6B-4EE8-A395-9EDFC2880DFB}.Debug|ARM.ActiveCfg = Debug|Any CPU
		{B29D8717-5F6B-4EE8-A395-9EDFC2880DFB}.Debug|x64.ActiveCfg = Debug|Any CPU
		{B29D8717-5F6B-4EE8-A395-9EDFC2880DFB}.Debug|x86.ActiveCfg = Debug|Any CPU
		{B29D8717-5F6B-4EE8-A395-9EDFC2880DFB}.net45|Any CPU.ActiveCfg = net45|Any CPU
		{B29D8717-5F6B-4EE8-A395-9EDFC2880DFB}.net45|Any CPU.Build.0 = net45|Any CPU
		{B29D8717-5F6B-4EE8-A395-9EDFC2880DFB}.net45|ARM.ActiveCfg = net45|Any CPU
		{B29D8717-5F6B-4EE8-A395-9EDFC2880DFB}.net45|x64.ActiveCfg = net45|Any CPU
		{B29D8717-5F6B-4EE8-A395-9EDFC2880DFB}.net45|x86.ActiveCfg = net45|Any CPU
		{B29D8717-5F6B-4EE8-A395-9EDFC2880DFB}.Release|Any CPU.ActiveCfg = Win8CodeAnalysis|Any CPU
		{B29D8717-5F6B-4EE8-A395-9EDFC2880DFB}.Release|Any CPU.Build.0 = Win8CodeAnalysis|Any CPU
		{B29D8717-5F6B-4EE8-A395-9EDFC2880DFB}.Release|ARM.ActiveCfg = Win8CodeAnalysis|Any CPU
		{B29D8717-5F6B-4EE8-A395-9EDFC2880DFB}.Release|x64.ActiveCfg = Win8CodeAnalysis|Any CPU
		{B29D8717-5F6B-4EE8-A395-9EDFC2880DFB}.Release|x86.ActiveCfg = Win8CodeAnalysis|Any CPU
		{B29D8717-5F6B-4EE8-A395-9EDFC2880DFB}.Win7Debug|Any CPU.ActiveCfg = Debug|Any CPU
		{B29D8717-5F6B-4EE8-A395-9EDFC2880DFB}.Win7Debug|Any CPU.Build.0 = Debug|Any CPU
		{B29D8717-5F6B-4EE8-A395-9EDFC2880DFB}.Win7Debug|ARM.ActiveCfg = Debug|Any CPU
		{B29D8717-5F6B-4EE8-A395-9EDFC2880DFB}.Win7Debug|x64.ActiveCfg = Debug|Any CPU
		{B29D8717-5F6B-4EE8-A395-9EDFC2880DFB}.Win7Debug|x86.ActiveCfg = Debug|Any CPU
		{B29D8717-5F6B-4EE8-A395-9EDFC2880DFB}.Win8CodeAnalysis|Any CPU.ActiveCfg = Win8CodeAnalysis|Any CPU
		{B29D8717-5F6B-4EE8-A395-9EDFC2880DFB}.Win8CodeAnalysis|Any CPU.Build.0 = Win8CodeAnalysis|Any CPU
		{B29D8717-5F6B-4EE8-A395-9EDFC2880DFB}.Win8CodeAnalysis|ARM.ActiveCfg = Win8CodeAnalysis|Any CPU
		{B29D8717-5F6B-4EE8-A395-9EDFC2880DFB}.Win8CodeAnalysis|x64.ActiveCfg = Win8CodeAnalysis|Any CPU
		{B29D8717-5F6B-4EE8-A395-9EDFC2880DFB}.Win8CodeAnalysis|x86.ActiveCfg = Win8CodeAnalysis|Any CPU
		{B29D8717-5F6B-4EE8-A395-9EDFC2880DFB}.Win8Debug|Any CPU.ActiveCfg = net45|Any CPU
		{B29D8717-5F6B-4EE8-A395-9EDFC2880DFB}.Win8Debug|Any CPU.Build.0 = net45|Any CPU
		{B29D8717-5F6B-4EE8-A395-9EDFC2880DFB}.Win8Debug|ARM.ActiveCfg = Debug|Any CPU
		{B29D8717-5F6B-4EE8-A395-9EDFC2880DFB}.Win8Debug|x64.ActiveCfg = Debug|Any CPU
		{B29D8717-5F6B-4EE8-A395-9EDFC2880DFB}.Win8Debug|x86.ActiveCfg = Debug|Any CPU
		{B29D8717-5F6B-4EE8-A395-9EDFC2880DFB}.Win8Release|Any CPU.ActiveCfg = Win8CodeAnalysis|Any CPU
		{B29D8717-5F6B-4EE8-A395-9EDFC2880DFB}.Win8Release|Any CPU.Build.0 = Win8CodeAnalysis|Any CPU
		{B29D8717-5F6B-4EE8-A395-9EDFC2880DFB}.Win8Release|ARM.ActiveCfg = Win8CodeAnalysis|Any CPU
		{B29D8717-5F6B-4EE8-A395-9EDFC2880DFB}.Win8Release|x64.ActiveCfg = Win8CodeAnalysis|Any CPU
		{B29D8717-5F6B-4EE8-A395-9EDFC2880DFB}.Win8Release|x86.ActiveCfg = Win8CodeAnalysis|Any CPU
		{B29D8717-5F6B-4EE8-A395-9EDFC2880DFB}.WP8Debug|Any CPU.ActiveCfg = Debug|Any CPU
		{B29D8717-5F6B-4EE8-A395-9EDFC2880DFB}.WP8Debug|Any CPU.Build.0 = Debug|Any CPU
		{B29D8717-5F6B-4EE8-A395-9EDFC2880DFB}.WP8Debug|ARM.ActiveCfg = Debug|Any CPU
		{B29D8717-5F6B-4EE8-A395-9EDFC2880DFB}.WP8Debug|x64.ActiveCfg = Debug|Any CPU
		{B29D8717-5F6B-4EE8-A395-9EDFC2880DFB}.WP8Debug|x86.ActiveCfg = Debug|Any CPU
		{B29D8717-5F6B-4EE8-A395-9EDFC2880DFB}.WP8Release|Any CPU.ActiveCfg = Win8CodeAnalysis|Any CPU
		{B29D8717-5F6B-4EE8-A395-9EDFC2880DFB}.WP8Release|Any CPU.Build.0 = Win8CodeAnalysis|Any CPU
		{B29D8717-5F6B-4EE8-A395-9EDFC2880DFB}.WP8Release|ARM.ActiveCfg = Win8CodeAnalysis|Any CPU
		{B29D8717-5F6B-4EE8-A395-9EDFC2880DFB}.WP8Release|x64.ActiveCfg = Win8CodeAnalysis|Any CPU
		{B29D8717-5F6B-4EE8-A395-9EDFC2880DFB}.WP8Release|x86.ActiveCfg = Win8CodeAnalysis|Any CPU
		{881338E6-8524-4040-B919-C2D68E69A976}.Debug|Any CPU.ActiveCfg = Debug|Any CPU
		{881338E6-8524-4040-B919-C2D68E69A976}.Debug|Any CPU.Build.0 = Debug|Any CPU
		{881338E6-8524-4040-B919-C2D68E69A976}.Debug|ARM.ActiveCfg = Debug|Any CPU
		{881338E6-8524-4040-B919-C2D68E69A976}.Debug|x64.ActiveCfg = Debug|Any CPU
		{881338E6-8524-4040-B919-C2D68E69A976}.Debug|x86.ActiveCfg = Debug|Any CPU
		{881338E6-8524-4040-B919-C2D68E69A976}.net45|Any CPU.ActiveCfg = Release|Any CPU
		{881338E6-8524-4040-B919-C2D68E69A976}.net45|Any CPU.Build.0 = Release|Any CPU
		{881338E6-8524-4040-B919-C2D68E69A976}.net45|ARM.ActiveCfg = Release|Any CPU
		{881338E6-8524-4040-B919-C2D68E69A976}.net45|x64.ActiveCfg = Release|Any CPU
		{881338E6-8524-4040-B919-C2D68E69A976}.net45|x86.ActiveCfg = Release|Any CPU
		{881338E6-8524-4040-B919-C2D68E69A976}.Release|Any CPU.ActiveCfg = Release|Any CPU
		{881338E6-8524-4040-B919-C2D68E69A976}.Release|Any CPU.Build.0 = Release|Any CPU
		{881338E6-8524-4040-B919-C2D68E69A976}.Release|ARM.ActiveCfg = Release|Any CPU
		{881338E6-8524-4040-B919-C2D68E69A976}.Release|x64.ActiveCfg = Release|Any CPU
		{881338E6-8524-4040-B919-C2D68E69A976}.Release|x86.ActiveCfg = Release|Any CPU
		{881338E6-8524-4040-B919-C2D68E69A976}.Win7Debug|Any CPU.ActiveCfg = Debug|Any CPU
		{881338E6-8524-4040-B919-C2D68E69A976}.Win7Debug|Any CPU.Build.0 = Debug|Any CPU
		{881338E6-8524-4040-B919-C2D68E69A976}.Win7Debug|ARM.ActiveCfg = Debug|Any CPU
		{881338E6-8524-4040-B919-C2D68E69A976}.Win7Debug|x64.ActiveCfg = Debug|Any CPU
		{881338E6-8524-4040-B919-C2D68E69A976}.Win7Debug|x86.ActiveCfg = Debug|Any CPU
		{881338E6-8524-4040-B919-C2D68E69A976}.Win8CodeAnalysis|Any CPU.ActiveCfg = Release|Any CPU
		{881338E6-8524-4040-B919-C2D68E69A976}.Win8CodeAnalysis|Any CPU.Build.0 = Release|Any CPU
		{881338E6-8524-4040-B919-C2D68E69A976}.Win8CodeAnalysis|ARM.ActiveCfg = Release|Any CPU
		{881338E6-8524-4040-B919-C2D68E69A976}.Win8CodeAnalysis|x64.ActiveCfg = Release|Any CPU
		{881338E6-8524-4040-B919-C2D68E69A976}.Win8CodeAnalysis|x86.ActiveCfg = Release|Any CPU
		{881338E6-8524-4040-B919-C2D68E69A976}.Win8Debug|Any CPU.ActiveCfg = Debug|Any CPU
		{881338E6-8524-4040-B919-C2D68E69A976}.Win8Debug|Any CPU.Build.0 = Debug|Any CPU
		{881338E6-8524-4040-B919-C2D68E69A976}.Win8Debug|ARM.ActiveCfg = Debug|Any CPU
		{881338E6-8524-4040-B919-C2D68E69A976}.Win8Debug|x64.ActiveCfg = Debug|Any CPU
		{881338E6-8524-4040-B919-C2D68E69A976}.Win8Debug|x86.ActiveCfg = Debug|Any CPU
		{881338E6-8524-4040-B919-C2D68E69A976}.Win8Release|Any CPU.ActiveCfg = Release|Any CPU
		{881338E6-8524-4040-B919-C2D68E69A976}.Win8Release|Any CPU.Build.0 = Release|Any CPU
		{881338E6-8524-4040-B919-C2D68E69A976}.Win8Release|ARM.ActiveCfg = Release|Any CPU
		{881338E6-8524-4040-B919-C2D68E69A976}.Win8Release|x64.ActiveCfg = Release|Any CPU
		{881338E6-8524-4040-B919-C2D68E69A976}.Win8Release|x86.ActiveCfg = Release|Any CPU
		{881338E6-8524-4040-B919-C2D68E69A976}.WP8Debug|Any CPU.ActiveCfg = Debug|Any CPU
		{881338E6-8524-4040-B919-C2D68E69A976}.WP8Debug|Any CPU.Build.0 = Debug|Any CPU
		{881338E6-8524-4040-B919-C2D68E69A976}.WP8Debug|ARM.ActiveCfg = Debug|Any CPU
		{881338E6-8524-4040-B919-C2D68E69A976}.WP8Debug|x64.ActiveCfg = Debug|Any CPU
		{881338E6-8524-4040-B919-C2D68E69A976}.WP8Debug|x86.ActiveCfg = Debug|Any CPU
		{881338E6-8524-4040-B919-C2D68E69A976}.WP8Release|Any CPU.ActiveCfg = Release|Any CPU
		{881338E6-8524-4040-B919-C2D68E69A976}.WP8Release|Any CPU.Build.0 = Release|Any CPU
		{881338E6-8524-4040-B919-C2D68E69A976}.WP8Release|ARM.ActiveCfg = Release|Any CPU
		{881338E6-8524-4040-B919-C2D68E69A976}.WP8Release|x64.ActiveCfg = Release|Any CPU
		{881338E6-8524-4040-B919-C2D68E69A976}.WP8Release|x86.ActiveCfg = Release|Any CPU
		{FDCB8D73-B33E-4EEA-9238-1F2427FCA05E}.Debug|Any CPU.ActiveCfg = Debug|Any CPU
		{FDCB8D73-B33E-4EEA-9238-1F2427FCA05E}.Debug|Any CPU.Build.0 = Debug|Any CPU
		{FDCB8D73-B33E-4EEA-9238-1F2427FCA05E}.Debug|ARM.ActiveCfg = Debug|Any CPU
		{FDCB8D73-B33E-4EEA-9238-1F2427FCA05E}.Debug|x64.ActiveCfg = Debug|Any CPU
		{FDCB8D73-B33E-4EEA-9238-1F2427FCA05E}.Debug|x86.ActiveCfg = Debug|Any CPU
		{FDCB8D73-B33E-4EEA-9238-1F2427FCA05E}.net45|Any CPU.ActiveCfg = net45|Any CPU
		{FDCB8D73-B33E-4EEA-9238-1F2427FCA05E}.net45|Any CPU.Build.0 = net45|Any CPU
		{FDCB8D73-B33E-4EEA-9238-1F2427FCA05E}.net45|ARM.ActiveCfg = net45|Any CPU
		{FDCB8D73-B33E-4EEA-9238-1F2427FCA05E}.net45|x64.ActiveCfg = net45|Any CPU
		{FDCB8D73-B33E-4EEA-9238-1F2427FCA05E}.net45|x86.ActiveCfg = net45|Any CPU
		{FDCB8D73-B33E-4EEA-9238-1F2427FCA05E}.Release|Any CPU.ActiveCfg = Win8CodeAnalysis|Any CPU
		{FDCB8D73-B33E-4EEA-9238-1F2427FCA05E}.Release|Any CPU.Build.0 = Win8CodeAnalysis|Any CPU
		{FDCB8D73-B33E-4EEA-9238-1F2427FCA05E}.Release|ARM.ActiveCfg = Win8CodeAnalysis|Any CPU
		{FDCB8D73-B33E-4EEA-9238-1F2427FCA05E}.Release|x64.ActiveCfg = Win8CodeAnalysis|Any CPU
		{FDCB8D73-B33E-4EEA-9238-1F2427FCA05E}.Release|x86.ActiveCfg = Win8CodeAnalysis|Any CPU
		{FDCB8D73-B33E-4EEA-9238-1F2427FCA05E}.Win7Debug|Any CPU.ActiveCfg = Debug|Any CPU
		{FDCB8D73-B33E-4EEA-9238-1F2427FCA05E}.Win7Debug|Any CPU.Build.0 = Debug|Any CPU
		{FDCB8D73-B33E-4EEA-9238-1F2427FCA05E}.Win7Debug|ARM.ActiveCfg = Debug|Any CPU
		{FDCB8D73-B33E-4EEA-9238-1F2427FCA05E}.Win7Debug|x64.ActiveCfg = Debug|Any CPU
		{FDCB8D73-B33E-4EEA-9238-1F2427FCA05E}.Win7Debug|x86.ActiveCfg = Debug|Any CPU
		{FDCB8D73-B33E-4EEA-9238-1F2427FCA05E}.Win8CodeAnalysis|Any CPU.ActiveCfg = Win8CodeAnalysis|Any CPU
		{FDCB8D73-B33E-4EEA-9238-1F2427FCA05E}.Win8CodeAnalysis|Any CPU.Build.0 = Win8CodeAnalysis|Any CPU
		{FDCB8D73-B33E-4EEA-9238-1F2427FCA05E}.Win8CodeAnalysis|ARM.ActiveCfg = Win8CodeAnalysis|Any CPU
		{FDCB8D73-B33E-4EEA-9238-1F2427FCA05E}.Win8CodeAnalysis|x64.ActiveCfg = Win8CodeAnalysis|Any CPU
		{FDCB8D73-B33E-4EEA-9238-1F2427FCA05E}.Win8CodeAnalysis|x86.ActiveCfg = Win8CodeAnalysis|Any CPU
		{FDCB8D73-B33E-4EEA-9238-1F2427FCA05E}.Win8Debug|Any CPU.ActiveCfg = Win8Debug|Any CPU
		{FDCB8D73-B33E-4EEA-9238-1F2427FCA05E}.Win8Debug|Any CPU.Build.0 = Win8Debug|Any CPU
		{FDCB8D73-B33E-4EEA-9238-1F2427FCA05E}.Win8Debug|ARM.ActiveCfg = Win8Debug|Any CPU
		{FDCB8D73-B33E-4EEA-9238-1F2427FCA05E}.Win8Debug|x64.ActiveCfg = Win8Debug|Any CPU
		{FDCB8D73-B33E-4EEA-9238-1F2427FCA05E}.Win8Debug|x86.ActiveCfg = Win8Debug|Any CPU
		{FDCB8D73-B33E-4EEA-9238-1F2427FCA05E}.Win8Release|Any CPU.ActiveCfg = Win8CodeAnalysis|Any CPU
		{FDCB8D73-B33E-4EEA-9238-1F2427FCA05E}.Win8Release|Any CPU.Build.0 = Win8CodeAnalysis|Any CPU
		{FDCB8D73-B33E-4EEA-9238-1F2427FCA05E}.Win8Release|ARM.ActiveCfg = Win8CodeAnalysis|Any CPU
		{FDCB8D73-B33E-4EEA-9238-1F2427FCA05E}.Win8Release|x64.ActiveCfg = Win8CodeAnalysis|Any CPU
		{FDCB8D73-B33E-4EEA-9238-1F2427FCA05E}.Win8Release|x86.ActiveCfg = Win8CodeAnalysis|Any CPU
		{FDCB8D73-B33E-4EEA-9238-1F2427FCA05E}.WP8Debug|Any CPU.ActiveCfg = Debug|Any CPU
		{FDCB8D73-B33E-4EEA-9238-1F2427FCA05E}.WP8Debug|Any CPU.Build.0 = Debug|Any CPU
		{FDCB8D73-B33E-4EEA-9238-1F2427FCA05E}.WP8Debug|ARM.ActiveCfg = Debug|Any CPU
		{FDCB8D73-B33E-4EEA-9238-1F2427FCA05E}.WP8Debug|x64.ActiveCfg = Debug|Any CPU
		{FDCB8D73-B33E-4EEA-9238-1F2427FCA05E}.WP8Debug|x86.ActiveCfg = Debug|Any CPU
		{FDCB8D73-B33E-4EEA-9238-1F2427FCA05E}.WP8Release|Any CPU.ActiveCfg = Win8CodeAnalysis|Any CPU
		{FDCB8D73-B33E-4EEA-9238-1F2427FCA05E}.WP8Release|Any CPU.Build.0 = Win8CodeAnalysis|Any CPU
		{FDCB8D73-B33E-4EEA-9238-1F2427FCA05E}.WP8Release|ARM.ActiveCfg = Win8CodeAnalysis|Any CPU
		{FDCB8D73-B33E-4EEA-9238-1F2427FCA05E}.WP8Release|x64.ActiveCfg = Win8CodeAnalysis|Any CPU
		{FDCB8D73-B33E-4EEA-9238-1F2427FCA05E}.WP8Release|x86.ActiveCfg = Win8CodeAnalysis|Any CPU
	EndGlobalSection
	GlobalSection(SolutionProperties) = preSolution
		HideSolutionNode = FALSE
	EndGlobalSection
	GlobalSection(NestedProjects) = preSolution
		{C3563843-AF29-4670-AD74-102EDCA45B38} = {D349ECC7-4A95-4976-9FF9-FE25E8C25AFD}
		{7740A46F-0809-49D2-BD34-71F6D8B6D2CC} = {ED6CF77E-AEE0-4B3D-95D5-694D05DADE98}
		{8284F48F-965E-4E6D-BBD5-1CF5732D73BB} = {D349ECC7-4A95-4976-9FF9-FE25E8C25AFD}
		{018FF216-7048-4B2F-A193-D2F8B20FB03D} = {ED6CF77E-AEE0-4B3D-95D5-694D05DADE98}
		{565C9611-C980-4E06-AE7E-8150CDA4CD37} = {6629CAC4-D3C9-4E68-BF83-6A3F49217C5B}
		{FF735354-FF98-4B1E-9560-AC65D028FDF8} = {041F095D-DED1-43AB-B59A-F99B5D12F4E4}
		{26FD6C22-2141-4994-85CB-5A730C910AA2} = {ED6CF77E-AEE0-4B3D-95D5-694D05DADE98}
		{5A7A508E-DE0C-4C5F-A1DD-B5C2C2B7952C} = {565C9611-C980-4E06-AE7E-8150CDA4CD37}
		{38EEFB93-65D6-46B3-973A-8628B4A0F7EB} = {565C9611-C980-4E06-AE7E-8150CDA4CD37}
		{80465E35-0C97-4FC6-B719-38722FFB98E9} = {565C9611-C980-4E06-AE7E-8150CDA4CD37}
		{3BC0070F-F405-4A11-AD8A-03FE7508B3B0} = {D349ECC7-4A95-4976-9FF9-FE25E8C25AFD}
		{AECE17C4-C423-45EE-93F8-A888C6BDA617} = {6629CAC4-D3C9-4E68-BF83-6A3F49217C5B}
		{8CC127C8-19F0-42DF-8454-129B3566EF54} = {ED6CF77E-AEE0-4B3D-95D5-694D05DADE98}
		{B29D8717-5F6B-4EE8-A395-9EDFC2880DFB} = {D349ECC7-4A95-4976-9FF9-FE25E8C25AFD}
		{881338E6-8524-4040-B919-C2D68E69A976} = {6775541C-374C-4251-9CDA-6B4C223FD3F0}
		{FDCB8D73-B33E-4EEA-9238-1F2427FCA05E} = {ED6CF77E-AEE0-4B3D-95D5-694D05DADE98}
	EndGlobalSection
EndGlobal
