
Microsoft Visual Studio Solution File, Format Version 12.00
# Visual Studio 2013
VisualStudioVersion = 12.0.30626.0
MinimumVisualStudioVersion = 10.0.40219.1
Project("{FAE04EC0-301F-11D3-BF4B-00C04F79EFBC}") = "Odyssey.Common", "Source\Odyssey.Common\Odyssey.Common.csproj", "{26FD6C22-2141-4994-85CB-5A730C910AA2}"
EndProject
Project("{2150E333-8FDC-42A3-9474-1A3956D46DE8}") = "Engine", "Engine", "{5E89462A-E334-4DC6-A827-24A453212437}"
EndProject
Project("{2150E333-8FDC-42A3-9474-1A3956D46DE8}") = "Tools", "Tools", "{79BD8914-5011-4E46-A989-D4BDFE2EDFA6}"
EndProject
Project("{2150E333-8FDC-42A3-9474-1A3956D46DE8}") = "Build", "Build", "{5887B75B-4E9C-4648-A744-942D0D720499}"
	ProjectSection(SolutionItems) = preProject
		Odyssey.proj = Odyssey.proj
	EndProjectSection
EndProject
Project("{FAE04EC0-301F-11D3-BF4B-00C04F79EFBC}") = "Odyssey.Daedalus", "Source\Tools\Odyssey.Daedalus\Odyssey.Daedalus.csproj", "{AECE17C4-C423-45EE-93F8-A888C6BDA617}"
EndProject
Project("{2150E333-8FDC-42A3-9474-1A3956D46DE8}") = "Platforms", "Platforms", "{3E09140D-0EB7-4754-9867-18135EE68DBF}"
EndProject
Project("{FAE04EC0-301F-11D3-BF4B-00C04F79EFBC}") = "Odyssey.Windows.WPF", "Source\Odyssey.Windows.WPF\Odyssey.Windows.WPF.csproj", "{3BC0070F-F405-4A11-AD8A-03FE7508B3B0}"
EndProject
Project("{FAE04EC0-301F-11D3-BF4B-00C04F79EFBC}") = "Odyssey.Interaction", "Source\Odyssey.Interaction\Odyssey.Interaction.csproj", "{7740A46F-0809-49D2-BD34-71F6D8B6D2CC}"
EndProject
Project("{FAE04EC0-301F-11D3-BF4B-00C04F79EFBC}") = "Odyssey.Renderer", "Source\Odyssey.Renderer\Odyssey.Renderer.csproj", "{018FF216-7048-4B2F-A193-D2F8B20FB03D}"
EndProject
Project("{FAE04EC0-301F-11D3-BF4B-00C04F79EFBC}") = "Odyssey.Renderer2D", "Source\Odyssey.Renderer2D\Odyssey.Renderer2D.csproj", "{8CC127C8-19F0-42DF-8454-129B3566EF54}"
EndProject
Project("{FAE04EC0-301F-11D3-BF4B-00C04F79EFBC}") = "Odyssey.Talos", "Source\Odyssey.Talos\Odyssey.Talos.csproj", "{7E2BC73B-CB14-4D62-89AE-A0EB5A1EAF93}"
EndProject
Project("{FAE04EC0-301F-11D3-BF4B-00C04F79EFBC}") = "omodel", "Source\Tools\omodel\omodel.csproj", "{5A7A508E-DE0C-4C5F-A1DD-B5C2C2B7952C}"
EndProject
Project("{FAE04EC0-301F-11D3-BF4B-00C04F79EFBC}") = "Odyssey.Tools.Compiler", "Source\Tools\Odyssey.Tools.Compiler\Odyssey.Tools.Compiler.csproj", "{38EEFB93-65D6-46B3-973A-8628B4A0F7EB}"
EndProject
Project("{FAE04EC0-301F-11D3-BF4B-00C04F79EFBC}") = "Odyssey.Tools.CompilerTask", "Source\Tools\Odyssey.Tools.CompilerTask\Odyssey.Tools.CompilerTask.csproj", "{80465E35-0C97-4FC6-B719-38722FFB98E9}"
EndProject
Project("{FAE04EC0-301F-11D3-BF4B-00C04F79EFBC}") = "Odyssey.Geometry", "Source\Odyssey.Geometry\Odyssey.Geometry.csproj", "{FF735354-FF98-4B1E-9560-AC65D028FDF8}"
EndProject
Project("{FAE04EC0-301F-11D3-BF4B-00C04F79EFBC}") = "Odyssey.Interaction.Windows", "Source\Odyssey.Interaction.Windows\Odyssey.Interaction.Windows.csproj", "{B29D8717-5F6B-4EE8-A395-9EDFC2880DFB}"
EndProject
Project("{FAE04EC0-301F-11D3-BF4B-00C04F79EFBC}") = "Odyssey.Windows", "Source\Odyssey.Windows\Odyssey.Windows.csproj", "{8284F48F-965E-4E6D-BBD5-1CF5732D73BB}"
EndProject
Global
	GlobalSection(SolutionConfigurationPlatforms) = preSolution
		Debug|Any CPU = Debug|Any CPU
		net45|Any CPU = net45|Any CPU
		Release|Any CPU = Release|Any CPU
		Win7Debug|Any CPU = Win7Debug|Any CPU
		Win8CodeAnalysis|Any CPU = Win8CodeAnalysis|Any CPU
		Win8Debug|Any CPU = Win8Debug|Any CPU
		Win8Release|Any CPU = Win8Release|Any CPU
		WP8Debug|Any CPU = WP8Debug|Any CPU
		WP8Release|Any CPU = WP8Release|Any CPU
	EndGlobalSection
	GlobalSection(ProjectConfigurationPlatforms) = postSolution
		{26FD6C22-2141-4994-85CB-5A730C910AA2}.Debug|Any CPU.ActiveCfg = Debug|Any CPU
		{26FD6C22-2141-4994-85CB-5A730C910AA2}.Debug|Any CPU.Build.0 = Debug|Any CPU
		{26FD6C22-2141-4994-85CB-5A730C910AA2}.net45|Any CPU.ActiveCfg = net45|Any CPU
		{26FD6C22-2141-4994-85CB-5A730C910AA2}.net45|Any CPU.Build.0 = net45|Any CPU
		{26FD6C22-2141-4994-85CB-5A730C910AA2}.Release|Any CPU.ActiveCfg = Win8CodeAnalysis|Any CPU
		{26FD6C22-2141-4994-85CB-5A730C910AA2}.Release|Any CPU.Build.0 = Win8CodeAnalysis|Any CPU
		{26FD6C22-2141-4994-85CB-5A730C910AA2}.Win7Debug|Any CPU.ActiveCfg = Debug|Any CPU
		{26FD6C22-2141-4994-85CB-5A730C910AA2}.Win7Debug|Any CPU.Build.0 = Debug|Any CPU
		{26FD6C22-2141-4994-85CB-5A730C910AA2}.Win8CodeAnalysis|Any CPU.ActiveCfg = Win8CodeAnalysis|Any CPU
		{26FD6C22-2141-4994-85CB-5A730C910AA2}.Win8CodeAnalysis|Any CPU.Build.0 = Win8CodeAnalysis|Any CPU
		{26FD6C22-2141-4994-85CB-5A730C910AA2}.Win8Debug|Any CPU.ActiveCfg = Win8Debug|Any CPU
		{26FD6C22-2141-4994-85CB-5A730C910AA2}.Win8Debug|Any CPU.Build.0 = Win8Debug|Any CPU
		{26FD6C22-2141-4994-85CB-5A730C910AA2}.Win8Release|Any CPU.ActiveCfg = Win8CodeAnalysis|Any CPU
		{26FD6C22-2141-4994-85CB-5A730C910AA2}.Win8Release|Any CPU.Build.0 = Win8CodeAnalysis|Any CPU
		{26FD6C22-2141-4994-85CB-5A730C910AA2}.WP8Debug|Any CPU.ActiveCfg = Debug|Any CPU
		{26FD6C22-2141-4994-85CB-5A730C910AA2}.WP8Debug|Any CPU.Build.0 = Debug|Any CPU
		{26FD6C22-2141-4994-85CB-5A730C910AA2}.WP8Release|Any CPU.ActiveCfg = Win8CodeAnalysis|Any CPU
		{26FD6C22-2141-4994-85CB-5A730C910AA2}.WP8Release|Any CPU.Build.0 = Win8CodeAnalysis|Any CPU
		{AECE17C4-C423-45EE-93F8-A888C6BDA617}.Debug|Any CPU.ActiveCfg = Debug|Any CPU
		{AECE17C4-C423-45EE-93F8-A888C6BDA617}.Debug|Any CPU.Build.0 = Debug|Any CPU
		{AECE17C4-C423-45EE-93F8-A888C6BDA617}.net45|Any CPU.ActiveCfg = net45|Any CPU
		{AECE17C4-C423-45EE-93F8-A888C6BDA617}.net45|Any CPU.Build.0 = net45|Any CPU
		{AECE17C4-C423-45EE-93F8-A888C6BDA617}.Release|Any CPU.ActiveCfg = Win8CodeAnalysis|Any CPU
		{AECE17C4-C423-45EE-93F8-A888C6BDA617}.Release|Any CPU.Build.0 = Win8CodeAnalysis|Any CPU
		{AECE17C4-C423-45EE-93F8-A888C6BDA617}.Win7Debug|Any CPU.ActiveCfg = Debug|Any CPU
		{AECE17C4-C423-45EE-93F8-A888C6BDA617}.Win7Debug|Any CPU.Build.0 = Debug|Any CPU
		{AECE17C4-C423-45EE-93F8-A888C6BDA617}.Win8CodeAnalysis|Any CPU.ActiveCfg = Win8CodeAnalysis|Any CPU
		{AECE17C4-C423-45EE-93F8-A888C6BDA617}.Win8CodeAnalysis|Any CPU.Build.0 = Win8CodeAnalysis|Any CPU
		{AECE17C4-C423-45EE-93F8-A888C6BDA617}.Win8Debug|Any CPU.ActiveCfg = net45|Any CPU
		{AECE17C4-C423-45EE-93F8-A888C6BDA617}.Win8Debug|Any CPU.Build.0 = net45|Any CPU
		{AECE17C4-C423-45EE-93F8-A888C6BDA617}.Win8Release|Any CPU.ActiveCfg = Win8CodeAnalysis|Any CPU
		{AECE17C4-C423-45EE-93F8-A888C6BDA617}.Win8Release|Any CPU.Build.0 = Win8CodeAnalysis|Any CPU
		{AECE17C4-C423-45EE-93F8-A888C6BDA617}.WP8Debug|Any CPU.ActiveCfg = Debug|Any CPU
		{AECE17C4-C423-45EE-93F8-A888C6BDA617}.WP8Debug|Any CPU.Build.0 = Debug|Any CPU
		{AECE17C4-C423-45EE-93F8-A888C6BDA617}.WP8Release|Any CPU.ActiveCfg = Win8CodeAnalysis|Any CPU
		{AECE17C4-C423-45EE-93F8-A888C6BDA617}.WP8Release|Any CPU.Build.0 = Win8CodeAnalysis|Any CPU
		{3BC0070F-F405-4A11-AD8A-03FE7508B3B0}.Debug|Any CPU.ActiveCfg = Debug|Any CPU
		{3BC0070F-F405-4A11-AD8A-03FE7508B3B0}.Debug|Any CPU.Build.0 = Debug|Any CPU
		{3BC0070F-F405-4A11-AD8A-03FE7508B3B0}.net45|Any CPU.ActiveCfg = net45|Any CPU
		{3BC0070F-F405-4A11-AD8A-03FE7508B3B0}.net45|Any CPU.Build.0 = net45|Any CPU
		{3BC0070F-F405-4A11-AD8A-03FE7508B3B0}.Release|Any CPU.ActiveCfg = Win8CodeAnalysis|Any CPU
		{3BC0070F-F405-4A11-AD8A-03FE7508B3B0}.Release|Any CPU.Build.0 = Win8CodeAnalysis|Any CPU
		{3BC0070F-F405-4A11-AD8A-03FE7508B3B0}.Win7Debug|Any CPU.ActiveCfg = Debug|Any CPU
		{3BC0070F-F405-4A11-AD8A-03FE7508B3B0}.Win7Debug|Any CPU.Build.0 = Debug|Any CPU
		{3BC0070F-F405-4A11-AD8A-03FE7508B3B0}.Win8CodeAnalysis|Any CPU.ActiveCfg = Win8CodeAnalysis|Any CPU
		{3BC0070F-F405-4A11-AD8A-03FE7508B3B0}.Win8CodeAnalysis|Any CPU.Build.0 = Win8CodeAnalysis|Any CPU
		{3BC0070F-F405-4A11-AD8A-03FE7508B3B0}.Win8Debug|Any CPU.ActiveCfg = net45|Any CPU
		{3BC0070F-F405-4A11-AD8A-03FE7508B3B0}.Win8Debug|Any CPU.Build.0 = net45|Any CPU
		{3BC0070F-F405-4A11-AD8A-03FE7508B3B0}.Win8Release|Any CPU.ActiveCfg = Win8CodeAnalysis|Any CPU
		{3BC0070F-F405-4A11-AD8A-03FE7508B3B0}.Win8Release|Any CPU.Build.0 = Win8CodeAnalysis|Any CPU
		{3BC0070F-F405-4A11-AD8A-03FE7508B3B0}.WP8Debug|Any CPU.ActiveCfg = Debug|Any CPU
		{3BC0070F-F405-4A11-AD8A-03FE7508B3B0}.WP8Debug|Any CPU.Build.0 = Debug|Any CPU
		{3BC0070F-F405-4A11-AD8A-03FE7508B3B0}.WP8Release|Any CPU.ActiveCfg = Win8CodeAnalysis|Any CPU
		{3BC0070F-F405-4A11-AD8A-03FE7508B3B0}.WP8Release|Any CPU.Build.0 = Win8CodeAnalysis|Any CPU
		{7740A46F-0809-49D2-BD34-71F6D8B6D2CC}.Debug|Any CPU.ActiveCfg = Debug|Any CPU
		{7740A46F-0809-49D2-BD34-71F6D8B6D2CC}.Debug|Any CPU.Build.0 = Debug|Any CPU
		{7740A46F-0809-49D2-BD34-71F6D8B6D2CC}.net45|Any CPU.ActiveCfg = net45|Any CPU
		{7740A46F-0809-49D2-BD34-71F6D8B6D2CC}.net45|Any CPU.Build.0 = net45|Any CPU
		{7740A46F-0809-49D2-BD34-71F6D8B6D2CC}.Release|Any CPU.ActiveCfg = Win7Debug|Any CPU
		{7740A46F-0809-49D2-BD34-71F6D8B6D2CC}.Release|Any CPU.Build.0 = Win7Debug|Any CPU
		{7740A46F-0809-49D2-BD34-71F6D8B6D2CC}.Win7Debug|Any CPU.ActiveCfg = Win7Debug|Any CPU
		{7740A46F-0809-49D2-BD34-71F6D8B6D2CC}.Win7Debug|Any CPU.Build.0 = Win7Debug|Any CPU
		{7740A46F-0809-49D2-BD34-71F6D8B6D2CC}.Win8CodeAnalysis|Any CPU.ActiveCfg = Win8CodeAnalysis|Any CPU
		{7740A46F-0809-49D2-BD34-71F6D8B6D2CC}.Win8CodeAnalysis|Any CPU.Build.0 = Win8CodeAnalysis|Any CPU
		{7740A46F-0809-49D2-BD34-71F6D8B6D2CC}.Win8Debug|Any CPU.ActiveCfg = Win8Debug|Any CPU
		{7740A46F-0809-49D2-BD34-71F6D8B6D2CC}.Win8Debug|Any CPU.Build.0 = Win8Debug|Any CPU
		{7740A46F-0809-49D2-BD34-71F6D8B6D2CC}.Win8Release|Any CPU.ActiveCfg = Win8CodeAnalysis|Any CPU
		{7740A46F-0809-49D2-BD34-71F6D8B6D2CC}.Win8Release|Any CPU.Build.0 = Win8CodeAnalysis|Any CPU
		{7740A46F-0809-49D2-BD34-71F6D8B6D2CC}.WP8Debug|Any CPU.ActiveCfg = Debug|Any CPU
		{7740A46F-0809-49D2-BD34-71F6D8B6D2CC}.WP8Debug|Any CPU.Build.0 = Debug|Any CPU
		{7740A46F-0809-49D2-BD34-71F6D8B6D2CC}.WP8Release|Any CPU.ActiveCfg = Win7Debug|Any CPU
		{7740A46F-0809-49D2-BD34-71F6D8B6D2CC}.WP8Release|Any CPU.Build.0 = Win7Debug|Any CPU
		{018FF216-7048-4B2F-A193-D2F8B20FB03D}.Debug|Any CPU.ActiveCfg = Debug|Any CPU
		{018FF216-7048-4B2F-A193-D2F8B20FB03D}.Debug|Any CPU.Build.0 = Debug|Any CPU
		{018FF216-7048-4B2F-A193-D2F8B20FB03D}.net45|Any CPU.ActiveCfg = net45|Any CPU
		{018FF216-7048-4B2F-A193-D2F8B20FB03D}.net45|Any CPU.Build.0 = net45|Any CPU
		{018FF216-7048-4B2F-A193-D2F8B20FB03D}.Release|Any CPU.ActiveCfg = Win8CodeAnalysis|Any CPU
		{018FF216-7048-4B2F-A193-D2F8B20FB03D}.Release|Any CPU.Build.0 = Win8CodeAnalysis|Any CPU
		{018FF216-7048-4B2F-A193-D2F8B20FB03D}.Win7Debug|Any CPU.ActiveCfg = Debug|Any CPU
		{018FF216-7048-4B2F-A193-D2F8B20FB03D}.Win7Debug|Any CPU.Build.0 = Debug|Any CPU
		{018FF216-7048-4B2F-A193-D2F8B20FB03D}.Win8CodeAnalysis|Any CPU.ActiveCfg = Win8CodeAnalysis|Any CPU
		{018FF216-7048-4B2F-A193-D2F8B20FB03D}.Win8CodeAnalysis|Any CPU.Build.0 = Win8CodeAnalysis|Any CPU
		{018FF216-7048-4B2F-A193-D2F8B20FB03D}.Win8Debug|Any CPU.ActiveCfg = Win8Debug|Any CPU
		{018FF216-7048-4B2F-A193-D2F8B20FB03D}.Win8Debug|Any CPU.Build.0 = Win8Debug|Any CPU
		{018FF216-7048-4B2F-A193-D2F8B20FB03D}.Win8Release|Any CPU.ActiveCfg = Win8CodeAnalysis|Any CPU
		{018FF216-7048-4B2F-A193-D2F8B20FB03D}.Win8Release|Any CPU.Build.0 = Win8CodeAnalysis|Any CPU
		{018FF216-7048-4B2F-A193-D2F8B20FB03D}.WP8Debug|Any CPU.ActiveCfg = Debug|Any CPU
		{018FF216-7048-4B2F-A193-D2F8B20FB03D}.WP8Debug|Any CPU.Build.0 = Debug|Any CPU
		{018FF216-7048-4B2F-A193-D2F8B20FB03D}.WP8Release|Any CPU.ActiveCfg = Win8CodeAnalysis|Any CPU
		{018FF216-7048-4B2F-A193-D2F8B20FB03D}.WP8Release|Any CPU.Build.0 = Win8CodeAnalysis|Any CPU
		{8CC127C8-19F0-42DF-8454-129B3566EF54}.Debug|Any CPU.ActiveCfg = Debug|Any CPU
		{8CC127C8-19F0-42DF-8454-129B3566EF54}.Debug|Any CPU.Build.0 = Debug|Any CPU
		{8CC127C8-19F0-42DF-8454-129B3566EF54}.net45|Any CPU.ActiveCfg = net45|Any CPU
		{8CC127C8-19F0-42DF-8454-129B3566EF54}.net45|Any CPU.Build.0 = net45|Any CPU
		{8CC127C8-19F0-42DF-8454-129B3566EF54}.Release|Any CPU.ActiveCfg = Win8CodeAnalysis|Any CPU
		{8CC127C8-19F0-42DF-8454-129B3566EF54}.Release|Any CPU.Build.0 = Win8CodeAnalysis|Any CPU
		{8CC127C8-19F0-42DF-8454-129B3566EF54}.Win7Debug|Any CPU.ActiveCfg = Debug|Any CPU
		{8CC127C8-19F0-42DF-8454-129B3566EF54}.Win7Debug|Any CPU.Build.0 = Debug|Any CPU
		{8CC127C8-19F0-42DF-8454-129B3566EF54}.Win8CodeAnalysis|Any CPU.ActiveCfg = Win8CodeAnalysis|Any CPU
		{8CC127C8-19F0-42DF-8454-129B3566EF54}.Win8CodeAnalysis|Any CPU.Build.0 = Win8CodeAnalysis|Any CPU
		{8CC127C8-19F0-42DF-8454-129B3566EF54}.Win8Debug|Any CPU.ActiveCfg = Win8Debug|Any CPU
		{8CC127C8-19F0-42DF-8454-129B3566EF54}.Win8Debug|Any CPU.Build.0 = Win8Debug|Any CPU
		{8CC127C8-19F0-42DF-8454-129B3566EF54}.Win8Release|Any CPU.ActiveCfg = Win8CodeAnalysis|Any CPU
		{8CC127C8-19F0-42DF-8454-129B3566EF54}.Win8Release|Any CPU.Build.0 = Win8CodeAnalysis|Any CPU
		{8CC127C8-19F0-42DF-8454-129B3566EF54}.WP8Debug|Any CPU.ActiveCfg = Debug|Any CPU
		{8CC127C8-19F0-42DF-8454-129B3566EF54}.WP8Debug|Any CPU.Build.0 = Debug|Any CPU
		{8CC127C8-19F0-42DF-8454-129B3566EF54}.WP8Release|Any CPU.ActiveCfg = Win8CodeAnalysis|Any CPU
		{8CC127C8-19F0-42DF-8454-129B3566EF54}.WP8Release|Any CPU.Build.0 = Win8CodeAnalysis|Any CPU
		{7E2BC73B-CB14-4D62-89AE-A0EB5A1EAF93}.Debug|Any CPU.ActiveCfg = Debug|Any CPU
		{7E2BC73B-CB14-4D62-89AE-A0EB5A1EAF93}.Debug|Any CPU.Build.0 = Debug|Any CPU
		{7E2BC73B-CB14-4D62-89AE-A0EB5A1EAF93}.net45|Any CPU.ActiveCfg = net45|Any CPU
		{7E2BC73B-CB14-4D62-89AE-A0EB5A1EAF93}.net45|Any CPU.Build.0 = net45|Any CPU
		{7E2BC73B-CB14-4D62-89AE-A0EB5A1EAF93}.Release|Any CPU.ActiveCfg = Win8CodeAnalysis|Any CPU
		{7E2BC73B-CB14-4D62-89AE-A0EB5A1EAF93}.Release|Any CPU.Build.0 = Win8CodeAnalysis|Any CPU
		{7E2BC73B-CB14-4D62-89AE-A0EB5A1EAF93}.Win7Debug|Any CPU.ActiveCfg = Debug|Any CPU
		{7E2BC73B-CB14-4D62-89AE-A0EB5A1EAF93}.Win7Debug|Any CPU.Build.0 = Debug|Any CPU
		{7E2BC73B-CB14-4D62-89AE-A0EB5A1EAF93}.Win8CodeAnalysis|Any CPU.ActiveCfg = Win8CodeAnalysis|Any CPU
		{7E2BC73B-CB14-4D62-89AE-A0EB5A1EAF93}.Win8CodeAnalysis|Any CPU.Build.0 = Win8CodeAnalysis|Any CPU
		{7E2BC73B-CB14-4D62-89AE-A0EB5A1EAF93}.Win8Debug|Any CPU.ActiveCfg = Win8Debug|Any CPU
		{7E2BC73B-CB14-4D62-89AE-A0EB5A1EAF93}.Win8Debug|Any CPU.Build.0 = Win8Debug|Any CPU
		{7E2BC73B-CB14-4D62-89AE-A0EB5A1EAF93}.Win8Release|Any CPU.ActiveCfg = Win8CodeAnalysis|Any CPU
		{7E2BC73B-CB14-4D62-89AE-A0EB5A1EAF93}.Win8Release|Any CPU.Build.0 = Win8CodeAnalysis|Any CPU
		{7E2BC73B-CB14-4D62-89AE-A0EB5A1EAF93}.WP8Debug|Any CPU.ActiveCfg = Debug|Any CPU
		{7E2BC73B-CB14-4D62-89AE-A0EB5A1EAF93}.WP8Debug|Any CPU.Build.0 = Debug|Any CPU
		{7E2BC73B-CB14-4D62-89AE-A0EB5A1EAF93}.WP8Release|Any CPU.ActiveCfg = Win8CodeAnalysis|Any CPU
		{7E2BC73B-CB14-4D62-89AE-A0EB5A1EAF93}.WP8Release|Any CPU.Build.0 = Win8CodeAnalysis|Any CPU
		{5A7A508E-DE0C-4C5F-A1DD-B5C2C2B7952C}.Debug|Any CPU.ActiveCfg = Debug|Any CPU
		{5A7A508E-DE0C-4C5F-A1DD-B5C2C2B7952C}.Debug|Any CPU.Build.0 = Debug|Any CPU
		{5A7A508E-DE0C-4C5F-A1DD-B5C2C2B7952C}.net45|Any CPU.ActiveCfg = Release|Any CPU
		{5A7A508E-DE0C-4C5F-A1DD-B5C2C2B7952C}.net45|Any CPU.Build.0 = Release|Any CPU
		{5A7A508E-DE0C-4C5F-A1DD-B5C2C2B7952C}.Release|Any CPU.ActiveCfg = Release|Any CPU
		{5A7A508E-DE0C-4C5F-A1DD-B5C2C2B7952C}.Release|Any CPU.Build.0 = Release|Any CPU
		{5A7A508E-DE0C-4C5F-A1DD-B5C2C2B7952C}.Win7Debug|Any CPU.ActiveCfg = Debug|Any CPU
		{5A7A508E-DE0C-4C5F-A1DD-B5C2C2B7952C}.Win7Debug|Any CPU.Build.0 = Debug|Any CPU
		{5A7A508E-DE0C-4C5F-A1DD-B5C2C2B7952C}.Win8CodeAnalysis|Any CPU.ActiveCfg = Release|Any CPU
		{5A7A508E-DE0C-4C5F-A1DD-B5C2C2B7952C}.Win8CodeAnalysis|Any CPU.Build.0 = Release|Any CPU
		{5A7A508E-DE0C-4C5F-A1DD-B5C2C2B7952C}.Win8Debug|Any CPU.ActiveCfg = Debug|Any CPU
		{5A7A508E-DE0C-4C5F-A1DD-B5C2C2B7952C}.Win8Debug|Any CPU.Build.0 = Debug|Any CPU
		{5A7A508E-DE0C-4C5F-A1DD-B5C2C2B7952C}.Win8Release|Any CPU.ActiveCfg = Release|Any CPU
		{5A7A508E-DE0C-4C5F-A1DD-B5C2C2B7952C}.Win8Release|Any CPU.Build.0 = Release|Any CPU
		{5A7A508E-DE0C-4C5F-A1DD-B5C2C2B7952C}.WP8Debug|Any CPU.ActiveCfg = Debug|Any CPU
		{5A7A508E-DE0C-4C5F-A1DD-B5C2C2B7952C}.WP8Debug|Any CPU.Build.0 = Debug|Any CPU
		{5A7A508E-DE0C-4C5F-A1DD-B5C2C2B7952C}.WP8Release|Any CPU.ActiveCfg = Release|Any CPU
		{5A7A508E-DE0C-4C5F-A1DD-B5C2C2B7952C}.WP8Release|Any CPU.Build.0 = Release|Any CPU
		{38EEFB93-65D6-46B3-973A-8628B4A0F7EB}.Debug|Any CPU.ActiveCfg = Debug|Any CPU
		{38EEFB93-65D6-46B3-973A-8628B4A0F7EB}.Debug|Any CPU.Build.0 = Debug|Any CPU
		{38EEFB93-65D6-46B3-973A-8628B4A0F7EB}.net45|Any CPU.ActiveCfg = Release|Any CPU
		{38EEFB93-65D6-46B3-973A-8628B4A0F7EB}.net45|Any CPU.Build.0 = Release|Any CPU
		{38EEFB93-65D6-46B3-973A-8628B4A0F7EB}.Release|Any CPU.ActiveCfg = Release|Any CPU
		{38EEFB93-65D6-46B3-973A-8628B4A0F7EB}.Release|Any CPU.Build.0 = Release|Any CPU
		{38EEFB93-65D6-46B3-973A-8628B4A0F7EB}.Win7Debug|Any CPU.ActiveCfg = Debug|Any CPU
		{38EEFB93-65D6-46B3-973A-8628B4A0F7EB}.Win7Debug|Any CPU.Build.0 = Debug|Any CPU
		{38EEFB93-65D6-46B3-973A-8628B4A0F7EB}.Win8CodeAnalysis|Any CPU.ActiveCfg = Release|Any CPU
		{38EEFB93-65D6-46B3-973A-8628B4A0F7EB}.Win8CodeAnalysis|Any CPU.Build.0 = Release|Any CPU
		{38EEFB93-65D6-46B3-973A-8628B4A0F7EB}.Win8Debug|Any CPU.ActiveCfg = Debug|Any CPU
		{38EEFB93-65D6-46B3-973A-8628B4A0F7EB}.Win8Debug|Any CPU.Build.0 = Debug|Any CPU
		{38EEFB93-65D6-46B3-973A-8628B4A0F7EB}.Win8Release|Any CPU.ActiveCfg = Release|Any CPU
		{38EEFB93-65D6-46B3-973A-8628B4A0F7EB}.Win8Release|Any CPU.Build.0 = Release|Any CPU
		{38EEFB93-65D6-46B3-973A-8628B4A0F7EB}.WP8Debug|Any CPU.ActiveCfg = Debug|Any CPU
		{38EEFB93-65D6-46B3-973A-8628B4A0F7EB}.WP8Debug|Any CPU.Build.0 = Debug|Any CPU
		{38EEFB93-65D6-46B3-973A-8628B4A0F7EB}.WP8Release|Any CPU.ActiveCfg = Release|Any CPU
		{38EEFB93-65D6-46B3-973A-8628B4A0F7EB}.WP8Release|Any CPU.Build.0 = Release|Any CPU
		{80465E35-0C97-4FC6-B719-38722FFB98E9}.Debug|Any CPU.ActiveCfg = Debug|Any CPU
		{80465E35-0C97-4FC6-B719-38722FFB98E9}.Debug|Any CPU.Build.0 = Debug|Any CPU
		{80465E35-0C97-4FC6-B719-38722FFB98E9}.net45|Any CPU.ActiveCfg = Release|Any CPU
		{80465E35-0C97-4FC6-B719-38722FFB98E9}.net45|Any CPU.Build.0 = Release|Any CPU
		{80465E35-0C97-4FC6-B719-38722FFB98E9}.Release|Any CPU.ActiveCfg = Release|Any CPU
		{80465E35-0C97-4FC6-B719-38722FFB98E9}.Release|Any CPU.Build.0 = Release|Any CPU
		{80465E35-0C97-4FC6-B719-38722FFB98E9}.Win7Debug|Any CPU.ActiveCfg = Debug|Any CPU
		{80465E35-0C97-4FC6-B719-38722FFB98E9}.Win7Debug|Any CPU.Build.0 = Debug|Any CPU
		{80465E35-0C97-4FC6-B719-38722FFB98E9}.Win8CodeAnalysis|Any CPU.ActiveCfg = Release|Any CPU
		{80465E35-0C97-4FC6-B719-38722FFB98E9}.Win8CodeAnalysis|Any CPU.Build.0 = Release|Any CPU
		{80465E35-0C97-4FC6-B719-38722FFB98E9}.Win8Debug|Any CPU.ActiveCfg = Debug|Any CPU
		{80465E35-0C97-4FC6-B719-38722FFB98E9}.Win8Debug|Any CPU.Build.0 = Debug|Any CPU
		{80465E35-0C97-4FC6-B719-38722FFB98E9}.Win8Release|Any CPU.ActiveCfg = Release|Any CPU
		{80465E35-0C97-4FC6-B719-38722FFB98E9}.Win8Release|Any CPU.Build.0 = Release|Any CPU
		{80465E35-0C97-4FC6-B719-38722FFB98E9}.WP8Debug|Any CPU.ActiveCfg = Debug|Any CPU
		{80465E35-0C97-4FC6-B719-38722FFB98E9}.WP8Debug|Any CPU.Build.0 = Debug|Any CPU
		{80465E35-0C97-4FC6-B719-38722FFB98E9}.WP8Release|Any CPU.ActiveCfg = Release|Any CPU
		{80465E35-0C97-4FC6-B719-38722FFB98E9}.WP8Release|Any CPU.Build.0 = Release|Any CPU
		{FF735354-FF98-4B1E-9560-AC65D028FDF8}.Debug|Any CPU.ActiveCfg = Debug|Any CPU
		{FF735354-FF98-4B1E-9560-AC65D028FDF8}.Debug|Any CPU.Build.0 = Debug|Any CPU
		{FF735354-FF98-4B1E-9560-AC65D028FDF8}.net45|Any CPU.ActiveCfg = net45|Any CPU
		{FF735354-FF98-4B1E-9560-AC65D028FDF8}.net45|Any CPU.Build.0 = net45|Any CPU
		{FF735354-FF98-4B1E-9560-AC65D028FDF8}.Release|Any CPU.ActiveCfg = Win8CodeAnalysis|Any CPU
		{FF735354-FF98-4B1E-9560-AC65D028FDF8}.Release|Any CPU.Build.0 = Win8CodeAnalysis|Any CPU
		{FF735354-FF98-4B1E-9560-AC65D028FDF8}.Win7Debug|Any CPU.ActiveCfg = Debug|Any CPU
		{FF735354-FF98-4B1E-9560-AC65D028FDF8}.Win7Debug|Any CPU.Build.0 = Debug|Any CPU
		{FF735354-FF98-4B1E-9560-AC65D028FDF8}.Win8CodeAnalysis|Any CPU.ActiveCfg = Win8CodeAnalysis|Any CPU
		{FF735354-FF98-4B1E-9560-AC65D028FDF8}.Win8CodeAnalysis|Any CPU.Build.0 = Win8CodeAnalysis|Any CPU
		{FF735354-FF98-4B1E-9560-AC65D028FDF8}.Win8Debug|Any CPU.ActiveCfg = Win8Debug|Any CPU
		{FF735354-FF98-4B1E-9560-AC65D028FDF8}.Win8Debug|Any CPU.Build.0 = Win8Debug|Any CPU
		{FF735354-FF98-4B1E-9560-AC65D028FDF8}.Win8Release|Any CPU.ActiveCfg = Win8CodeAnalysis|Any CPU
		{FF735354-FF98-4B1E-9560-AC65D028FDF8}.Win8Release|Any CPU.Build.0 = Win8CodeAnalysis|Any CPU
		{FF735354-FF98-4B1E-9560-AC65D028FDF8}.WP8Debug|Any CPU.ActiveCfg = Debug|Any CPU
		{FF735354-FF98-4B1E-9560-AC65D028FDF8}.WP8Debug|Any CPU.Build.0 = Debug|Any CPU
		{FF735354-FF98-4B1E-9560-AC65D028FDF8}.WP8Release|Any CPU.ActiveCfg = Win8CodeAnalysis|Any CPU
		{FF735354-FF98-4B1E-9560-AC65D028FDF8}.WP8Release|Any CPU.Build.0 = Win8CodeAnalysis|Any CPU
		{B29D8717-5F6B-4EE8-A395-9EDFC2880DFB}.Debug|Any CPU.ActiveCfg = Debug|Any CPU
		{B29D8717-5F6B-4EE8-A395-9EDFC2880DFB}.Debug|Any CPU.Build.0 = Debug|Any CPU
		{B29D8717-5F6B-4EE8-A395-9EDFC2880DFB}.net45|Any CPU.ActiveCfg = net45|Any CPU
		{B29D8717-5F6B-4EE8-A395-9EDFC2880DFB}.net45|Any CPU.Build.0 = net45|Any CPU
		{B29D8717-5F6B-4EE8-A395-9EDFC2880DFB}.Release|Any CPU.ActiveCfg = Win8CodeAnalysis|Any CPU
		{B29D8717-5F6B-4EE8-A395-9EDFC2880DFB}.Release|Any CPU.Build.0 = Win8CodeAnalysis|Any CPU
		{B29D8717-5F6B-4EE8-A395-9EDFC2880DFB}.Win7Debug|Any CPU.ActiveCfg = Debug|Any CPU
		{B29D8717-5F6B-4EE8-A395-9EDFC2880DFB}.Win7Debug|Any CPU.Build.0 = Debug|Any CPU
		{B29D8717-5F6B-4EE8-A395-9EDFC2880DFB}.Win8CodeAnalysis|Any CPU.ActiveCfg = Win8CodeAnalysis|Any CPU
		{B29D8717-5F6B-4EE8-A395-9EDFC2880DFB}.Win8CodeAnalysis|Any CPU.Build.0 = Win8CodeAnalysis|Any CPU
		{B29D8717-5F6B-4EE8-A395-9EDFC2880DFB}.Win8Debug|Any CPU.ActiveCfg = Win8Debug|Any CPU
		{B29D8717-5F6B-4EE8-A395-9EDFC2880DFB}.Win8Debug|Any CPU.Build.0 = Win8Debug|Any CPU
		{B29D8717-5F6B-4EE8-A395-9EDFC2880DFB}.Win8Release|Any CPU.ActiveCfg = Win8CodeAnalysis|Any CPU
		{B29D8717-5F6B-4EE8-A395-9EDFC2880DFB}.Win8Release|Any CPU.Build.0 = Win8CodeAnalysis|Any CPU
		{B29D8717-5F6B-4EE8-A395-9EDFC2880DFB}.WP8Debug|Any CPU.ActiveCfg = Debug|Any CPU
		{B29D8717-5F6B-4EE8-A395-9EDFC2880DFB}.WP8Debug|Any CPU.Build.0 = Debug|Any CPU
		{B29D8717-5F6B-4EE8-A395-9EDFC2880DFB}.WP8Release|Any CPU.ActiveCfg = Win8CodeAnalysis|Any CPU
		{B29D8717-5F6B-4EE8-A395-9EDFC2880DFB}.WP8Release|Any CPU.Build.0 = Win8CodeAnalysis|Any CPU
		{8284F48F-965E-4E6D-BBD5-1CF5732D73BB}.Debug|Any CPU.ActiveCfg = Debug|Any CPU
		{8284F48F-965E-4E6D-BBD5-1CF5732D73BB}.Debug|Any CPU.Build.0 = Debug|Any CPU
		{8284F48F-965E-4E6D-BBD5-1CF5732D73BB}.net45|Any CPU.ActiveCfg = net45|Any CPU
		{8284F48F-965E-4E6D-BBD5-1CF5732D73BB}.net45|Any CPU.Build.0 = net45|Any CPU
		{8284F48F-965E-4E6D-BBD5-1CF5732D73BB}.Release|Any CPU.ActiveCfg = Win8CodeAnalysis|Any CPU
		{8284F48F-965E-4E6D-BBD5-1CF5732D73BB}.Release|Any CPU.Build.0 = Win8CodeAnalysis|Any CPU
		{8284F48F-965E-4E6D-BBD5-1CF5732D73BB}.Win7Debug|Any CPU.ActiveCfg = Debug|Any CPU
		{8284F48F-965E-4E6D-BBD5-1CF5732D73BB}.Win7Debug|Any CPU.Build.0 = Debug|Any CPU
		{8284F48F-965E-4E6D-BBD5-1CF5732D73BB}.Win8CodeAnalysis|Any CPU.ActiveCfg = Win8CodeAnalysis|Any CPU
		{8284F48F-965E-4E6D-BBD5-1CF5732D73BB}.Win8CodeAnalysis|Any CPU.Build.0 = Win8CodeAnalysis|Any CPU
		{8284F48F-965E-4E6D-BBD5-1CF5732D73BB}.Win8Debug|Any CPU.ActiveCfg = Win8Debug|Any CPU
		{8284F48F-965E-4E6D-BBD5-1CF5732D73BB}.Win8Debug|Any CPU.Build.0 = Win8Debug|Any CPU
		{8284F48F-965E-4E6D-BBD5-1CF5732D73BB}.Win8Release|Any CPU.ActiveCfg = Win8CodeAnalysis|Any CPU
		{8284F48F-965E-4E6D-BBD5-1CF5732D73BB}.Win8Release|Any CPU.Build.0 = Win8CodeAnalysis|Any CPU
		{8284F48F-965E-4E6D-BBD5-1CF5732D73BB}.WP8Debug|Any CPU.ActiveCfg = Debug|Any CPU
		{8284F48F-965E-4E6D-BBD5-1CF5732D73BB}.WP8Debug|Any CPU.Build.0 = Debug|Any CPU
		{8284F48F-965E-4E6D-BBD5-1CF5732D73BB}.WP8Release|Any CPU.ActiveCfg = Win8CodeAnalysis|Any CPU
		{8284F48F-965E-4E6D-BBD5-1CF5732D73BB}.WP8Release|Any CPU.Build.0 = Win8CodeAnalysis|Any CPU
	EndGlobalSection
	GlobalSection(SolutionProperties) = preSolution
		HideSolutionNode = FALSE
	EndGlobalSection
	GlobalSection(NestedProjects) = preSolution
		{26FD6C22-2141-4994-85CB-5A730C910AA2} = {5E89462A-E334-4DC6-A827-24A453212437}
		{AECE17C4-C423-45EE-93F8-A888C6BDA617} = {79BD8914-5011-4E46-A989-D4BDFE2EDFA6}
		{3BC0070F-F405-4A11-AD8A-03FE7508B3B0} = {3E09140D-0EB7-4754-9867-18135EE68DBF}
		{7740A46F-0809-49D2-BD34-71F6D8B6D2CC} = {5E89462A-E334-4DC6-A827-24A453212437}
		{018FF216-7048-4B2F-A193-D2F8B20FB03D} = {5E89462A-E334-4DC6-A827-24A453212437}
		{8CC127C8-19F0-42DF-8454-129B3566EF54} = {5E89462A-E334-4DC6-A827-24A453212437}
		{7E2BC73B-CB14-4D62-89AE-A0EB5A1EAF93} = {5E89462A-E334-4DC6-A827-24A453212437}
		{5A7A508E-DE0C-4C5F-A1DD-B5C2C2B7952C} = {79BD8914-5011-4E46-A989-D4BDFE2EDFA6}
		{38EEFB93-65D6-46B3-973A-8628B4A0F7EB} = {79BD8914-5011-4E46-A989-D4BDFE2EDFA6}
		{80465E35-0C97-4FC6-B719-38722FFB98E9} = {79BD8914-5011-4E46-A989-D4BDFE2EDFA6}
		{FF735354-FF98-4B1E-9560-AC65D028FDF8} = {5E89462A-E334-4DC6-A827-24A453212437}
		{B29D8717-5F6B-4EE8-A395-9EDFC2880DFB} = {3E09140D-0EB7-4754-9867-18135EE68DBF}
		{8284F48F-965E-4E6D-BBD5-1CF5732D73BB} = {3E09140D-0EB7-4754-9867-18135EE68DBF}
	EndGlobalSection
EndGlobal
