
Microsoft Visual Studio Solution File, Format Version 12.00
# Visual Studio 2013
VisualStudioVersion = 12.0.21005.1
MinimumVisualStudioVersion = 10.0.40219.1
Project("{2150E333-8FDC-42A3-9474-1A3956D46DE8}") = "UserInterface", "UserInterface", "{CB9C1790-50AB-40B1-8F59-840F9D448492}"
EndProject
Project("{2150E333-8FDC-42A3-9474-1A3956D46DE8}") = "Engine", "Engine", "{197AB68E-0F95-40AD-A8A0-F59DAA97AE77}"
EndProject
Project("{2150E333-8FDC-42A3-9474-1A3956D46DE8}") = "Platforms", "Platforms", "{BB64D0CF-F50B-44A7-ADFF-9ECBEA546637}"
EndProject
Project("{2150E333-8FDC-42A3-9474-1A3956D46DE8}") = "Apps", "Apps", "{755FD376-18AB-4751-9B71-9F93458C7263}"
EndProject
Project("{FAE04EC0-301F-11D3-BF4B-00C04F79EFBC}") = "Odyssey.Windows", "Source\Odyssey.Windows\Odyssey.Windows.csproj", "{8284F48F-965E-4E6D-BBD5-1CF5732D73BB}"
EndProject
Project("{FAE04EC0-301F-11D3-BF4B-00C04F79EFBC}") = "Odyssey.Common", "Source\Odyssey.Common\Odyssey.Common.csproj", "{26FD6C22-2141-4994-85CB-5A730C910AA2}"
EndProject
Project("{2150E333-8FDC-42A3-9474-1A3956D46DE8}") = "Network", "Network", "{F0A4DBD0-FDE8-4288-8C03-F6B2EFD16E30}"
EndProject
Project("{FAE04EC0-301F-11D3-BF4B-00C04F79EFBC}") = "Odyssey.Windows.Network", "Source\Odyssey.Windows.Network\Odyssey.Windows.Network.csproj", "{C6E44FE7-303A-44D0-9C44-EB4FFF5F49F2}"
EndProject
Project("{FAE04EC0-301F-11D3-BF4B-00C04F79EFBC}") = "OdysseyTablet", "Apps\OdysseyTablet\OdysseyTablet.csproj", "{86A1E613-11C3-4541-B995-4A41C89391A7}"
EndProject
Project("{FAE04EC0-301F-11D3-BF4B-00C04F79EFBC}") = "Odyssey", "Source\Odyssey\Odyssey.csproj", "{CF78F989-D10C-4DAC-BD51-1B135374A6F3}"
EndProject
Project("{FAE04EC0-301F-11D3-BF4B-00C04F79EFBC}") = "Odyssey.2D", "Source\Odyssey.2D\Odyssey.2D.csproj", "{B948170F-4BC3-4D84-B2F3-F369B3A82B5B}"
EndProject
Project("{FAE04EC0-301F-11D3-BF4B-00C04F79EFBC}") = "Odyssey.Content", "Source\Odyssey.Content\Odyssey.Content.csproj", "{E503A265-F72B-472E-A702-5B4011D8F1D1}"
EndProject
Project("{2150E333-8FDC-42A3-9474-1A3956D46DE8}") = "Math", "Math", "{9C291168-46E2-4D24-B7C4-9625ADA50D69}"
EndProject
Project("{FAE04EC0-301F-11D3-BF4B-00C04F79EFBC}") = "Odyssey.Interaction", "Source\Odyssey.Interaction\Odyssey.Interaction.csproj", "{7740A46F-0809-49D2-BD34-71F6D8B6D2CC}"
EndProject
Project("{FAE04EC0-301F-11D3-BF4B-00C04F79EFBC}") = "StereoTest", "Apps\StereoTest\StereoTest.csproj", "{8DA243EE-EC1D-4CAB-8B46-73BE83F8CBE7}"
EndProject
Project("{FAE04EC0-301F-11D3-BF4B-00C04F79EFBC}") = "Odyssey.Windows8.Network", "Source\Odyssey.Windows8.Network\Odyssey.Windows8.Network.csproj", "{647F5289-3264-4B7E-B2A9-4E050E7B26BF}"
EndProject
Project("{FAE04EC0-301F-11D3-BF4B-00C04F79EFBC}") = "Odyssey.Windows8", "Source\Odyssey.Windows8\Odyssey.Windows8.csproj", "{C3563843-AF29-4670-AD74-102EDCA45B38}"
EndProject
Project("{FAE04EC0-301F-11D3-BF4B-00C04F79EFBC}") = "Odyssey.2D.Windows", "Source\Odyssey.2D.Windows\Odyssey.2D.Windows.csproj", "{F0723B5E-4509-4C6B-BCDF-F8B6B67D4F10}"
EndProject
Project("{2150E333-8FDC-42A3-9474-1A3956D46DE8}") = "Tools", "Tools", "{6AB4A9AB-4C92-43C5-9CBB-9E8D90D65AEF}"
EndProject
Project("{FAE04EC0-301F-11D3-BF4B-00C04F79EFBC}") = "Daedalus", "Tools\ShaderGenerator\Daedalus.csproj", "{AECE17C4-C423-45EE-93F8-A888C6BDA617}"
EndProject
Project("{930C7802-8A8C-48F9-8165-68863BCCD9DD}") = "DaedalusSetup", "ShaderGenSetup\DaedalusSetup.wixproj", "{F6CCF0D0-AAB2-4864-B6EC-2A219F1BA846}"
EndProject
Project("{FAE04EC0-301F-11D3-BF4B-00C04F79EFBC}") = "Odyssey.GeometryOld", "Source\Odyssey.GeometryOld\Odyssey.GeometryOld.csproj", "{407DE03F-8C46-4E4D-97EE-79B7007C6640}"
EndProject
Project("{FAE04EC0-301F-11D3-BF4B-00C04F79EFBC}") = "Daedalus.Tests", "Tools\Daedalus.Tests\Daedalus.Tests.csproj", "{8AC2744B-9F0B-49E3-A1DB-5885A7C3380B}"
EndProject
Global
	GlobalSection(SolutionConfigurationPlatforms) = preSolution
		Debug|Any CPU = Debug|Any CPU
		Debug|ARM = Debug|ARM
		Debug|Mixed Platforms = Debug|Mixed Platforms
		Debug|x64 = Debug|x64
		Debug|x86 = Debug|x86
		RedistWin8Debug|Any CPU = RedistWin8Debug|Any CPU
		RedistWin8Debug|ARM = RedistWin8Debug|ARM
		RedistWin8Debug|Mixed Platforms = RedistWin8Debug|Mixed Platforms
		RedistWin8Debug|x64 = RedistWin8Debug|x64
		RedistWin8Debug|x86 = RedistWin8Debug|x86
		RedistWP8Debug|Any CPU = RedistWP8Debug|Any CPU
		RedistWP8Debug|ARM = RedistWP8Debug|ARM
		RedistWP8Debug|Mixed Platforms = RedistWP8Debug|Mixed Platforms
		RedistWP8Debug|x64 = RedistWP8Debug|x64
		RedistWP8Debug|x86 = RedistWP8Debug|x86
		Release|Any CPU = Release|Any CPU
		Release|ARM = Release|ARM
		Release|Mixed Platforms = Release|Mixed Platforms
		Release|x64 = Release|x64
		Release|x86 = Release|x86
		Win8Debug|Any CPU = Win8Debug|Any CPU
		Win8Debug|ARM = Win8Debug|ARM
		Win8Debug|Mixed Platforms = Win8Debug|Mixed Platforms
		Win8Debug|x64 = Win8Debug|x64
		Win8Debug|x86 = Win8Debug|x86
		Win8Release|Any CPU = Win8Release|Any CPU
		Win8Release|ARM = Win8Release|ARM
		Win8Release|Mixed Platforms = Win8Release|Mixed Platforms
		Win8Release|x64 = Win8Release|x64
		Win8Release|x86 = Win8Release|x86
		WP8Debug|Any CPU = WP8Debug|Any CPU
		WP8Debug|ARM = WP8Debug|ARM
		WP8Debug|Mixed Platforms = WP8Debug|Mixed Platforms
		WP8Debug|x64 = WP8Debug|x64
		WP8Debug|x86 = WP8Debug|x86
		WP8Release|Any CPU = WP8Release|Any CPU
		WP8Release|ARM = WP8Release|ARM
		WP8Release|Mixed Platforms = WP8Release|Mixed Platforms
		WP8Release|x64 = WP8Release|x64
		WP8Release|x86 = WP8Release|x86
	EndGlobalSection
	GlobalSection(ProjectConfigurationPlatforms) = postSolution
		{8284F48F-965E-4E6D-BBD5-1CF5732D73BB}.Debug|Any CPU.ActiveCfg = Win8Debug|Any CPU
		{8284F48F-965E-4E6D-BBD5-1CF5732D73BB}.Debug|Any CPU.Build.0 = Win8Debug|Any CPU
		{8284F48F-965E-4E6D-BBD5-1CF5732D73BB}.Debug|ARM.ActiveCfg = Debug|Any CPU
		{8284F48F-965E-4E6D-BBD5-1CF5732D73BB}.Debug|Mixed Platforms.ActiveCfg = Debug|Any CPU
		{8284F48F-965E-4E6D-BBD5-1CF5732D73BB}.Debug|Mixed Platforms.Build.0 = Debug|Any CPU
		{8284F48F-965E-4E6D-BBD5-1CF5732D73BB}.Debug|x64.ActiveCfg = Debug|Any CPU
		{8284F48F-965E-4E6D-BBD5-1CF5732D73BB}.Debug|x86.ActiveCfg = Debug|Any CPU
		{8284F48F-965E-4E6D-BBD5-1CF5732D73BB}.RedistWin8Debug|Any CPU.ActiveCfg = Win8Debug|Any CPU
		{8284F48F-965E-4E6D-BBD5-1CF5732D73BB}.RedistWin8Debug|Any CPU.Build.0 = Win8Debug|Any CPU
		{8284F48F-965E-4E6D-BBD5-1CF5732D73BB}.RedistWin8Debug|ARM.ActiveCfg = Win8Debug|Any CPU
		{8284F48F-965E-4E6D-BBD5-1CF5732D73BB}.RedistWin8Debug|Mixed Platforms.ActiveCfg = Win8Debug|Any CPU
		{8284F48F-965E-4E6D-BBD5-1CF5732D73BB}.RedistWin8Debug|Mixed Platforms.Build.0 = Win8Debug|Any CPU
		{8284F48F-965E-4E6D-BBD5-1CF5732D73BB}.RedistWin8Debug|x64.ActiveCfg = Win8Debug|Any CPU
		{8284F48F-965E-4E6D-BBD5-1CF5732D73BB}.RedistWin8Debug|x86.ActiveCfg = Win8Debug|Any CPU
		{8284F48F-965E-4E6D-BBD5-1CF5732D73BB}.RedistWP8Debug|Any CPU.ActiveCfg = WP8Debug|Any CPU
		{8284F48F-965E-4E6D-BBD5-1CF5732D73BB}.RedistWP8Debug|Any CPU.Build.0 = WP8Debug|Any CPU
		{8284F48F-965E-4E6D-BBD5-1CF5732D73BB}.RedistWP8Debug|ARM.ActiveCfg = WP8Debug|Any CPU
		{8284F48F-965E-4E6D-BBD5-1CF5732D73BB}.RedistWP8Debug|Mixed Platforms.ActiveCfg = WP8Debug|Any CPU
		{8284F48F-965E-4E6D-BBD5-1CF5732D73BB}.RedistWP8Debug|Mixed Platforms.Build.0 = WP8Debug|Any CPU
		{8284F48F-965E-4E6D-BBD5-1CF5732D73BB}.RedistWP8Debug|x64.ActiveCfg = WP8Debug|Any CPU
		{8284F48F-965E-4E6D-BBD5-1CF5732D73BB}.RedistWP8Debug|x86.ActiveCfg = WP8Debug|Any CPU
		{8284F48F-965E-4E6D-BBD5-1CF5732D73BB}.Release|Any CPU.ActiveCfg = WP8Release|Any CPU
		{8284F48F-965E-4E6D-BBD5-1CF5732D73BB}.Release|Any CPU.Build.0 = WP8Release|Any CPU
		{8284F48F-965E-4E6D-BBD5-1CF5732D73BB}.Release|ARM.ActiveCfg = WP8Release|Any CPU
		{8284F48F-965E-4E6D-BBD5-1CF5732D73BB}.Release|Mixed Platforms.ActiveCfg = Win8Release|Any CPU
		{8284F48F-965E-4E6D-BBD5-1CF5732D73BB}.Release|Mixed Platforms.Build.0 = Win8Release|Any CPU
		{8284F48F-965E-4E6D-BBD5-1CF5732D73BB}.Release|x64.ActiveCfg = WP8Release|Any CPU
		{8284F48F-965E-4E6D-BBD5-1CF5732D73BB}.Release|x86.ActiveCfg = WP8Release|Any CPU
		{8284F48F-965E-4E6D-BBD5-1CF5732D73BB}.Win8Debug|Any CPU.ActiveCfg = Win8Debug|Any CPU
		{8284F48F-965E-4E6D-BBD5-1CF5732D73BB}.Win8Debug|Any CPU.Build.0 = Win8Debug|Any CPU
		{8284F48F-965E-4E6D-BBD5-1CF5732D73BB}.Win8Debug|ARM.ActiveCfg = Win8Debug|Any CPU
		{8284F48F-965E-4E6D-BBD5-1CF5732D73BB}.Win8Debug|Mixed Platforms.ActiveCfg = Win8Debug|Any CPU
		{8284F48F-965E-4E6D-BBD5-1CF5732D73BB}.Win8Debug|Mixed Platforms.Build.0 = Win8Debug|Any CPU
		{8284F48F-965E-4E6D-BBD5-1CF5732D73BB}.Win8Debug|x64.ActiveCfg = Win8Debug|Any CPU
		{8284F48F-965E-4E6D-BBD5-1CF5732D73BB}.Win8Debug|x86.ActiveCfg = Win8Debug|Any CPU
		{8284F48F-965E-4E6D-BBD5-1CF5732D73BB}.Win8Release|Any CPU.ActiveCfg = Win8Release|Any CPU
		{8284F48F-965E-4E6D-BBD5-1CF5732D73BB}.Win8Release|Any CPU.Build.0 = Win8Release|Any CPU
		{8284F48F-965E-4E6D-BBD5-1CF5732D73BB}.Win8Release|ARM.ActiveCfg = Win8Release|Any CPU
		{8284F48F-965E-4E6D-BBD5-1CF5732D73BB}.Win8Release|Mixed Platforms.ActiveCfg = Win8Release|Any CPU
		{8284F48F-965E-4E6D-BBD5-1CF5732D73BB}.Win8Release|Mixed Platforms.Build.0 = Win8Release|Any CPU
		{8284F48F-965E-4E6D-BBD5-1CF5732D73BB}.Win8Release|x64.ActiveCfg = Win8Release|Any CPU
		{8284F48F-965E-4E6D-BBD5-1CF5732D73BB}.Win8Release|x86.ActiveCfg = Win8Release|Any CPU
		{8284F48F-965E-4E6D-BBD5-1CF5732D73BB}.WP8Debug|Any CPU.ActiveCfg = WP8Debug|Any CPU
		{8284F48F-965E-4E6D-BBD5-1CF5732D73BB}.WP8Debug|Any CPU.Build.0 = WP8Debug|Any CPU
		{8284F48F-965E-4E6D-BBD5-1CF5732D73BB}.WP8Debug|ARM.ActiveCfg = WP8Debug|Any CPU
		{8284F48F-965E-4E6D-BBD5-1CF5732D73BB}.WP8Debug|Mixed Platforms.ActiveCfg = WP8Debug|Any CPU
		{8284F48F-965E-4E6D-BBD5-1CF5732D73BB}.WP8Debug|Mixed Platforms.Build.0 = WP8Debug|Any CPU
		{8284F48F-965E-4E6D-BBD5-1CF5732D73BB}.WP8Debug|x64.ActiveCfg = WP8Debug|Any CPU
		{8284F48F-965E-4E6D-BBD5-1CF5732D73BB}.WP8Debug|x86.ActiveCfg = WP8Debug|Any CPU
		{8284F48F-965E-4E6D-BBD5-1CF5732D73BB}.WP8Release|Any CPU.ActiveCfg = WP8Release|Any CPU
		{8284F48F-965E-4E6D-BBD5-1CF5732D73BB}.WP8Release|Any CPU.Build.0 = WP8Release|Any CPU
		{8284F48F-965E-4E6D-BBD5-1CF5732D73BB}.WP8Release|ARM.ActiveCfg = WP8Release|Any CPU
		{8284F48F-965E-4E6D-BBD5-1CF5732D73BB}.WP8Release|Mixed Platforms.ActiveCfg = WP8Release|Any CPU
		{8284F48F-965E-4E6D-BBD5-1CF5732D73BB}.WP8Release|Mixed Platforms.Build.0 = WP8Release|Any CPU
		{8284F48F-965E-4E6D-BBD5-1CF5732D73BB}.WP8Release|x64.ActiveCfg = WP8Release|Any CPU
		{8284F48F-965E-4E6D-BBD5-1CF5732D73BB}.WP8Release|x86.ActiveCfg = WP8Release|Any CPU
		{26FD6C22-2141-4994-85CB-5A730C910AA2}.Debug|Any CPU.ActiveCfg = Win8Debug|Any CPU
		{26FD6C22-2141-4994-85CB-5A730C910AA2}.Debug|Any CPU.Build.0 = Win8Debug|Any CPU
		{26FD6C22-2141-4994-85CB-5A730C910AA2}.Debug|ARM.ActiveCfg = Debug|Any CPU
		{26FD6C22-2141-4994-85CB-5A730C910AA2}.Debug|Mixed Platforms.ActiveCfg = Debug|Any CPU
		{26FD6C22-2141-4994-85CB-5A730C910AA2}.Debug|Mixed Platforms.Build.0 = Debug|Any CPU
		{26FD6C22-2141-4994-85CB-5A730C910AA2}.Debug|x64.ActiveCfg = Debug|Any CPU
		{26FD6C22-2141-4994-85CB-5A730C910AA2}.Debug|x86.ActiveCfg = Debug|Any CPU
		{26FD6C22-2141-4994-85CB-5A730C910AA2}.RedistWin8Debug|Any CPU.ActiveCfg = Win8Debug|Any CPU
		{26FD6C22-2141-4994-85CB-5A730C910AA2}.RedistWin8Debug|Any CPU.Build.0 = Win8Debug|Any CPU
		{26FD6C22-2141-4994-85CB-5A730C910AA2}.RedistWin8Debug|ARM.ActiveCfg = Win8Debug|Any CPU
		{26FD6C22-2141-4994-85CB-5A730C910AA2}.RedistWin8Debug|Mixed Platforms.ActiveCfg = Win8Debug|Any CPU
		{26FD6C22-2141-4994-85CB-5A730C910AA2}.RedistWin8Debug|Mixed Platforms.Build.0 = Win8Debug|Any CPU
		{26FD6C22-2141-4994-85CB-5A730C910AA2}.RedistWin8Debug|x64.ActiveCfg = Win8Debug|Any CPU
		{26FD6C22-2141-4994-85CB-5A730C910AA2}.RedistWin8Debug|x86.ActiveCfg = Win8Debug|Any CPU
		{26FD6C22-2141-4994-85CB-5A730C910AA2}.RedistWP8Debug|Any CPU.ActiveCfg = Debug|Any CPU
		{26FD6C22-2141-4994-85CB-5A730C910AA2}.RedistWP8Debug|Any CPU.Build.0 = Debug|Any CPU
		{26FD6C22-2141-4994-85CB-5A730C910AA2}.RedistWP8Debug|ARM.ActiveCfg = Debug|Any CPU
		{26FD6C22-2141-4994-85CB-5A730C910AA2}.RedistWP8Debug|Mixed Platforms.ActiveCfg = Debug|Any CPU
		{26FD6C22-2141-4994-85CB-5A730C910AA2}.RedistWP8Debug|Mixed Platforms.Build.0 = Debug|Any CPU
		{26FD6C22-2141-4994-85CB-5A730C910AA2}.RedistWP8Debug|x64.ActiveCfg = Debug|Any CPU
		{26FD6C22-2141-4994-85CB-5A730C910AA2}.RedistWP8Debug|x86.ActiveCfg = Debug|Any CPU
		{26FD6C22-2141-4994-85CB-5A730C910AA2}.Release|Any CPU.ActiveCfg = Win8CodeAnalysis|Any CPU
		{26FD6C22-2141-4994-85CB-5A730C910AA2}.Release|Any CPU.Build.0 = Win8CodeAnalysis|Any CPU
		{26FD6C22-2141-4994-85CB-5A730C910AA2}.Release|ARM.ActiveCfg = Win8CodeAnalysis|Any CPU
		{26FD6C22-2141-4994-85CB-5A730C910AA2}.Release|Mixed Platforms.ActiveCfg = Win8CodeAnalysis|Any CPU
		{26FD6C22-2141-4994-85CB-5A730C910AA2}.Release|Mixed Platforms.Build.0 = Win8CodeAnalysis|Any CPU
		{26FD6C22-2141-4994-85CB-5A730C910AA2}.Release|x64.ActiveCfg = Win8CodeAnalysis|Any CPU
		{26FD6C22-2141-4994-85CB-5A730C910AA2}.Release|x86.ActiveCfg = Win8CodeAnalysis|Any CPU
		{26FD6C22-2141-4994-85CB-5A730C910AA2}.Win8Debug|Any CPU.ActiveCfg = Win8Debug|Any CPU
		{26FD6C22-2141-4994-85CB-5A730C910AA2}.Win8Debug|Any CPU.Build.0 = Win8Debug|Any CPU
		{26FD6C22-2141-4994-85CB-5A730C910AA2}.Win8Debug|ARM.ActiveCfg = Win8Debug|Any CPU
		{26FD6C22-2141-4994-85CB-5A730C910AA2}.Win8Debug|Mixed Platforms.ActiveCfg = Win8Debug|Any CPU
		{26FD6C22-2141-4994-85CB-5A730C910AA2}.Win8Debug|Mixed Platforms.Build.0 = Win8Debug|Any CPU
		{26FD6C22-2141-4994-85CB-5A730C910AA2}.Win8Debug|x64.ActiveCfg = Win8Debug|Any CPU
		{26FD6C22-2141-4994-85CB-5A730C910AA2}.Win8Debug|x86.ActiveCfg = Win8Debug|Any CPU
		{26FD6C22-2141-4994-85CB-5A730C910AA2}.Win8Release|Any CPU.ActiveCfg = Win8CodeAnalysis|Any CPU
		{26FD6C22-2141-4994-85CB-5A730C910AA2}.Win8Release|Any CPU.Build.0 = Win8CodeAnalysis|Any CPU
		{26FD6C22-2141-4994-85CB-5A730C910AA2}.Win8Release|ARM.ActiveCfg = Win8CodeAnalysis|Any CPU
		{26FD6C22-2141-4994-85CB-5A730C910AA2}.Win8Release|Mixed Platforms.ActiveCfg = Win8CodeAnalysis|Any CPU
		{26FD6C22-2141-4994-85CB-5A730C910AA2}.Win8Release|Mixed Platforms.Build.0 = Win8CodeAnalysis|Any CPU
		{26FD6C22-2141-4994-85CB-5A730C910AA2}.Win8Release|x64.ActiveCfg = Win8CodeAnalysis|Any CPU
		{26FD6C22-2141-4994-85CB-5A730C910AA2}.Win8Release|x86.ActiveCfg = Win8CodeAnalysis|Any CPU
		{26FD6C22-2141-4994-85CB-5A730C910AA2}.WP8Debug|Any CPU.ActiveCfg = Debug|Any CPU
		{26FD6C22-2141-4994-85CB-5A730C910AA2}.WP8Debug|Any CPU.Build.0 = Debug|Any CPU
		{26FD6C22-2141-4994-85CB-5A730C910AA2}.WP8Debug|ARM.ActiveCfg = Debug|Any CPU
		{26FD6C22-2141-4994-85CB-5A730C910AA2}.WP8Debug|Mixed Platforms.ActiveCfg = Debug|Any CPU
		{26FD6C22-2141-4994-85CB-5A730C910AA2}.WP8Debug|Mixed Platforms.Build.0 = Debug|Any CPU
		{26FD6C22-2141-4994-85CB-5A730C910AA2}.WP8Debug|x64.ActiveCfg = Debug|Any CPU
		{26FD6C22-2141-4994-85CB-5A730C910AA2}.WP8Debug|x86.ActiveCfg = Debug|Any CPU
		{26FD6C22-2141-4994-85CB-5A730C910AA2}.WP8Release|Any CPU.ActiveCfg = Win8CodeAnalysis|Any CPU
		{26FD6C22-2141-4994-85CB-5A730C910AA2}.WP8Release|Any CPU.Build.0 = Win8CodeAnalysis|Any CPU
		{26FD6C22-2141-4994-85CB-5A730C910AA2}.WP8Release|ARM.ActiveCfg = Win8CodeAnalysis|Any CPU
		{26FD6C22-2141-4994-85CB-5A730C910AA2}.WP8Release|Mixed Platforms.ActiveCfg = Win8CodeAnalysis|Any CPU
		{26FD6C22-2141-4994-85CB-5A730C910AA2}.WP8Release|Mixed Platforms.Build.0 = Win8CodeAnalysis|Any CPU
		{26FD6C22-2141-4994-85CB-5A730C910AA2}.WP8Release|x64.ActiveCfg = Win8CodeAnalysis|Any CPU
		{26FD6C22-2141-4994-85CB-5A730C910AA2}.WP8Release|x86.ActiveCfg = Win8CodeAnalysis|Any CPU
		{C6E44FE7-303A-44D0-9C44-EB4FFF5F49F2}.Debug|Any CPU.ActiveCfg = Win8Debug|Any CPU
		{C6E44FE7-303A-44D0-9C44-EB4FFF5F49F2}.Debug|Any CPU.Build.0 = Win8Debug|Any CPU
		{C6E44FE7-303A-44D0-9C44-EB4FFF5F49F2}.Debug|ARM.ActiveCfg = Debug|Any CPU
		{C6E44FE7-303A-44D0-9C44-EB4FFF5F49F2}.Debug|Mixed Platforms.ActiveCfg = Debug|Any CPU
		{C6E44FE7-303A-44D0-9C44-EB4FFF5F49F2}.Debug|Mixed Platforms.Build.0 = Debug|Any CPU
		{C6E44FE7-303A-44D0-9C44-EB4FFF5F49F2}.Debug|x64.ActiveCfg = Debug|Any CPU
		{C6E44FE7-303A-44D0-9C44-EB4FFF5F49F2}.Debug|x86.ActiveCfg = Debug|Any CPU
		{C6E44FE7-303A-44D0-9C44-EB4FFF5F49F2}.RedistWin8Debug|Any CPU.ActiveCfg = Win8Debug|Any CPU
		{C6E44FE7-303A-44D0-9C44-EB4FFF5F49F2}.RedistWin8Debug|Any CPU.Build.0 = Win8Debug|Any CPU
		{C6E44FE7-303A-44D0-9C44-EB4FFF5F49F2}.RedistWin8Debug|ARM.ActiveCfg = Win8Debug|Any CPU
		{C6E44FE7-303A-44D0-9C44-EB4FFF5F49F2}.RedistWin8Debug|Mixed Platforms.ActiveCfg = Win8Debug|Any CPU
		{C6E44FE7-303A-44D0-9C44-EB4FFF5F49F2}.RedistWin8Debug|Mixed Platforms.Build.0 = Win8Debug|Any CPU
		{C6E44FE7-303A-44D0-9C44-EB4FFF5F49F2}.RedistWin8Debug|x64.ActiveCfg = Win8Debug|Any CPU
		{C6E44FE7-303A-44D0-9C44-EB4FFF5F49F2}.RedistWin8Debug|x86.ActiveCfg = Win8Debug|Any CPU
		{C6E44FE7-303A-44D0-9C44-EB4FFF5F49F2}.RedistWP8Debug|Any CPU.ActiveCfg = WP8Debug|Any CPU
		{C6E44FE7-303A-44D0-9C44-EB4FFF5F49F2}.RedistWP8Debug|Any CPU.Build.0 = WP8Debug|Any CPU
		{C6E44FE7-303A-44D0-9C44-EB4FFF5F49F2}.RedistWP8Debug|ARM.ActiveCfg = WP8Debug|Any CPU
		{C6E44FE7-303A-44D0-9C44-EB4FFF5F49F2}.RedistWP8Debug|Mixed Platforms.ActiveCfg = WP8Debug|Any CPU
		{C6E44FE7-303A-44D0-9C44-EB4FFF5F49F2}.RedistWP8Debug|Mixed Platforms.Build.0 = WP8Debug|Any CPU
		{C6E44FE7-303A-44D0-9C44-EB4FFF5F49F2}.RedistWP8Debug|x64.ActiveCfg = WP8Debug|Any CPU
		{C6E44FE7-303A-44D0-9C44-EB4FFF5F49F2}.RedistWP8Debug|x86.ActiveCfg = WP8Debug|Any CPU
		{C6E44FE7-303A-44D0-9C44-EB4FFF5F49F2}.Release|Any CPU.ActiveCfg = Release|Any CPU
		{C6E44FE7-303A-44D0-9C44-EB4FFF5F49F2}.Release|Any CPU.Build.0 = Release|Any CPU
		{C6E44FE7-303A-44D0-9C44-EB4FFF5F49F2}.Release|ARM.ActiveCfg = Release|Any CPU
		{C6E44FE7-303A-44D0-9C44-EB4FFF5F49F2}.Release|Mixed Platforms.ActiveCfg = Release|Any CPU
		{C6E44FE7-303A-44D0-9C44-EB4FFF5F49F2}.Release|Mixed Platforms.Build.0 = Release|Any CPU
		{C6E44FE7-303A-44D0-9C44-EB4FFF5F49F2}.Release|x64.ActiveCfg = Release|Any CPU
		{C6E44FE7-303A-44D0-9C44-EB4FFF5F49F2}.Release|x86.ActiveCfg = Release|Any CPU
		{C6E44FE7-303A-44D0-9C44-EB4FFF5F49F2}.Win8Debug|Any CPU.ActiveCfg = Win8Debug|Any CPU
		{C6E44FE7-303A-44D0-9C44-EB4FFF5F49F2}.Win8Debug|Any CPU.Build.0 = Win8Debug|Any CPU
		{C6E44FE7-303A-44D0-9C44-EB4FFF5F49F2}.Win8Debug|ARM.ActiveCfg = Win8Debug|Any CPU
		{C6E44FE7-303A-44D0-9C44-EB4FFF5F49F2}.Win8Debug|Mixed Platforms.ActiveCfg = Win8Debug|Any CPU
		{C6E44FE7-303A-44D0-9C44-EB4FFF5F49F2}.Win8Debug|Mixed Platforms.Build.0 = Win8Debug|Any CPU
		{C6E44FE7-303A-44D0-9C44-EB4FFF5F49F2}.Win8Debug|x64.ActiveCfg = Win8Debug|Any CPU
		{C6E44FE7-303A-44D0-9C44-EB4FFF5F49F2}.Win8Debug|x86.ActiveCfg = Win8Debug|Any CPU
		{C6E44FE7-303A-44D0-9C44-EB4FFF5F49F2}.Win8Release|Any CPU.ActiveCfg = Win8Release|Any CPU
		{C6E44FE7-303A-44D0-9C44-EB4FFF5F49F2}.Win8Release|Any CPU.Build.0 = Win8Release|Any CPU
		{C6E44FE7-303A-44D0-9C44-EB4FFF5F49F2}.Win8Release|ARM.ActiveCfg = Win8Release|Any CPU
		{C6E44FE7-303A-44D0-9C44-EB4FFF5F49F2}.Win8Release|Mixed Platforms.ActiveCfg = Win8Release|Any CPU
		{C6E44FE7-303A-44D0-9C44-EB4FFF5F49F2}.Win8Release|Mixed Platforms.Build.0 = Win8Release|Any CPU
		{C6E44FE7-303A-44D0-9C44-EB4FFF5F49F2}.Win8Release|x64.ActiveCfg = Win8Release|Any CPU
		{C6E44FE7-303A-44D0-9C44-EB4FFF5F49F2}.Win8Release|x86.ActiveCfg = Win8Release|Any CPU
		{C6E44FE7-303A-44D0-9C44-EB4FFF5F49F2}.WP8Debug|Any CPU.ActiveCfg = WP8Debug|Any CPU
		{C6E44FE7-303A-44D0-9C44-EB4FFF5F49F2}.WP8Debug|Any CPU.Build.0 = WP8Debug|Any CPU
		{C6E44FE7-303A-44D0-9C44-EB4FFF5F49F2}.WP8Debug|ARM.ActiveCfg = WP8Debug|Any CPU
		{C6E44FE7-303A-44D0-9C44-EB4FFF5F49F2}.WP8Debug|Mixed Platforms.ActiveCfg = WP8Debug|Any CPU
		{C6E44FE7-303A-44D0-9C44-EB4FFF5F49F2}.WP8Debug|Mixed Platforms.Build.0 = WP8Debug|Any CPU
		{C6E44FE7-303A-44D0-9C44-EB4FFF5F49F2}.WP8Debug|x64.ActiveCfg = WP8Debug|Any CPU
		{C6E44FE7-303A-44D0-9C44-EB4FFF5F49F2}.WP8Debug|x86.ActiveCfg = WP8Debug|Any CPU
		{C6E44FE7-303A-44D0-9C44-EB4FFF5F49F2}.WP8Release|Any CPU.ActiveCfg = WP8Release|Any CPU
		{C6E44FE7-303A-44D0-9C44-EB4FFF5F49F2}.WP8Release|Any CPU.Build.0 = WP8Release|Any CPU
		{C6E44FE7-303A-44D0-9C44-EB4FFF5F49F2}.WP8Release|ARM.ActiveCfg = WP8Release|Any CPU
		{C6E44FE7-303A-44D0-9C44-EB4FFF5F49F2}.WP8Release|Mixed Platforms.ActiveCfg = WP8Release|Any CPU
		{C6E44FE7-303A-44D0-9C44-EB4FFF5F49F2}.WP8Release|Mixed Platforms.Build.0 = WP8Release|Any CPU
		{C6E44FE7-303A-44D0-9C44-EB4FFF5F49F2}.WP8Release|x64.ActiveCfg = WP8Release|Any CPU
		{C6E44FE7-303A-44D0-9C44-EB4FFF5F49F2}.WP8Release|x86.ActiveCfg = WP8Release|Any CPU
		{86A1E613-11C3-4541-B995-4A41C89391A7}.Debug|Any CPU.ActiveCfg = Debug|Any CPU
		{86A1E613-11C3-4541-B995-4A41C89391A7}.Debug|Any CPU.Build.0 = Debug|Any CPU
		{86A1E613-11C3-4541-B995-4A41C89391A7}.Debug|Any CPU.Deploy.0 = Debug|Any CPU
		{86A1E613-11C3-4541-B995-4A41C89391A7}.Debug|ARM.ActiveCfg = Debug|ARM
		{86A1E613-11C3-4541-B995-4A41C89391A7}.Debug|ARM.Build.0 = Debug|ARM
		{86A1E613-11C3-4541-B995-4A41C89391A7}.Debug|ARM.Deploy.0 = Debug|ARM
		{86A1E613-11C3-4541-B995-4A41C89391A7}.Debug|Mixed Platforms.ActiveCfg = Debug|x86
		{86A1E613-11C3-4541-B995-4A41C89391A7}.Debug|Mixed Platforms.Build.0 = Debug|x86
		{86A1E613-11C3-4541-B995-4A41C89391A7}.Debug|Mixed Platforms.Deploy.0 = Debug|x86
		{86A1E613-11C3-4541-B995-4A41C89391A7}.Debug|x64.ActiveCfg = Debug|x64
		{86A1E613-11C3-4541-B995-4A41C89391A7}.Debug|x64.Build.0 = Debug|x64
		{86A1E613-11C3-4541-B995-4A41C89391A7}.Debug|x64.Deploy.0 = Debug|x64
		{86A1E613-11C3-4541-B995-4A41C89391A7}.Debug|x86.ActiveCfg = Debug|x86
		{86A1E613-11C3-4541-B995-4A41C89391A7}.Debug|x86.Build.0 = Debug|x86
		{86A1E613-11C3-4541-B995-4A41C89391A7}.Debug|x86.Deploy.0 = Debug|x86
		{86A1E613-11C3-4541-B995-4A41C89391A7}.RedistWin8Debug|Any CPU.ActiveCfg = Debug|Any CPU
		{86A1E613-11C3-4541-B995-4A41C89391A7}.RedistWin8Debug|Any CPU.Build.0 = Debug|Any CPU
		{86A1E613-11C3-4541-B995-4A41C89391A7}.RedistWin8Debug|Any CPU.Deploy.0 = Debug|Any CPU
		{86A1E613-11C3-4541-B995-4A41C89391A7}.RedistWin8Debug|ARM.ActiveCfg = Debug|ARM
		{86A1E613-11C3-4541-B995-4A41C89391A7}.RedistWin8Debug|ARM.Build.0 = Debug|ARM
		{86A1E613-11C3-4541-B995-4A41C89391A7}.RedistWin8Debug|ARM.Deploy.0 = Debug|ARM
		{86A1E613-11C3-4541-B995-4A41C89391A7}.RedistWin8Debug|Mixed Platforms.ActiveCfg = Debug|x86
		{86A1E613-11C3-4541-B995-4A41C89391A7}.RedistWin8Debug|Mixed Platforms.Build.0 = Debug|x86
		{86A1E613-11C3-4541-B995-4A41C89391A7}.RedistWin8Debug|Mixed Platforms.Deploy.0 = Debug|x86
		{86A1E613-11C3-4541-B995-4A41C89391A7}.RedistWin8Debug|x64.ActiveCfg = Debug|x64
		{86A1E613-11C3-4541-B995-4A41C89391A7}.RedistWin8Debug|x64.Build.0 = Debug|x64
		{86A1E613-11C3-4541-B995-4A41C89391A7}.RedistWin8Debug|x64.Deploy.0 = Debug|x64
		{86A1E613-11C3-4541-B995-4A41C89391A7}.RedistWin8Debug|x86.ActiveCfg = Debug|x86
		{86A1E613-11C3-4541-B995-4A41C89391A7}.RedistWin8Debug|x86.Build.0 = Debug|x86
		{86A1E613-11C3-4541-B995-4A41C89391A7}.RedistWin8Debug|x86.Deploy.0 = Debug|x86
		{86A1E613-11C3-4541-B995-4A41C89391A7}.RedistWP8Debug|Any CPU.ActiveCfg = Debug|Any CPU
		{86A1E613-11C3-4541-B995-4A41C89391A7}.RedistWP8Debug|Any CPU.Build.0 = Debug|Any CPU
		{86A1E613-11C3-4541-B995-4A41C89391A7}.RedistWP8Debug|Any CPU.Deploy.0 = Debug|Any CPU
		{86A1E613-11C3-4541-B995-4A41C89391A7}.RedistWP8Debug|ARM.ActiveCfg = Debug|ARM
		{86A1E613-11C3-4541-B995-4A41C89391A7}.RedistWP8Debug|ARM.Build.0 = Debug|ARM
		{86A1E613-11C3-4541-B995-4A41C89391A7}.RedistWP8Debug|ARM.Deploy.0 = Debug|ARM
		{86A1E613-11C3-4541-B995-4A41C89391A7}.RedistWP8Debug|Mixed Platforms.ActiveCfg = Debug|x86
		{86A1E613-11C3-4541-B995-4A41C89391A7}.RedistWP8Debug|Mixed Platforms.Build.0 = Debug|x86
		{86A1E613-11C3-4541-B995-4A41C89391A7}.RedistWP8Debug|Mixed Platforms.Deploy.0 = Debug|x86
		{86A1E613-11C3-4541-B995-4A41C89391A7}.RedistWP8Debug|x64.ActiveCfg = Debug|x64
		{86A1E613-11C3-4541-B995-4A41C89391A7}.RedistWP8Debug|x64.Build.0 = Debug|x64
		{86A1E613-11C3-4541-B995-4A41C89391A7}.RedistWP8Debug|x64.Deploy.0 = Debug|x64
		{86A1E613-11C3-4541-B995-4A41C89391A7}.RedistWP8Debug|x86.ActiveCfg = Debug|x86
		{86A1E613-11C3-4541-B995-4A41C89391A7}.RedistWP8Debug|x86.Build.0 = Debug|x86
		{86A1E613-11C3-4541-B995-4A41C89391A7}.RedistWP8Debug|x86.Deploy.0 = Debug|x86
		{86A1E613-11C3-4541-B995-4A41C89391A7}.Release|Any CPU.ActiveCfg = Release|Any CPU
		{86A1E613-11C3-4541-B995-4A41C89391A7}.Release|Any CPU.Build.0 = Release|Any CPU
		{86A1E613-11C3-4541-B995-4A41C89391A7}.Release|Any CPU.Deploy.0 = Release|Any CPU
		{86A1E613-11C3-4541-B995-4A41C89391A7}.Release|ARM.ActiveCfg = Release|ARM
		{86A1E613-11C3-4541-B995-4A41C89391A7}.Release|ARM.Build.0 = Release|ARM
		{86A1E613-11C3-4541-B995-4A41C89391A7}.Release|ARM.Deploy.0 = Release|ARM
		{86A1E613-11C3-4541-B995-4A41C89391A7}.Release|Mixed Platforms.ActiveCfg = Release|x86
		{86A1E613-11C3-4541-B995-4A41C89391A7}.Release|Mixed Platforms.Build.0 = Release|x86
		{86A1E613-11C3-4541-B995-4A41C89391A7}.Release|Mixed Platforms.Deploy.0 = Release|x86
		{86A1E613-11C3-4541-B995-4A41C89391A7}.Release|x64.ActiveCfg = Release|x64
		{86A1E613-11C3-4541-B995-4A41C89391A7}.Release|x64.Build.0 = Release|x64
		{86A1E613-11C3-4541-B995-4A41C89391A7}.Release|x64.Deploy.0 = Release|x64
		{86A1E613-11C3-4541-B995-4A41C89391A7}.Release|x86.ActiveCfg = Release|x86
		{86A1E613-11C3-4541-B995-4A41C89391A7}.Release|x86.Build.0 = Release|x86
		{86A1E613-11C3-4541-B995-4A41C89391A7}.Release|x86.Deploy.0 = Release|x86
		{86A1E613-11C3-4541-B995-4A41C89391A7}.Win8Debug|Any CPU.ActiveCfg = Debug|Any CPU
		{86A1E613-11C3-4541-B995-4A41C89391A7}.Win8Debug|Any CPU.Build.0 = Debug|Any CPU
		{86A1E613-11C3-4541-B995-4A41C89391A7}.Win8Debug|Any CPU.Deploy.0 = Debug|Any CPU
		{86A1E613-11C3-4541-B995-4A41C89391A7}.Win8Debug|ARM.ActiveCfg = Debug|ARM
		{86A1E613-11C3-4541-B995-4A41C89391A7}.Win8Debug|ARM.Build.0 = Debug|ARM
		{86A1E613-11C3-4541-B995-4A41C89391A7}.Win8Debug|ARM.Deploy.0 = Debug|ARM
		{86A1E613-11C3-4541-B995-4A41C89391A7}.Win8Debug|Mixed Platforms.ActiveCfg = Debug|x86
		{86A1E613-11C3-4541-B995-4A41C89391A7}.Win8Debug|Mixed Platforms.Build.0 = Debug|x86
		{86A1E613-11C3-4541-B995-4A41C89391A7}.Win8Debug|Mixed Platforms.Deploy.0 = Debug|x86
		{86A1E613-11C3-4541-B995-4A41C89391A7}.Win8Debug|x64.ActiveCfg = Debug|x64
		{86A1E613-11C3-4541-B995-4A41C89391A7}.Win8Debug|x64.Build.0 = Debug|x64
		{86A1E613-11C3-4541-B995-4A41C89391A7}.Win8Debug|x64.Deploy.0 = Debug|x64
		{86A1E613-11C3-4541-B995-4A41C89391A7}.Win8Debug|x86.ActiveCfg = Debug|x86
		{86A1E613-11C3-4541-B995-4A41C89391A7}.Win8Debug|x86.Build.0 = Debug|x86
		{86A1E613-11C3-4541-B995-4A41C89391A7}.Win8Debug|x86.Deploy.0 = Debug|x86
		{86A1E613-11C3-4541-B995-4A41C89391A7}.Win8Release|Any CPU.ActiveCfg = Release|Any CPU
		{86A1E613-11C3-4541-B995-4A41C89391A7}.Win8Release|Any CPU.Build.0 = Release|Any CPU
		{86A1E613-11C3-4541-B995-4A41C89391A7}.Win8Release|Any CPU.Deploy.0 = Release|Any CPU
		{86A1E613-11C3-4541-B995-4A41C89391A7}.Win8Release|ARM.ActiveCfg = Release|ARM
		{86A1E613-11C3-4541-B995-4A41C89391A7}.Win8Release|ARM.Build.0 = Release|ARM
		{86A1E613-11C3-4541-B995-4A41C89391A7}.Win8Release|ARM.Deploy.0 = Release|ARM
		{86A1E613-11C3-4541-B995-4A41C89391A7}.Win8Release|Mixed Platforms.ActiveCfg = Release|x86
		{86A1E613-11C3-4541-B995-4A41C89391A7}.Win8Release|Mixed Platforms.Build.0 = Release|x86
		{86A1E613-11C3-4541-B995-4A41C89391A7}.Win8Release|Mixed Platforms.Deploy.0 = Release|x86
		{86A1E613-11C3-4541-B995-4A41C89391A7}.Win8Release|x64.ActiveCfg = Release|x64
		{86A1E613-11C3-4541-B995-4A41C89391A7}.Win8Release|x64.Build.0 = Release|x64
		{86A1E613-11C3-4541-B995-4A41C89391A7}.Win8Release|x64.Deploy.0 = Release|x64
		{86A1E613-11C3-4541-B995-4A41C89391A7}.Win8Release|x86.ActiveCfg = Release|x86
		{86A1E613-11C3-4541-B995-4A41C89391A7}.Win8Release|x86.Build.0 = Release|x86
		{86A1E613-11C3-4541-B995-4A41C89391A7}.Win8Release|x86.Deploy.0 = Release|x86
		{86A1E613-11C3-4541-B995-4A41C89391A7}.WP8Debug|Any CPU.ActiveCfg = Debug|Any CPU
		{86A1E613-11C3-4541-B995-4A41C89391A7}.WP8Debug|Any CPU.Build.0 = Debug|Any CPU
		{86A1E613-11C3-4541-B995-4A41C89391A7}.WP8Debug|Any CPU.Deploy.0 = Debug|Any CPU
		{86A1E613-11C3-4541-B995-4A41C89391A7}.WP8Debug|ARM.ActiveCfg = Debug|ARM
		{86A1E613-11C3-4541-B995-4A41C89391A7}.WP8Debug|ARM.Build.0 = Debug|ARM
		{86A1E613-11C3-4541-B995-4A41C89391A7}.WP8Debug|ARM.Deploy.0 = Debug|ARM
		{86A1E613-11C3-4541-B995-4A41C89391A7}.WP8Debug|Mixed Platforms.ActiveCfg = Debug|x86
		{86A1E613-11C3-4541-B995-4A41C89391A7}.WP8Debug|Mixed Platforms.Build.0 = Debug|x86
		{86A1E613-11C3-4541-B995-4A41C89391A7}.WP8Debug|Mixed Platforms.Deploy.0 = Debug|x86
		{86A1E613-11C3-4541-B995-4A41C89391A7}.WP8Debug|x64.ActiveCfg = Debug|x64
		{86A1E613-11C3-4541-B995-4A41C89391A7}.WP8Debug|x64.Build.0 = Debug|x64
		{86A1E613-11C3-4541-B995-4A41C89391A7}.WP8Debug|x64.Deploy.0 = Debug|x64
		{86A1E613-11C3-4541-B995-4A41C89391A7}.WP8Debug|x86.ActiveCfg = Debug|x86
		{86A1E613-11C3-4541-B995-4A41C89391A7}.WP8Debug|x86.Build.0 = Debug|x86
		{86A1E613-11C3-4541-B995-4A41C89391A7}.WP8Debug|x86.Deploy.0 = Debug|x86
		{86A1E613-11C3-4541-B995-4A41C89391A7}.WP8Release|Any CPU.ActiveCfg = Release|Any CPU
		{86A1E613-11C3-4541-B995-4A41C89391A7}.WP8Release|Any CPU.Build.0 = Release|Any CPU
		{86A1E613-11C3-4541-B995-4A41C89391A7}.WP8Release|Any CPU.Deploy.0 = Release|Any CPU
		{86A1E613-11C3-4541-B995-4A41C89391A7}.WP8Release|ARM.ActiveCfg = Release|ARM
		{86A1E613-11C3-4541-B995-4A41C89391A7}.WP8Release|ARM.Build.0 = Release|ARM
		{86A1E613-11C3-4541-B995-4A41C89391A7}.WP8Release|ARM.Deploy.0 = Release|ARM
		{86A1E613-11C3-4541-B995-4A41C89391A7}.WP8Release|Mixed Platforms.ActiveCfg = Release|x86
		{86A1E613-11C3-4541-B995-4A41C89391A7}.WP8Release|Mixed Platforms.Build.0 = Release|x86
		{86A1E613-11C3-4541-B995-4A41C89391A7}.WP8Release|Mixed Platforms.Deploy.0 = Release|x86
		{86A1E613-11C3-4541-B995-4A41C89391A7}.WP8Release|x64.ActiveCfg = Release|x64
		{86A1E613-11C3-4541-B995-4A41C89391A7}.WP8Release|x64.Build.0 = Release|x64
		{86A1E613-11C3-4541-B995-4A41C89391A7}.WP8Release|x64.Deploy.0 = Release|x64
		{86A1E613-11C3-4541-B995-4A41C89391A7}.WP8Release|x86.ActiveCfg = Release|x86
		{86A1E613-11C3-4541-B995-4A41C89391A7}.WP8Release|x86.Build.0 = Release|x86
		{86A1E613-11C3-4541-B995-4A41C89391A7}.WP8Release|x86.Deploy.0 = Release|x86
		{CF78F989-D10C-4DAC-BD51-1B135374A6F3}.Debug|Any CPU.ActiveCfg = Win8Debug|Any CPU
		{CF78F989-D10C-4DAC-BD51-1B135374A6F3}.Debug|Any CPU.Build.0 = Win8Debug|Any CPU
		{CF78F989-D10C-4DAC-BD51-1B135374A6F3}.Debug|ARM.ActiveCfg = Debug|Any CPU
		{CF78F989-D10C-4DAC-BD51-1B135374A6F3}.Debug|Mixed Platforms.ActiveCfg = Debug|Any CPU
		{CF78F989-D10C-4DAC-BD51-1B135374A6F3}.Debug|Mixed Platforms.Build.0 = Debug|Any CPU
		{CF78F989-D10C-4DAC-BD51-1B135374A6F3}.Debug|x64.ActiveCfg = Debug|Any CPU
		{CF78F989-D10C-4DAC-BD51-1B135374A6F3}.Debug|x86.ActiveCfg = Debug|Any CPU
		{CF78F989-D10C-4DAC-BD51-1B135374A6F3}.RedistWin8Debug|Any CPU.ActiveCfg = Win8Debug|Any CPU
		{CF78F989-D10C-4DAC-BD51-1B135374A6F3}.RedistWin8Debug|Any CPU.Build.0 = Win8Debug|Any CPU
		{CF78F989-D10C-4DAC-BD51-1B135374A6F3}.RedistWin8Debug|ARM.ActiveCfg = Win8Debug|Any CPU
		{CF78F989-D10C-4DAC-BD51-1B135374A6F3}.RedistWin8Debug|Mixed Platforms.ActiveCfg = Win8Debug|Any CPU
		{CF78F989-D10C-4DAC-BD51-1B135374A6F3}.RedistWin8Debug|Mixed Platforms.Build.0 = Win8Debug|Any CPU
		{CF78F989-D10C-4DAC-BD51-1B135374A6F3}.RedistWin8Debug|x64.ActiveCfg = Win8Debug|Any CPU
		{CF78F989-D10C-4DAC-BD51-1B135374A6F3}.RedistWin8Debug|x86.ActiveCfg = Win8Debug|Any CPU
		{CF78F989-D10C-4DAC-BD51-1B135374A6F3}.RedistWP8Debug|Any CPU.ActiveCfg = WP8Debug|Any CPU
		{CF78F989-D10C-4DAC-BD51-1B135374A6F3}.RedistWP8Debug|Any CPU.Build.0 = WP8Debug|Any CPU
		{CF78F989-D10C-4DAC-BD51-1B135374A6F3}.RedistWP8Debug|ARM.ActiveCfg = WP8Debug|Any CPU
		{CF78F989-D10C-4DAC-BD51-1B135374A6F3}.RedistWP8Debug|Mixed Platforms.ActiveCfg = WP8Debug|Any CPU
		{CF78F989-D10C-4DAC-BD51-1B135374A6F3}.RedistWP8Debug|Mixed Platforms.Build.0 = WP8Debug|Any CPU
		{CF78F989-D10C-4DAC-BD51-1B135374A6F3}.RedistWP8Debug|x64.ActiveCfg = WP8Debug|Any CPU
		{CF78F989-D10C-4DAC-BD51-1B135374A6F3}.RedistWP8Debug|x86.ActiveCfg = WP8Debug|Any CPU
		{CF78F989-D10C-4DAC-BD51-1B135374A6F3}.Release|Any CPU.ActiveCfg = WP8Release|Any CPU
		{CF78F989-D10C-4DAC-BD51-1B135374A6F3}.Release|Any CPU.Build.0 = WP8Release|Any CPU
		{CF78F989-D10C-4DAC-BD51-1B135374A6F3}.Release|ARM.ActiveCfg = WP8Release|Any CPU
		{CF78F989-D10C-4DAC-BD51-1B135374A6F3}.Release|Mixed Platforms.ActiveCfg = Win8Release|Any CPU
		{CF78F989-D10C-4DAC-BD51-1B135374A6F3}.Release|Mixed Platforms.Build.0 = Win8Release|Any CPU
		{CF78F989-D10C-4DAC-BD51-1B135374A6F3}.Release|x64.ActiveCfg = WP8Release|Any CPU
		{CF78F989-D10C-4DAC-BD51-1B135374A6F3}.Release|x86.ActiveCfg = WP8Release|Any CPU
		{CF78F989-D10C-4DAC-BD51-1B135374A6F3}.Win8Debug|Any CPU.ActiveCfg = Win8Debug|Any CPU
		{CF78F989-D10C-4DAC-BD51-1B135374A6F3}.Win8Debug|Any CPU.Build.0 = Win8Debug|Any CPU
		{CF78F989-D10C-4DAC-BD51-1B135374A6F3}.Win8Debug|ARM.ActiveCfg = Win8Debug|Any CPU
		{CF78F989-D10C-4DAC-BD51-1B135374A6F3}.Win8Debug|Mixed Platforms.ActiveCfg = Win8Debug|Any CPU
		{CF78F989-D10C-4DAC-BD51-1B135374A6F3}.Win8Debug|Mixed Platforms.Build.0 = Win8Debug|Any CPU
		{CF78F989-D10C-4DAC-BD51-1B135374A6F3}.Win8Debug|x64.ActiveCfg = Win8Debug|Any CPU
		{CF78F989-D10C-4DAC-BD51-1B135374A6F3}.Win8Debug|x86.ActiveCfg = Win8Debug|Any CPU
		{CF78F989-D10C-4DAC-BD51-1B135374A6F3}.Win8Release|Any CPU.ActiveCfg = Win8Release|Any CPU
		{CF78F989-D10C-4DAC-BD51-1B135374A6F3}.Win8Release|Any CPU.Build.0 = Win8Release|Any CPU
		{CF78F989-D10C-4DAC-BD51-1B135374A6F3}.Win8Release|ARM.ActiveCfg = Win8Release|Any CPU
		{CF78F989-D10C-4DAC-BD51-1B135374A6F3}.Win8Release|Mixed Platforms.ActiveCfg = Win8Release|Any CPU
		{CF78F989-D10C-4DAC-BD51-1B135374A6F3}.Win8Release|Mixed Platforms.Build.0 = Win8Release|Any CPU
		{CF78F989-D10C-4DAC-BD51-1B135374A6F3}.Win8Release|x64.ActiveCfg = Win8Release|Any CPU
		{CF78F989-D10C-4DAC-BD51-1B135374A6F3}.Win8Release|x86.ActiveCfg = Win8Release|Any CPU
		{CF78F989-D10C-4DAC-BD51-1B135374A6F3}.WP8Debug|Any CPU.ActiveCfg = WP8Debug|Any CPU
		{CF78F989-D10C-4DAC-BD51-1B135374A6F3}.WP8Debug|Any CPU.Build.0 = WP8Debug|Any CPU
		{CF78F989-D10C-4DAC-BD51-1B135374A6F3}.WP8Debug|ARM.ActiveCfg = WP8Debug|Any CPU
		{CF78F989-D10C-4DAC-BD51-1B135374A6F3}.WP8Debug|Mixed Platforms.ActiveCfg = WP8Debug|Any CPU
		{CF78F989-D10C-4DAC-BD51-1B135374A6F3}.WP8Debug|Mixed Platforms.Build.0 = WP8Debug|Any CPU
		{CF78F989-D10C-4DAC-BD51-1B135374A6F3}.WP8Debug|x64.ActiveCfg = WP8Debug|Any CPU
		{CF78F989-D10C-4DAC-BD51-1B135374A6F3}.WP8Debug|x86.ActiveCfg = WP8Debug|Any CPU
		{CF78F989-D10C-4DAC-BD51-1B135374A6F3}.WP8Release|Any CPU.ActiveCfg = WP8Release|Any CPU
		{CF78F989-D10C-4DAC-BD51-1B135374A6F3}.WP8Release|Any CPU.Build.0 = WP8Release|Any CPU
		{CF78F989-D10C-4DAC-BD51-1B135374A6F3}.WP8Release|ARM.ActiveCfg = WP8Release|Any CPU
		{CF78F989-D10C-4DAC-BD51-1B135374A6F3}.WP8Release|Mixed Platforms.ActiveCfg = WP8Release|Any CPU
		{CF78F989-D10C-4DAC-BD51-1B135374A6F3}.WP8Release|Mixed Platforms.Build.0 = WP8Release|Any CPU
		{CF78F989-D10C-4DAC-BD51-1B135374A6F3}.WP8Release|x64.ActiveCfg = WP8Release|Any CPU
		{CF78F989-D10C-4DAC-BD51-1B135374A6F3}.WP8Release|x86.ActiveCfg = WP8Release|Any CPU
		{B948170F-4BC3-4D84-B2F3-F369B3A82B5B}.Debug|Any CPU.ActiveCfg = Win8Debug|Any CPU
		{B948170F-4BC3-4D84-B2F3-F369B3A82B5B}.Debug|Any CPU.Build.0 = Win8Debug|Any CPU
		{B948170F-4BC3-4D84-B2F3-F369B3A82B5B}.Debug|ARM.ActiveCfg = Debug|Any CPU
		{B948170F-4BC3-4D84-B2F3-F369B3A82B5B}.Debug|Mixed Platforms.ActiveCfg = Debug|Any CPU
		{B948170F-4BC3-4D84-B2F3-F369B3A82B5B}.Debug|Mixed Platforms.Build.0 = Debug|Any CPU
		{B948170F-4BC3-4D84-B2F3-F369B3A82B5B}.Debug|x64.ActiveCfg = Debug|Any CPU
		{B948170F-4BC3-4D84-B2F3-F369B3A82B5B}.Debug|x86.ActiveCfg = Debug|Any CPU
		{B948170F-4BC3-4D84-B2F3-F369B3A82B5B}.RedistWin8Debug|Any CPU.ActiveCfg = Win8Debug|Any CPU
		{B948170F-4BC3-4D84-B2F3-F369B3A82B5B}.RedistWin8Debug|Any CPU.Build.0 = Win8Debug|Any CPU
		{B948170F-4BC3-4D84-B2F3-F369B3A82B5B}.RedistWin8Debug|ARM.ActiveCfg = Win8Debug|Any CPU
		{B948170F-4BC3-4D84-B2F3-F369B3A82B5B}.RedistWin8Debug|Mixed Platforms.ActiveCfg = Win8Debug|Any CPU
		{B948170F-4BC3-4D84-B2F3-F369B3A82B5B}.RedistWin8Debug|Mixed Platforms.Build.0 = Win8Debug|Any CPU
		{B948170F-4BC3-4D84-B2F3-F369B3A82B5B}.RedistWin8Debug|x64.ActiveCfg = Win8Debug|Any CPU
		{B948170F-4BC3-4D84-B2F3-F369B3A82B5B}.RedistWin8Debug|x86.ActiveCfg = Win8Debug|Any CPU
		{B948170F-4BC3-4D84-B2F3-F369B3A82B5B}.RedistWP8Debug|Any CPU.ActiveCfg = Debug|Any CPU
		{B948170F-4BC3-4D84-B2F3-F369B3A82B5B}.RedistWP8Debug|Any CPU.Build.0 = Debug|Any CPU
		{B948170F-4BC3-4D84-B2F3-F369B3A82B5B}.RedistWP8Debug|ARM.ActiveCfg = Debug|Any CPU
		{B948170F-4BC3-4D84-B2F3-F369B3A82B5B}.RedistWP8Debug|Mixed Platforms.ActiveCfg = Debug|Any CPU
		{B948170F-4BC3-4D84-B2F3-F369B3A82B5B}.RedistWP8Debug|Mixed Platforms.Build.0 = Debug|Any CPU
		{B948170F-4BC3-4D84-B2F3-F369B3A82B5B}.RedistWP8Debug|x64.ActiveCfg = Debug|Any CPU
		{B948170F-4BC3-4D84-B2F3-F369B3A82B5B}.RedistWP8Debug|x86.ActiveCfg = Debug|Any CPU
		{B948170F-4BC3-4D84-B2F3-F369B3A82B5B}.Release|Any CPU.ActiveCfg = Win7Debug|Any CPU
		{B948170F-4BC3-4D84-B2F3-F369B3A82B5B}.Release|Any CPU.Build.0 = Win7Debug|Any CPU
		{B948170F-4BC3-4D84-B2F3-F369B3A82B5B}.Release|ARM.ActiveCfg = Win7Debug|Any CPU
		{B948170F-4BC3-4D84-B2F3-F369B3A82B5B}.Release|Mixed Platforms.ActiveCfg = Win7Debug|Any CPU
		{B948170F-4BC3-4D84-B2F3-F369B3A82B5B}.Release|Mixed Platforms.Build.0 = Win7Debug|Any CPU
		{B948170F-4BC3-4D84-B2F3-F369B3A82B5B}.Release|x64.ActiveCfg = Win7Debug|Any CPU
		{B948170F-4BC3-4D84-B2F3-F369B3A82B5B}.Release|x86.ActiveCfg = Win7Debug|Any CPU
		{B948170F-4BC3-4D84-B2F3-F369B3A82B5B}.Win8Debug|Any CPU.ActiveCfg = Win8Debug|Any CPU
		{B948170F-4BC3-4D84-B2F3-F369B3A82B5B}.Win8Debug|Any CPU.Build.0 = Win8Debug|Any CPU
		{B948170F-4BC3-4D84-B2F3-F369B3A82B5B}.Win8Debug|ARM.ActiveCfg = Win8Debug|Any CPU
		{B948170F-4BC3-4D84-B2F3-F369B3A82B5B}.Win8Debug|Mixed Platforms.ActiveCfg = Win8Debug|Any CPU
		{B948170F-4BC3-4D84-B2F3-F369B3A82B5B}.Win8Debug|Mixed Platforms.Build.0 = Win8Debug|Any CPU
		{B948170F-4BC3-4D84-B2F3-F369B3A82B5B}.Win8Debug|x64.ActiveCfg = Win8Debug|Any CPU
		{B948170F-4BC3-4D84-B2F3-F369B3A82B5B}.Win8Debug|x86.ActiveCfg = Win8Debug|Any CPU
		{B948170F-4BC3-4D84-B2F3-F369B3A82B5B}.Win8Release|Any CPU.ActiveCfg = Win8CodeAnalysis|Any CPU
		{B948170F-4BC3-4D84-B2F3-F369B3A82B5B}.Win8Release|Any CPU.Build.0 = Win8CodeAnalysis|Any CPU
		{B948170F-4BC3-4D84-B2F3-F369B3A82B5B}.Win8Release|ARM.ActiveCfg = Win8CodeAnalysis|Any CPU
		{B948170F-4BC3-4D84-B2F3-F369B3A82B5B}.Win8Release|Mixed Platforms.ActiveCfg = Win8CodeAnalysis|Any CPU
		{B948170F-4BC3-4D84-B2F3-F369B3A82B5B}.Win8Release|Mixed Platforms.Build.0 = Win8CodeAnalysis|Any CPU
		{B948170F-4BC3-4D84-B2F3-F369B3A82B5B}.Win8Release|x64.ActiveCfg = Win8CodeAnalysis|Any CPU
		{B948170F-4BC3-4D84-B2F3-F369B3A82B5B}.Win8Release|x86.ActiveCfg = Win8CodeAnalysis|Any CPU
		{B948170F-4BC3-4D84-B2F3-F369B3A82B5B}.WP8Debug|Any CPU.ActiveCfg = Debug|Any CPU
		{B948170F-4BC3-4D84-B2F3-F369B3A82B5B}.WP8Debug|Any CPU.Build.0 = Debug|Any CPU
		{B948170F-4BC3-4D84-B2F3-F369B3A82B5B}.WP8Debug|ARM.ActiveCfg = Debug|Any CPU
		{B948170F-4BC3-4D84-B2F3-F369B3A82B5B}.WP8Debug|Mixed Platforms.ActiveCfg = Debug|Any CPU
		{B948170F-4BC3-4D84-B2F3-F369B3A82B5B}.WP8Debug|Mixed Platforms.Build.0 = Debug|Any CPU
		{B948170F-4BC3-4D84-B2F3-F369B3A82B5B}.WP8Debug|x64.ActiveCfg = Debug|Any CPU
		{B948170F-4BC3-4D84-B2F3-F369B3A82B5B}.WP8Debug|x86.ActiveCfg = Debug|Any CPU
		{B948170F-4BC3-4D84-B2F3-F369B3A82B5B}.WP8Release|Any CPU.ActiveCfg = Win7Debug|Any CPU
		{B948170F-4BC3-4D84-B2F3-F369B3A82B5B}.WP8Release|Any CPU.Build.0 = Win7Debug|Any CPU
		{B948170F-4BC3-4D84-B2F3-F369B3A82B5B}.WP8Release|ARM.ActiveCfg = Win7Debug|Any CPU
		{B948170F-4BC3-4D84-B2F3-F369B3A82B5B}.WP8Release|Mixed Platforms.ActiveCfg = Win7Debug|Any CPU
		{B948170F-4BC3-4D84-B2F3-F369B3A82B5B}.WP8Release|Mixed Platforms.Build.0 = Win7Debug|Any CPU
		{B948170F-4BC3-4D84-B2F3-F369B3A82B5B}.WP8Release|x64.ActiveCfg = Win7Debug|Any CPU
		{B948170F-4BC3-4D84-B2F3-F369B3A82B5B}.WP8Release|x86.ActiveCfg = Win7Debug|Any CPU
		{E503A265-F72B-472E-A702-5B4011D8F1D1}.Debug|Any CPU.ActiveCfg = Win8Debug|Any CPU
		{E503A265-F72B-472E-A702-5B4011D8F1D1}.Debug|Any CPU.Build.0 = Win8Debug|Any CPU
		{E503A265-F72B-472E-A702-5B4011D8F1D1}.Debug|ARM.ActiveCfg = Debug|Any CPU
		{E503A265-F72B-472E-A702-5B4011D8F1D1}.Debug|Mixed Platforms.ActiveCfg = Debug|Any CPU
		{E503A265-F72B-472E-A702-5B4011D8F1D1}.Debug|Mixed Platforms.Build.0 = Debug|Any CPU
		{E503A265-F72B-472E-A702-5B4011D8F1D1}.Debug|x64.ActiveCfg = Debug|Any CPU
		{E503A265-F72B-472E-A702-5B4011D8F1D1}.Debug|x86.ActiveCfg = Debug|Any CPU
		{E503A265-F72B-472E-A702-5B4011D8F1D1}.RedistWin8Debug|Any CPU.ActiveCfg = Win8Debug|Any CPU
		{E503A265-F72B-472E-A702-5B4011D8F1D1}.RedistWin8Debug|Any CPU.Build.0 = Win8Debug|Any CPU
		{E503A265-F72B-472E-A702-5B4011D8F1D1}.RedistWin8Debug|ARM.ActiveCfg = Win8Debug|Any CPU
		{E503A265-F72B-472E-A702-5B4011D8F1D1}.RedistWin8Debug|Mixed Platforms.ActiveCfg = Win8Debug|Any CPU
		{E503A265-F72B-472E-A702-5B4011D8F1D1}.RedistWin8Debug|Mixed Platforms.Build.0 = Win8Debug|Any CPU
		{E503A265-F72B-472E-A702-5B4011D8F1D1}.RedistWin8Debug|x64.ActiveCfg = Win8Debug|Any CPU
		{E503A265-F72B-472E-A702-5B4011D8F1D1}.RedistWin8Debug|x86.ActiveCfg = Win8Debug|Any CPU
		{E503A265-F72B-472E-A702-5B4011D8F1D1}.RedistWP8Debug|Any CPU.ActiveCfg = Debug|Any CPU
		{E503A265-F72B-472E-A702-5B4011D8F1D1}.RedistWP8Debug|Any CPU.Build.0 = Debug|Any CPU
		{E503A265-F72B-472E-A702-5B4011D8F1D1}.RedistWP8Debug|ARM.ActiveCfg = Debug|Any CPU
		{E503A265-F72B-472E-A702-5B4011D8F1D1}.RedistWP8Debug|Mixed Platforms.ActiveCfg = Debug|Any CPU
		{E503A265-F72B-472E-A702-5B4011D8F1D1}.RedistWP8Debug|Mixed Platforms.Build.0 = Debug|Any CPU
		{E503A265-F72B-472E-A702-5B4011D8F1D1}.RedistWP8Debug|x64.ActiveCfg = Debug|Any CPU
		{E503A265-F72B-472E-A702-5B4011D8F1D1}.RedistWP8Debug|x86.ActiveCfg = Debug|Any CPU
		{E503A265-F72B-472E-A702-5B4011D8F1D1}.Release|Any CPU.ActiveCfg = Win7Debug|Any CPU
		{E503A265-F72B-472E-A702-5B4011D8F1D1}.Release|Any CPU.Build.0 = Win7Debug|Any CPU
		{E503A265-F72B-472E-A702-5B4011D8F1D1}.Release|ARM.ActiveCfg = Win7Debug|Any CPU
		{E503A265-F72B-472E-A702-5B4011D8F1D1}.Release|Mixed Platforms.ActiveCfg = Win7Debug|Any CPU
		{E503A265-F72B-472E-A702-5B4011D8F1D1}.Release|Mixed Platforms.Build.0 = Win7Debug|Any CPU
		{E503A265-F72B-472E-A702-5B4011D8F1D1}.Release|x64.ActiveCfg = Win7Debug|Any CPU
		{E503A265-F72B-472E-A702-5B4011D8F1D1}.Release|x86.ActiveCfg = Win7Debug|Any CPU
		{E503A265-F72B-472E-A702-5B4011D8F1D1}.Win8Debug|Any CPU.ActiveCfg = Win8Debug|Any CPU
		{E503A265-F72B-472E-A702-5B4011D8F1D1}.Win8Debug|Any CPU.Build.0 = Win8Debug|Any CPU
		{E503A265-F72B-472E-A702-5B4011D8F1D1}.Win8Debug|ARM.ActiveCfg = Win8Debug|Any CPU
		{E503A265-F72B-472E-A702-5B4011D8F1D1}.Win8Debug|Mixed Platforms.ActiveCfg = Win8Debug|Any CPU
		{E503A265-F72B-472E-A702-5B4011D8F1D1}.Win8Debug|Mixed Platforms.Build.0 = Win8Debug|Any CPU
		{E503A265-F72B-472E-A702-5B4011D8F1D1}.Win8Debug|x64.ActiveCfg = Win8Debug|Any CPU
		{E503A265-F72B-472E-A702-5B4011D8F1D1}.Win8Debug|x86.ActiveCfg = Win8Debug|Any CPU
		{E503A265-F72B-472E-A702-5B4011D8F1D1}.Win8Release|Any CPU.ActiveCfg = Win8CodeAnalysis|Any CPU
		{E503A265-F72B-472E-A702-5B4011D8F1D1}.Win8Release|Any CPU.Build.0 = Win8CodeAnalysis|Any CPU
		{E503A265-F72B-472E-A702-5B4011D8F1D1}.Win8Release|ARM.ActiveCfg = Win8CodeAnalysis|Any CPU
		{E503A265-F72B-472E-A702-5B4011D8F1D1}.Win8Release|Mixed Platforms.ActiveCfg = Win8CodeAnalysis|Any CPU
		{E503A265-F72B-472E-A702-5B4011D8F1D1}.Win8Release|Mixed Platforms.Build.0 = Win8CodeAnalysis|Any CPU
		{E503A265-F72B-472E-A702-5B4011D8F1D1}.Win8Release|x64.ActiveCfg = Win8CodeAnalysis|Any CPU
		{E503A265-F72B-472E-A702-5B4011D8F1D1}.Win8Release|x86.ActiveCfg = Win8CodeAnalysis|Any CPU
		{E503A265-F72B-472E-A702-5B4011D8F1D1}.WP8Debug|Any CPU.ActiveCfg = Debug|Any CPU
		{E503A265-F72B-472E-A702-5B4011D8F1D1}.WP8Debug|Any CPU.Build.0 = Debug|Any CPU
		{E503A265-F72B-472E-A702-5B4011D8F1D1}.WP8Debug|ARM.ActiveCfg = Debug|Any CPU
		{E503A265-F72B-472E-A702-5B4011D8F1D1}.WP8Debug|Mixed Platforms.ActiveCfg = Debug|Any CPU
		{E503A265-F72B-472E-A702-5B4011D8F1D1}.WP8Debug|Mixed Platforms.Build.0 = Debug|Any CPU
		{E503A265-F72B-472E-A702-5B4011D8F1D1}.WP8Debug|x64.ActiveCfg = Debug|Any CPU
		{E503A265-F72B-472E-A702-5B4011D8F1D1}.WP8Debug|x86.ActiveCfg = Debug|Any CPU
		{E503A265-F72B-472E-A702-5B4011D8F1D1}.WP8Release|Any CPU.ActiveCfg = Win7Debug|Any CPU
		{E503A265-F72B-472E-A702-5B4011D8F1D1}.WP8Release|Any CPU.Build.0 = Win7Debug|Any CPU
		{E503A265-F72B-472E-A702-5B4011D8F1D1}.WP8Release|ARM.ActiveCfg = Win7Debug|Any CPU
		{E503A265-F72B-472E-A702-5B4011D8F1D1}.WP8Release|Mixed Platforms.ActiveCfg = Win7Debug|Any CPU
		{E503A265-F72B-472E-A702-5B4011D8F1D1}.WP8Release|Mixed Platforms.Build.0 = Win7Debug|Any CPU
		{E503A265-F72B-472E-A702-5B4011D8F1D1}.WP8Release|x64.ActiveCfg = Win7Debug|Any CPU
		{E503A265-F72B-472E-A702-5B4011D8F1D1}.WP8Release|x86.ActiveCfg = Win7Debug|Any CPU
		{7740A46F-0809-49D2-BD34-71F6D8B6D2CC}.Debug|Any CPU.ActiveCfg = Win8Debug|Any CPU
		{7740A46F-0809-49D2-BD34-71F6D8B6D2CC}.Debug|Any CPU.Build.0 = Win8Debug|Any CPU
		{7740A46F-0809-49D2-BD34-71F6D8B6D2CC}.Debug|ARM.ActiveCfg = Debug|Any CPU
		{7740A46F-0809-49D2-BD34-71F6D8B6D2CC}.Debug|Mixed Platforms.ActiveCfg = Debug|Any CPU
		{7740A46F-0809-49D2-BD34-71F6D8B6D2CC}.Debug|Mixed Platforms.Build.0 = Debug|Any CPU
		{7740A46F-0809-49D2-BD34-71F6D8B6D2CC}.Debug|x64.ActiveCfg = Debug|Any CPU
		{7740A46F-0809-49D2-BD34-71F6D8B6D2CC}.Debug|x86.ActiveCfg = Debug|Any CPU
		{7740A46F-0809-49D2-BD34-71F6D8B6D2CC}.RedistWin8Debug|Any CPU.ActiveCfg = Win8Debug|Any CPU
		{7740A46F-0809-49D2-BD34-71F6D8B6D2CC}.RedistWin8Debug|Any CPU.Build.0 = Win8Debug|Any CPU
		{7740A46F-0809-49D2-BD34-71F6D8B6D2CC}.RedistWin8Debug|ARM.ActiveCfg = Win8Debug|Any CPU
		{7740A46F-0809-49D2-BD34-71F6D8B6D2CC}.RedistWin8Debug|Mixed Platforms.ActiveCfg = Win8Debug|Any CPU
		{7740A46F-0809-49D2-BD34-71F6D8B6D2CC}.RedistWin8Debug|Mixed Platforms.Build.0 = Win8Debug|Any CPU
		{7740A46F-0809-49D2-BD34-71F6D8B6D2CC}.RedistWin8Debug|x64.ActiveCfg = Win8Debug|Any CPU
		{7740A46F-0809-49D2-BD34-71F6D8B6D2CC}.RedistWin8Debug|x86.ActiveCfg = Win8Debug|Any CPU
		{7740A46F-0809-49D2-BD34-71F6D8B6D2CC}.RedistWP8Debug|Any CPU.ActiveCfg = Debug|Any CPU
		{7740A46F-0809-49D2-BD34-71F6D8B6D2CC}.RedistWP8Debug|Any CPU.Build.0 = Debug|Any CPU
		{7740A46F-0809-49D2-BD34-71F6D8B6D2CC}.RedistWP8Debug|ARM.ActiveCfg = Debug|Any CPU
		{7740A46F-0809-49D2-BD34-71F6D8B6D2CC}.RedistWP8Debug|Mixed Platforms.ActiveCfg = Debug|Any CPU
		{7740A46F-0809-49D2-BD34-71F6D8B6D2CC}.RedistWP8Debug|Mixed Platforms.Build.0 = Debug|Any CPU
		{7740A46F-0809-49D2-BD34-71F6D8B6D2CC}.RedistWP8Debug|x64.ActiveCfg = Debug|Any CPU
		{7740A46F-0809-49D2-BD34-71F6D8B6D2CC}.RedistWP8Debug|x86.ActiveCfg = Debug|Any CPU
		{7740A46F-0809-49D2-BD34-71F6D8B6D2CC}.Release|Any CPU.ActiveCfg = Win7Debug|Any CPU
		{7740A46F-0809-49D2-BD34-71F6D8B6D2CC}.Release|Any CPU.Build.0 = Win7Debug|Any CPU
		{7740A46F-0809-49D2-BD34-71F6D8B6D2CC}.Release|ARM.ActiveCfg = Win7Debug|Any CPU
		{7740A46F-0809-49D2-BD34-71F6D8B6D2CC}.Release|Mixed Platforms.ActiveCfg = Win7Debug|Any CPU
		{7740A46F-0809-49D2-BD34-71F6D8B6D2CC}.Release|Mixed Platforms.Build.0 = Win7Debug|Any CPU
		{7740A46F-0809-49D2-BD34-71F6D8B6D2CC}.Release|x64.ActiveCfg = Win7Debug|Any CPU
		{7740A46F-0809-49D2-BD34-71F6D8B6D2CC}.Release|x86.ActiveCfg = Win7Debug|Any CPU
		{7740A46F-0809-49D2-BD34-71F6D8B6D2CC}.Win8Debug|Any CPU.ActiveCfg = Win8Debug|Any CPU
		{7740A46F-0809-49D2-BD34-71F6D8B6D2CC}.Win8Debug|Any CPU.Build.0 = Win8Debug|Any CPU
		{7740A46F-0809-49D2-BD34-71F6D8B6D2CC}.Win8Debug|ARM.ActiveCfg = Win8Debug|Any CPU
		{7740A46F-0809-49D2-BD34-71F6D8B6D2CC}.Win8Debug|Mixed Platforms.ActiveCfg = Win8Debug|Any CPU
		{7740A46F-0809-49D2-BD34-71F6D8B6D2CC}.Win8Debug|Mixed Platforms.Build.0 = Win8Debug|Any CPU
		{7740A46F-0809-49D2-BD34-71F6D8B6D2CC}.Win8Debug|x64.ActiveCfg = Win8Debug|Any CPU
		{7740A46F-0809-49D2-BD34-71F6D8B6D2CC}.Win8Debug|x86.ActiveCfg = Win8Debug|Any CPU
		{7740A46F-0809-49D2-BD34-71F6D8B6D2CC}.Win8Release|Any CPU.ActiveCfg = Win8CodeAnalysis|Any CPU
		{7740A46F-0809-49D2-BD34-71F6D8B6D2CC}.Win8Release|Any CPU.Build.0 = Win8CodeAnalysis|Any CPU
		{7740A46F-0809-49D2-BD34-71F6D8B6D2CC}.Win8Release|ARM.ActiveCfg = Win8CodeAnalysis|Any CPU
		{7740A46F-0809-49D2-BD34-71F6D8B6D2CC}.Win8Release|Mixed Platforms.ActiveCfg = Win8CodeAnalysis|Any CPU
		{7740A46F-0809-49D2-BD34-71F6D8B6D2CC}.Win8Release|Mixed Platforms.Build.0 = Win8CodeAnalysis|Any CPU
		{7740A46F-0809-49D2-BD34-71F6D8B6D2CC}.Win8Release|x64.ActiveCfg = Win8CodeAnalysis|Any CPU
		{7740A46F-0809-49D2-BD34-71F6D8B6D2CC}.Win8Release|x86.ActiveCfg = Win8CodeAnalysis|Any CPU
		{7740A46F-0809-49D2-BD34-71F6D8B6D2CC}.WP8Debug|Any CPU.ActiveCfg = Debug|Any CPU
		{7740A46F-0809-49D2-BD34-71F6D8B6D2CC}.WP8Debug|Any CPU.Build.0 = Debug|Any CPU
		{7740A46F-0809-49D2-BD34-71F6D8B6D2CC}.WP8Debug|ARM.ActiveCfg = Debug|Any CPU
		{7740A46F-0809-49D2-BD34-71F6D8B6D2CC}.WP8Debug|Mixed Platforms.ActiveCfg = Debug|Any CPU
		{7740A46F-0809-49D2-BD34-71F6D8B6D2CC}.WP8Debug|Mixed Platforms.Build.0 = Debug|Any CPU
		{7740A46F-0809-49D2-BD34-71F6D8B6D2CC}.WP8Debug|x64.ActiveCfg = Debug|Any CPU
		{7740A46F-0809-49D2-BD34-71F6D8B6D2CC}.WP8Debug|x86.ActiveCfg = Debug|Any CPU
		{7740A46F-0809-49D2-BD34-71F6D8B6D2CC}.WP8Release|Any CPU.ActiveCfg = Win7Debug|Any CPU
		{7740A46F-0809-49D2-BD34-71F6D8B6D2CC}.WP8Release|Any CPU.Build.0 = Win7Debug|Any CPU
		{7740A46F-0809-49D2-BD34-71F6D8B6D2CC}.WP8Release|ARM.ActiveCfg = Win7Debug|Any CPU
		{7740A46F-0809-49D2-BD34-71F6D8B6D2CC}.WP8Release|Mixed Platforms.ActiveCfg = Win7Debug|Any CPU
		{7740A46F-0809-49D2-BD34-71F6D8B6D2CC}.WP8Release|Mixed Platforms.Build.0 = Win7Debug|Any CPU
		{7740A46F-0809-49D2-BD34-71F6D8B6D2CC}.WP8Release|x64.ActiveCfg = Win7Debug|Any CPU
		{7740A46F-0809-49D2-BD34-71F6D8B6D2CC}.WP8Release|x86.ActiveCfg = Win7Debug|Any CPU
		{8DA243EE-EC1D-4CAB-8B46-73BE83F8CBE7}.Debug|Any CPU.ActiveCfg = Debug|Any CPU
		{8DA243EE-EC1D-4CAB-8B46-73BE83F8CBE7}.Debug|Any CPU.Build.0 = Debug|Any CPU
		{8DA243EE-EC1D-4CAB-8B46-73BE83F8CBE7}.Debug|ARM.ActiveCfg = Debug|Any CPU
		{8DA243EE-EC1D-4CAB-8B46-73BE83F8CBE7}.Debug|Mixed Platforms.ActiveCfg = Debug|Any CPU
		{8DA243EE-EC1D-4CAB-8B46-73BE83F8CBE7}.Debug|Mixed Platforms.Build.0 = Debug|Any CPU
		{8DA243EE-EC1D-4CAB-8B46-73BE83F8CBE7}.Debug|x64.ActiveCfg = Debug|Any CPU
		{8DA243EE-EC1D-4CAB-8B46-73BE83F8CBE7}.Debug|x86.ActiveCfg = Debug|Any CPU
		{8DA243EE-EC1D-4CAB-8B46-73BE83F8CBE7}.RedistWin8Debug|Any CPU.ActiveCfg = Debug|Any CPU
		{8DA243EE-EC1D-4CAB-8B46-73BE83F8CBE7}.RedistWin8Debug|Any CPU.Build.0 = Debug|Any CPU
		{8DA243EE-EC1D-4CAB-8B46-73BE83F8CBE7}.RedistWin8Debug|ARM.ActiveCfg = Debug|Any CPU
		{8DA243EE-EC1D-4CAB-8B46-73BE83F8CBE7}.RedistWin8Debug|Mixed Platforms.ActiveCfg = Debug|Any CPU
		{8DA243EE-EC1D-4CAB-8B46-73BE83F8CBE7}.RedistWin8Debug|Mixed Platforms.Build.0 = Debug|Any CPU
		{8DA243EE-EC1D-4CAB-8B46-73BE83F8CBE7}.RedistWin8Debug|x64.ActiveCfg = Debug|Any CPU
		{8DA243EE-EC1D-4CAB-8B46-73BE83F8CBE7}.RedistWin8Debug|x86.ActiveCfg = Debug|Any CPU
		{8DA243EE-EC1D-4CAB-8B46-73BE83F8CBE7}.RedistWP8Debug|Any CPU.ActiveCfg = Debug|Any CPU
		{8DA243EE-EC1D-4CAB-8B46-73BE83F8CBE7}.RedistWP8Debug|Any CPU.Build.0 = Debug|Any CPU
		{8DA243EE-EC1D-4CAB-8B46-73BE83F8CBE7}.RedistWP8Debug|ARM.ActiveCfg = Debug|Any CPU
		{8DA243EE-EC1D-4CAB-8B46-73BE83F8CBE7}.RedistWP8Debug|Mixed Platforms.ActiveCfg = Debug|Any CPU
		{8DA243EE-EC1D-4CAB-8B46-73BE83F8CBE7}.RedistWP8Debug|Mixed Platforms.Build.0 = Debug|Any CPU
		{8DA243EE-EC1D-4CAB-8B46-73BE83F8CBE7}.RedistWP8Debug|x64.ActiveCfg = Debug|Any CPU
		{8DA243EE-EC1D-4CAB-8B46-73BE83F8CBE7}.RedistWP8Debug|x86.ActiveCfg = Debug|Any CPU
		{8DA243EE-EC1D-4CAB-8B46-73BE83F8CBE7}.Release|Any CPU.ActiveCfg = Release|Any CPU
		{8DA243EE-EC1D-4CAB-8B46-73BE83F8CBE7}.Release|Any CPU.Build.0 = Release|Any CPU
		{8DA243EE-EC1D-4CAB-8B46-73BE83F8CBE7}.Release|ARM.ActiveCfg = Release|Any CPU
		{8DA243EE-EC1D-4CAB-8B46-73BE83F8CBE7}.Release|Mixed Platforms.ActiveCfg = Release|Any CPU
		{8DA243EE-EC1D-4CAB-8B46-73BE83F8CBE7}.Release|Mixed Platforms.Build.0 = Release|Any CPU
		{8DA243EE-EC1D-4CAB-8B46-73BE83F8CBE7}.Release|x64.ActiveCfg = Release|Any CPU
		{8DA243EE-EC1D-4CAB-8B46-73BE83F8CBE7}.Release|x86.ActiveCfg = Release|Any CPU
		{8DA243EE-EC1D-4CAB-8B46-73BE83F8CBE7}.Win8Debug|Any CPU.ActiveCfg = Debug|Any CPU
		{8DA243EE-EC1D-4CAB-8B46-73BE83F8CBE7}.Win8Debug|Any CPU.Build.0 = Debug|Any CPU
		{8DA243EE-EC1D-4CAB-8B46-73BE83F8CBE7}.Win8Debug|ARM.ActiveCfg = Debug|Any CPU
		{8DA243EE-EC1D-4CAB-8B46-73BE83F8CBE7}.Win8Debug|Mixed Platforms.ActiveCfg = Debug|Any CPU
		{8DA243EE-EC1D-4CAB-8B46-73BE83F8CBE7}.Win8Debug|Mixed Platforms.Build.0 = Debug|Any CPU
		{8DA243EE-EC1D-4CAB-8B46-73BE83F8CBE7}.Win8Debug|x64.ActiveCfg = Debug|Any CPU
		{8DA243EE-EC1D-4CAB-8B46-73BE83F8CBE7}.Win8Debug|x86.ActiveCfg = Debug|Any CPU
		{8DA243EE-EC1D-4CAB-8B46-73BE83F8CBE7}.Win8Release|Any CPU.ActiveCfg = Release|Any CPU
		{8DA243EE-EC1D-4CAB-8B46-73BE83F8CBE7}.Win8Release|Any CPU.Build.0 = Release|Any CPU
		{8DA243EE-EC1D-4CAB-8B46-73BE83F8CBE7}.Win8Release|ARM.ActiveCfg = Release|Any CPU
		{8DA243EE-EC1D-4CAB-8B46-73BE83F8CBE7}.Win8Release|Mixed Platforms.ActiveCfg = Release|Any CPU
		{8DA243EE-EC1D-4CAB-8B46-73BE83F8CBE7}.Win8Release|Mixed Platforms.Build.0 = Release|Any CPU
		{8DA243EE-EC1D-4CAB-8B46-73BE83F8CBE7}.Win8Release|x64.ActiveCfg = Release|Any CPU
		{8DA243EE-EC1D-4CAB-8B46-73BE83F8CBE7}.Win8Release|x86.ActiveCfg = Release|Any CPU
		{8DA243EE-EC1D-4CAB-8B46-73BE83F8CBE7}.WP8Debug|Any CPU.ActiveCfg = Debug|Any CPU
		{8DA243EE-EC1D-4CAB-8B46-73BE83F8CBE7}.WP8Debug|Any CPU.Build.0 = Debug|Any CPU
		{8DA243EE-EC1D-4CAB-8B46-73BE83F8CBE7}.WP8Debug|ARM.ActiveCfg = Debug|Any CPU
		{8DA243EE-EC1D-4CAB-8B46-73BE83F8CBE7}.WP8Debug|Mixed Platforms.ActiveCfg = Debug|Any CPU
		{8DA243EE-EC1D-4CAB-8B46-73BE83F8CBE7}.WP8Debug|Mixed Platforms.Build.0 = Debug|Any CPU
		{8DA243EE-EC1D-4CAB-8B46-73BE83F8CBE7}.WP8Debug|x64.ActiveCfg = Debug|Any CPU
		{8DA243EE-EC1D-4CAB-8B46-73BE83F8CBE7}.WP8Debug|x86.ActiveCfg = Debug|Any CPU
		{8DA243EE-EC1D-4CAB-8B46-73BE83F8CBE7}.WP8Release|Any CPU.ActiveCfg = Release|Any CPU
		{8DA243EE-EC1D-4CAB-8B46-73BE83F8CBE7}.WP8Release|Any CPU.Build.0 = Release|Any CPU
		{8DA243EE-EC1D-4CAB-8B46-73BE83F8CBE7}.WP8Release|ARM.ActiveCfg = Release|Any CPU
		{8DA243EE-EC1D-4CAB-8B46-73BE83F8CBE7}.WP8Release|Mixed Platforms.ActiveCfg = Release|Any CPU
		{8DA243EE-EC1D-4CAB-8B46-73BE83F8CBE7}.WP8Release|Mixed Platforms.Build.0 = Release|Any CPU
		{8DA243EE-EC1D-4CAB-8B46-73BE83F8CBE7}.WP8Release|x64.ActiveCfg = Release|Any CPU
		{8DA243EE-EC1D-4CAB-8B46-73BE83F8CBE7}.WP8Release|x86.ActiveCfg = Release|Any CPU
		{647F5289-3264-4B7E-B2A9-4E050E7B26BF}.Debug|Any CPU.ActiveCfg = Debug|Any CPU
		{647F5289-3264-4B7E-B2A9-4E050E7B26BF}.Debug|Any CPU.Build.0 = Debug|Any CPU
		{647F5289-3264-4B7E-B2A9-4E050E7B26BF}.Debug|ARM.ActiveCfg = Debug|Any CPU
		{647F5289-3264-4B7E-B2A9-4E050E7B26BF}.Debug|Mixed Platforms.ActiveCfg = Debug|x86
		{647F5289-3264-4B7E-B2A9-4E050E7B26BF}.Debug|Mixed Platforms.Build.0 = Debug|x86
		{647F5289-3264-4B7E-B2A9-4E050E7B26BF}.Debug|x64.ActiveCfg = Debug|x64
		{647F5289-3264-4B7E-B2A9-4E050E7B26BF}.Debug|x64.Build.0 = Debug|x64
		{647F5289-3264-4B7E-B2A9-4E050E7B26BF}.Debug|x86.ActiveCfg = Debug|x86
		{647F5289-3264-4B7E-B2A9-4E050E7B26BF}.Debug|x86.Build.0 = Debug|x86
		{647F5289-3264-4B7E-B2A9-4E050E7B26BF}.RedistWin8Debug|Any CPU.ActiveCfg = Debug|Any CPU
		{647F5289-3264-4B7E-B2A9-4E050E7B26BF}.RedistWin8Debug|Any CPU.Build.0 = Debug|Any CPU
		{647F5289-3264-4B7E-B2A9-4E050E7B26BF}.RedistWin8Debug|ARM.ActiveCfg = Debug|ARM
		{647F5289-3264-4B7E-B2A9-4E050E7B26BF}.RedistWin8Debug|ARM.Build.0 = Debug|ARM
		{647F5289-3264-4B7E-B2A9-4E050E7B26BF}.RedistWin8Debug|Mixed Platforms.ActiveCfg = Debug|x86
		{647F5289-3264-4B7E-B2A9-4E050E7B26BF}.RedistWin8Debug|Mixed Platforms.Build.0 = Debug|x86
		{647F5289-3264-4B7E-B2A9-4E050E7B26BF}.RedistWin8Debug|x64.ActiveCfg = Debug|x64
		{647F5289-3264-4B7E-B2A9-4E050E7B26BF}.RedistWin8Debug|x64.Build.0 = Debug|x64
		{647F5289-3264-4B7E-B2A9-4E050E7B26BF}.RedistWin8Debug|x86.ActiveCfg = Debug|x86
		{647F5289-3264-4B7E-B2A9-4E050E7B26BF}.RedistWin8Debug|x86.Build.0 = Debug|x86
		{647F5289-3264-4B7E-B2A9-4E050E7B26BF}.RedistWP8Debug|Any CPU.ActiveCfg = Debug|Any CPU
		{647F5289-3264-4B7E-B2A9-4E050E7B26BF}.RedistWP8Debug|Any CPU.Build.0 = Debug|Any CPU
		{647F5289-3264-4B7E-B2A9-4E050E7B26BF}.RedistWP8Debug|ARM.ActiveCfg = Debug|ARM
		{647F5289-3264-4B7E-B2A9-4E050E7B26BF}.RedistWP8Debug|ARM.Build.0 = Debug|ARM
		{647F5289-3264-4B7E-B2A9-4E050E7B26BF}.RedistWP8Debug|Mixed Platforms.ActiveCfg = Debug|x86
		{647F5289-3264-4B7E-B2A9-4E050E7B26BF}.RedistWP8Debug|Mixed Platforms.Build.0 = Debug|x86
		{647F5289-3264-4B7E-B2A9-4E050E7B26BF}.RedistWP8Debug|x64.ActiveCfg = Debug|x64
		{647F5289-3264-4B7E-B2A9-4E050E7B26BF}.RedistWP8Debug|x64.Build.0 = Debug|x64
		{647F5289-3264-4B7E-B2A9-4E050E7B26BF}.RedistWP8Debug|x86.ActiveCfg = Debug|x86
		{647F5289-3264-4B7E-B2A9-4E050E7B26BF}.RedistWP8Debug|x86.Build.0 = Debug|x86
		{647F5289-3264-4B7E-B2A9-4E050E7B26BF}.Release|Any CPU.ActiveCfg = Release|Any CPU
		{647F5289-3264-4B7E-B2A9-4E050E7B26BF}.Release|Any CPU.Build.0 = Release|Any CPU
		{647F5289-3264-4B7E-B2A9-4E050E7B26BF}.Release|ARM.ActiveCfg = Release|Any CPU
		{647F5289-3264-4B7E-B2A9-4E050E7B26BF}.Release|Mixed Platforms.ActiveCfg = Release|x86
		{647F5289-3264-4B7E-B2A9-4E050E7B26BF}.Release|Mixed Platforms.Build.0 = Release|x86
		{647F5289-3264-4B7E-B2A9-4E050E7B26BF}.Release|x64.ActiveCfg = Release|x64
		{647F5289-3264-4B7E-B2A9-4E050E7B26BF}.Release|x64.Build.0 = Release|x64
		{647F5289-3264-4B7E-B2A9-4E050E7B26BF}.Release|x86.ActiveCfg = Release|x86
		{647F5289-3264-4B7E-B2A9-4E050E7B26BF}.Release|x86.Build.0 = Release|x86
		{647F5289-3264-4B7E-B2A9-4E050E7B26BF}.Win8Debug|Any CPU.ActiveCfg = Debug|Any CPU
		{647F5289-3264-4B7E-B2A9-4E050E7B26BF}.Win8Debug|Any CPU.Build.0 = Debug|Any CPU
		{647F5289-3264-4B7E-B2A9-4E050E7B26BF}.Win8Debug|ARM.ActiveCfg = Debug|ARM
		{647F5289-3264-4B7E-B2A9-4E050E7B26BF}.Win8Debug|ARM.Build.0 = Debug|ARM
		{647F5289-3264-4B7E-B2A9-4E050E7B26BF}.Win8Debug|Mixed Platforms.ActiveCfg = Debug|Any CPU
		{647F5289-3264-4B7E-B2A9-4E050E7B26BF}.Win8Debug|Mixed Platforms.Build.0 = Debug|Any CPU
		{647F5289-3264-4B7E-B2A9-4E050E7B26BF}.Win8Debug|x64.ActiveCfg = Debug|x64
		{647F5289-3264-4B7E-B2A9-4E050E7B26BF}.Win8Debug|x64.Build.0 = Debug|x64
		{647F5289-3264-4B7E-B2A9-4E050E7B26BF}.Win8Debug|x86.ActiveCfg = Debug|x86
		{647F5289-3264-4B7E-B2A9-4E050E7B26BF}.Win8Debug|x86.Build.0 = Debug|x86
		{647F5289-3264-4B7E-B2A9-4E050E7B26BF}.Win8Release|Any CPU.ActiveCfg = Release|Any CPU
		{647F5289-3264-4B7E-B2A9-4E050E7B26BF}.Win8Release|Any CPU.Build.0 = Release|Any CPU
		{647F5289-3264-4B7E-B2A9-4E050E7B26BF}.Win8Release|ARM.ActiveCfg = Release|ARM
		{647F5289-3264-4B7E-B2A9-4E050E7B26BF}.Win8Release|ARM.Build.0 = Release|ARM
		{647F5289-3264-4B7E-B2A9-4E050E7B26BF}.Win8Release|Mixed Platforms.ActiveCfg = Release|x86
		{647F5289-3264-4B7E-B2A9-4E050E7B26BF}.Win8Release|Mixed Platforms.Build.0 = Release|x86
		{647F5289-3264-4B7E-B2A9-4E050E7B26BF}.Win8Release|x64.ActiveCfg = Release|x64
		{647F5289-3264-4B7E-B2A9-4E050E7B26BF}.Win8Release|x64.Build.0 = Release|x64
		{647F5289-3264-4B7E-B2A9-4E050E7B26BF}.Win8Release|x86.ActiveCfg = Release|x86
		{647F5289-3264-4B7E-B2A9-4E050E7B26BF}.Win8Release|x86.Build.0 = Release|x86
		{647F5289-3264-4B7E-B2A9-4E050E7B26BF}.WP8Debug|Any CPU.ActiveCfg = Debug|Any CPU
		{647F5289-3264-4B7E-B2A9-4E050E7B26BF}.WP8Debug|Any CPU.Build.0 = Debug|Any CPU
		{647F5289-3264-4B7E-B2A9-4E050E7B26BF}.WP8Debug|ARM.ActiveCfg = Debug|ARM
		{647F5289-3264-4B7E-B2A9-4E050E7B26BF}.WP8Debug|ARM.Build.0 = Debug|ARM
		{647F5289-3264-4B7E-B2A9-4E050E7B26BF}.WP8Debug|Mixed Platforms.ActiveCfg = Debug|x86
		{647F5289-3264-4B7E-B2A9-4E050E7B26BF}.WP8Debug|Mixed Platforms.Build.0 = Debug|x86
		{647F5289-3264-4B7E-B2A9-4E050E7B26BF}.WP8Debug|x64.ActiveCfg = Debug|x64
		{647F5289-3264-4B7E-B2A9-4E050E7B26BF}.WP8Debug|x64.Build.0 = Debug|x64
		{647F5289-3264-4B7E-B2A9-4E050E7B26BF}.WP8Debug|x86.ActiveCfg = Debug|x86
		{647F5289-3264-4B7E-B2A9-4E050E7B26BF}.WP8Debug|x86.Build.0 = Debug|x86
		{647F5289-3264-4B7E-B2A9-4E050E7B26BF}.WP8Release|Any CPU.ActiveCfg = Release|Any CPU
		{647F5289-3264-4B7E-B2A9-4E050E7B26BF}.WP8Release|Any CPU.Build.0 = Release|Any CPU
		{647F5289-3264-4B7E-B2A9-4E050E7B26BF}.WP8Release|ARM.ActiveCfg = Release|ARM
		{647F5289-3264-4B7E-B2A9-4E050E7B26BF}.WP8Release|ARM.Build.0 = Release|ARM
		{647F5289-3264-4B7E-B2A9-4E050E7B26BF}.WP8Release|Mixed Platforms.ActiveCfg = Release|x86
		{647F5289-3264-4B7E-B2A9-4E050E7B26BF}.WP8Release|Mixed Platforms.Build.0 = Release|x86
		{647F5289-3264-4B7E-B2A9-4E050E7B26BF}.WP8Release|x64.ActiveCfg = Release|x64
		{647F5289-3264-4B7E-B2A9-4E050E7B26BF}.WP8Release|x64.Build.0 = Release|x64
		{647F5289-3264-4B7E-B2A9-4E050E7B26BF}.WP8Release|x86.ActiveCfg = Release|x86
		{647F5289-3264-4B7E-B2A9-4E050E7B26BF}.WP8Release|x86.Build.0 = Release|x86
		{C3563843-AF29-4670-AD74-102EDCA45B38}.Debug|Any CPU.ActiveCfg = Win8Debug|Any CPU
		{C3563843-AF29-4670-AD74-102EDCA45B38}.Debug|Any CPU.Build.0 = Win8Debug|Any CPU
		{C3563843-AF29-4670-AD74-102EDCA45B38}.Debug|ARM.ActiveCfg = Debug|Any CPU
		{C3563843-AF29-4670-AD74-102EDCA45B38}.Debug|Mixed Platforms.ActiveCfg = Debug|Any CPU
		{C3563843-AF29-4670-AD74-102EDCA45B38}.Debug|Mixed Platforms.Build.0 = Debug|Any CPU
		{C3563843-AF29-4670-AD74-102EDCA45B38}.Debug|x64.ActiveCfg = Debug|Any CPU
		{C3563843-AF29-4670-AD74-102EDCA45B38}.Debug|x86.ActiveCfg = Debug|Any CPU
		{C3563843-AF29-4670-AD74-102EDCA45B38}.RedistWin8Debug|Any CPU.ActiveCfg = Win8Debug|Any CPU
		{C3563843-AF29-4670-AD74-102EDCA45B38}.RedistWin8Debug|Any CPU.Build.0 = Win8Debug|Any CPU
		{C3563843-AF29-4670-AD74-102EDCA45B38}.RedistWin8Debug|ARM.ActiveCfg = Win8Debug|Any CPU
		{C3563843-AF29-4670-AD74-102EDCA45B38}.RedistWin8Debug|Mixed Platforms.ActiveCfg = Win8Debug|Any CPU
		{C3563843-AF29-4670-AD74-102EDCA45B38}.RedistWin8Debug|Mixed Platforms.Build.0 = Win8Debug|Any CPU
		{C3563843-AF29-4670-AD74-102EDCA45B38}.RedistWin8Debug|x64.ActiveCfg = Win8Debug|Any CPU
		{C3563843-AF29-4670-AD74-102EDCA45B38}.RedistWin8Debug|x86.ActiveCfg = Win8Debug|Any CPU
		{C3563843-AF29-4670-AD74-102EDCA45B38}.RedistWP8Debug|Any CPU.ActiveCfg = Debug|Any CPU
		{C3563843-AF29-4670-AD74-102EDCA45B38}.RedistWP8Debug|Any CPU.Build.0 = Debug|Any CPU
		{C3563843-AF29-4670-AD74-102EDCA45B38}.RedistWP8Debug|ARM.ActiveCfg = Debug|Any CPU
		{C3563843-AF29-4670-AD74-102EDCA45B38}.RedistWP8Debug|Mixed Platforms.ActiveCfg = Debug|Any CPU
		{C3563843-AF29-4670-AD74-102EDCA45B38}.RedistWP8Debug|Mixed Platforms.Build.0 = Debug|Any CPU
		{C3563843-AF29-4670-AD74-102EDCA45B38}.RedistWP8Debug|x64.ActiveCfg = Debug|Any CPU
		{C3563843-AF29-4670-AD74-102EDCA45B38}.RedistWP8Debug|x86.ActiveCfg = Debug|Any CPU
		{C3563843-AF29-4670-AD74-102EDCA45B38}.Release|Any CPU.ActiveCfg = Win8CodeAnalysis|Any CPU
		{C3563843-AF29-4670-AD74-102EDCA45B38}.Release|Any CPU.Build.0 = Win8CodeAnalysis|Any CPU
		{C3563843-AF29-4670-AD74-102EDCA45B38}.Release|ARM.ActiveCfg = Win8CodeAnalysis|Any CPU
		{C3563843-AF29-4670-AD74-102EDCA45B38}.Release|Mixed Platforms.ActiveCfg = Win8CodeAnalysis|Any CPU
		{C3563843-AF29-4670-AD74-102EDCA45B38}.Release|Mixed Platforms.Build.0 = Win8CodeAnalysis|Any CPU
		{C3563843-AF29-4670-AD74-102EDCA45B38}.Release|x64.ActiveCfg = Win8CodeAnalysis|Any CPU
		{C3563843-AF29-4670-AD74-102EDCA45B38}.Release|x86.ActiveCfg = Win8CodeAnalysis|Any CPU
		{C3563843-AF29-4670-AD74-102EDCA45B38}.Win8Debug|Any CPU.ActiveCfg = Win8Debug|Any CPU
		{C3563843-AF29-4670-AD74-102EDCA45B38}.Win8Debug|Any CPU.Build.0 = Win8Debug|Any CPU
		{C3563843-AF29-4670-AD74-102EDCA45B38}.Win8Debug|ARM.ActiveCfg = Win8Debug|Any CPU
		{C3563843-AF29-4670-AD74-102EDCA45B38}.Win8Debug|Mixed Platforms.ActiveCfg = Win8Debug|Any CPU
		{C3563843-AF29-4670-AD74-102EDCA45B38}.Win8Debug|Mixed Platforms.Build.0 = Win8Debug|Any CPU
		{C3563843-AF29-4670-AD74-102EDCA45B38}.Win8Debug|x64.ActiveCfg = Win8Debug|Any CPU
		{C3563843-AF29-4670-AD74-102EDCA45B38}.Win8Debug|x86.ActiveCfg = Win8Debug|Any CPU
		{C3563843-AF29-4670-AD74-102EDCA45B38}.Win8Release|Any CPU.ActiveCfg = Win8CodeAnalysis|Any CPU
		{C3563843-AF29-4670-AD74-102EDCA45B38}.Win8Release|Any CPU.Build.0 = Win8CodeAnalysis|Any CPU
		{C3563843-AF29-4670-AD74-102EDCA45B38}.Win8Release|ARM.ActiveCfg = Win8CodeAnalysis|Any CPU
		{C3563843-AF29-4670-AD74-102EDCA45B38}.Win8Release|Mixed Platforms.ActiveCfg = Win8CodeAnalysis|Any CPU
		{C3563843-AF29-4670-AD74-102EDCA45B38}.Win8Release|Mixed Platforms.Build.0 = Win8CodeAnalysis|Any CPU
		{C3563843-AF29-4670-AD74-102EDCA45B38}.Win8Release|x64.ActiveCfg = Win8CodeAnalysis|Any CPU
		{C3563843-AF29-4670-AD74-102EDCA45B38}.Win8Release|x86.ActiveCfg = Win8CodeAnalysis|Any CPU
		{C3563843-AF29-4670-AD74-102EDCA45B38}.WP8Debug|Any CPU.ActiveCfg = Debug|Any CPU
		{C3563843-AF29-4670-AD74-102EDCA45B38}.WP8Debug|Any CPU.Build.0 = Debug|Any CPU
		{C3563843-AF29-4670-AD74-102EDCA45B38}.WP8Debug|ARM.ActiveCfg = Debug|Any CPU
		{C3563843-AF29-4670-AD74-102EDCA45B38}.WP8Debug|Mixed Platforms.ActiveCfg = Debug|Any CPU
		{C3563843-AF29-4670-AD74-102EDCA45B38}.WP8Debug|Mixed Platforms.Build.0 = Debug|Any CPU
		{C3563843-AF29-4670-AD74-102EDCA45B38}.WP8Debug|x64.ActiveCfg = Debug|Any CPU
		{C3563843-AF29-4670-AD74-102EDCA45B38}.WP8Debug|x86.ActiveCfg = Debug|Any CPU
		{C3563843-AF29-4670-AD74-102EDCA45B38}.WP8Release|Any CPU.ActiveCfg = Win8CodeAnalysis|Any CPU
		{C3563843-AF29-4670-AD74-102EDCA45B38}.WP8Release|Any CPU.Build.0 = Win8CodeAnalysis|Any CPU
		{C3563843-AF29-4670-AD74-102EDCA45B38}.WP8Release|ARM.ActiveCfg = Win8CodeAnalysis|Any CPU
		{C3563843-AF29-4670-AD74-102EDCA45B38}.WP8Release|Mixed Platforms.ActiveCfg = Win8CodeAnalysis|Any CPU
		{C3563843-AF29-4670-AD74-102EDCA45B38}.WP8Release|Mixed Platforms.Build.0 = Win8CodeAnalysis|Any CPU
		{C3563843-AF29-4670-AD74-102EDCA45B38}.WP8Release|x64.ActiveCfg = Win8CodeAnalysis|Any CPU
		{C3563843-AF29-4670-AD74-102EDCA45B38}.WP8Release|x86.ActiveCfg = Win8CodeAnalysis|Any CPU
		{F0723B5E-4509-4C6B-BCDF-F8B6B67D4F10}.Debug|Any CPU.ActiveCfg = Win8Debug|Any CPU
		{F0723B5E-4509-4C6B-BCDF-F8B6B67D4F10}.Debug|Any CPU.Build.0 = Win8Debug|Any CPU
		{F0723B5E-4509-4C6B-BCDF-F8B6B67D4F10}.Debug|ARM.ActiveCfg = Debug|Any CPU
		{F0723B5E-4509-4C6B-BCDF-F8B6B67D4F10}.Debug|Mixed Platforms.ActiveCfg = Debug|Any CPU
		{F0723B5E-4509-4C6B-BCDF-F8B6B67D4F10}.Debug|Mixed Platforms.Build.0 = Debug|Any CPU
		{F0723B5E-4509-4C6B-BCDF-F8B6B67D4F10}.Debug|x64.ActiveCfg = Debug|Any CPU
		{F0723B5E-4509-4C6B-BCDF-F8B6B67D4F10}.Debug|x86.ActiveCfg = Debug|Any CPU
		{F0723B5E-4509-4C6B-BCDF-F8B6B67D4F10}.RedistWin8Debug|Any CPU.ActiveCfg = Win8Debug|Any CPU
		{F0723B5E-4509-4C6B-BCDF-F8B6B67D4F10}.RedistWin8Debug|Any CPU.Build.0 = Win8Debug|Any CPU
		{F0723B5E-4509-4C6B-BCDF-F8B6B67D4F10}.RedistWin8Debug|ARM.ActiveCfg = Win8Debug|Any CPU
		{F0723B5E-4509-4C6B-BCDF-F8B6B67D4F10}.RedistWin8Debug|Mixed Platforms.ActiveCfg = Win8Debug|Any CPU
		{F0723B5E-4509-4C6B-BCDF-F8B6B67D4F10}.RedistWin8Debug|Mixed Platforms.Build.0 = Win8Debug|Any CPU
		{F0723B5E-4509-4C6B-BCDF-F8B6B67D4F10}.RedistWin8Debug|x64.ActiveCfg = Win8Debug|Any CPU
		{F0723B5E-4509-4C6B-BCDF-F8B6B67D4F10}.RedistWin8Debug|x86.ActiveCfg = Win8Debug|Any CPU
		{F0723B5E-4509-4C6B-BCDF-F8B6B67D4F10}.RedistWP8Debug|Any CPU.ActiveCfg = Debug|Any CPU
		{F0723B5E-4509-4C6B-BCDF-F8B6B67D4F10}.RedistWP8Debug|Any CPU.Build.0 = Debug|Any CPU
		{F0723B5E-4509-4C6B-BCDF-F8B6B67D4F10}.RedistWP8Debug|ARM.ActiveCfg = Debug|Any CPU
		{F0723B5E-4509-4C6B-BCDF-F8B6B67D4F10}.RedistWP8Debug|Mixed Platforms.ActiveCfg = Debug|Any CPU
		{F0723B5E-4509-4C6B-BCDF-F8B6B67D4F10}.RedistWP8Debug|Mixed Platforms.Build.0 = Debug|Any CPU
		{F0723B5E-4509-4C6B-BCDF-F8B6B67D4F10}.RedistWP8Debug|x64.ActiveCfg = Debug|Any CPU
		{F0723B5E-4509-4C6B-BCDF-F8B6B67D4F10}.RedistWP8Debug|x86.ActiveCfg = Debug|Any CPU
		{F0723B5E-4509-4C6B-BCDF-F8B6B67D4F10}.Release|Any CPU.ActiveCfg = Win7Debug|Any CPU
		{F0723B5E-4509-4C6B-BCDF-F8B6B67D4F10}.Release|Any CPU.Build.0 = Win7Debug|Any CPU
		{F0723B5E-4509-4C6B-BCDF-F8B6B67D4F10}.Release|ARM.ActiveCfg = Win7Debug|Any CPU
		{F0723B5E-4509-4C6B-BCDF-F8B6B67D4F10}.Release|Mixed Platforms.ActiveCfg = Win7Debug|Any CPU
		{F0723B5E-4509-4C6B-BCDF-F8B6B67D4F10}.Release|Mixed Platforms.Build.0 = Win7Debug|Any CPU
		{F0723B5E-4509-4C6B-BCDF-F8B6B67D4F10}.Release|x64.ActiveCfg = Win7Debug|Any CPU
		{F0723B5E-4509-4C6B-BCDF-F8B6B67D4F10}.Release|x86.ActiveCfg = Win7Debug|Any CPU
		{F0723B5E-4509-4C6B-BCDF-F8B6B67D4F10}.Win8Debug|Any CPU.ActiveCfg = Win8Debug|Any CPU
		{F0723B5E-4509-4C6B-BCDF-F8B6B67D4F10}.Win8Debug|Any CPU.Build.0 = Win8Debug|Any CPU
		{F0723B5E-4509-4C6B-BCDF-F8B6B67D4F10}.Win8Debug|ARM.ActiveCfg = Win8Debug|Any CPU
		{F0723B5E-4509-4C6B-BCDF-F8B6B67D4F10}.Win8Debug|Mixed Platforms.ActiveCfg = Win8Debug|Any CPU
		{F0723B5E-4509-4C6B-BCDF-F8B6B67D4F10}.Win8Debug|Mixed Platforms.Build.0 = Win8Debug|Any CPU
		{F0723B5E-4509-4C6B-BCDF-F8B6B67D4F10}.Win8Debug|x64.ActiveCfg = Win8Debug|Any CPU
		{F0723B5E-4509-4C6B-BCDF-F8B6B67D4F10}.Win8Debug|x86.ActiveCfg = Win8Debug|Any CPU
		{F0723B5E-4509-4C6B-BCDF-F8B6B67D4F10}.Win8Release|Any CPU.ActiveCfg = Win8CodeAnalysis|Any CPU
		{F0723B5E-4509-4C6B-BCDF-F8B6B67D4F10}.Win8Release|Any CPU.Build.0 = Win8CodeAnalysis|Any CPU
		{F0723B5E-4509-4C6B-BCDF-F8B6B67D4F10}.Win8Release|ARM.ActiveCfg = Win8CodeAnalysis|Any CPU
		{F0723B5E-4509-4C6B-BCDF-F8B6B67D4F10}.Win8Release|Mixed Platforms.ActiveCfg = Win8CodeAnalysis|Any CPU
		{F0723B5E-4509-4C6B-BCDF-F8B6B67D4F10}.Win8Release|Mixed Platforms.Build.0 = Win8CodeAnalysis|Any CPU
		{F0723B5E-4509-4C6B-BCDF-F8B6B67D4F10}.Win8Release|x64.ActiveCfg = Win8CodeAnalysis|Any CPU
		{F0723B5E-4509-4C6B-BCDF-F8B6B67D4F10}.Win8Release|x86.ActiveCfg = Win8CodeAnalysis|Any CPU
		{F0723B5E-4509-4C6B-BCDF-F8B6B67D4F10}.WP8Debug|Any CPU.ActiveCfg = Debug|Any CPU
		{F0723B5E-4509-4C6B-BCDF-F8B6B67D4F10}.WP8Debug|Any CPU.Build.0 = Debug|Any CPU
		{F0723B5E-4509-4C6B-BCDF-F8B6B67D4F10}.WP8Debug|ARM.ActiveCfg = Debug|Any CPU
		{F0723B5E-4509-4C6B-BCDF-F8B6B67D4F10}.WP8Debug|Mixed Platforms.ActiveCfg = Debug|Any CPU
		{F0723B5E-4509-4C6B-BCDF-F8B6B67D4F10}.WP8Debug|Mixed Platforms.Build.0 = Debug|Any CPU
		{F0723B5E-4509-4C6B-BCDF-F8B6B67D4F10}.WP8Debug|x64.ActiveCfg = Debug|Any CPU
		{F0723B5E-4509-4C6B-BCDF-F8B6B67D4F10}.WP8Debug|x86.ActiveCfg = Debug|Any CPU
		{F0723B5E-4509-4C6B-BCDF-F8B6B67D4F10}.WP8Release|Any CPU.ActiveCfg = Win7Debug|Any CPU
		{F0723B5E-4509-4C6B-BCDF-F8B6B67D4F10}.WP8Release|Any CPU.Build.0 = Win7Debug|Any CPU
		{F0723B5E-4509-4C6B-BCDF-F8B6B67D4F10}.WP8Release|ARM.ActiveCfg = Win7Debug|Any CPU
		{F0723B5E-4509-4C6B-BCDF-F8B6B67D4F10}.WP8Release|Mixed Platforms.ActiveCfg = Win7Debug|Any CPU
		{F0723B5E-4509-4C6B-BCDF-F8B6B67D4F10}.WP8Release|Mixed Platforms.Build.0 = Win7Debug|Any CPU
		{F0723B5E-4509-4C6B-BCDF-F8B6B67D4F10}.WP8Release|x64.ActiveCfg = Win7Debug|Any CPU
		{F0723B5E-4509-4C6B-BCDF-F8B6B67D4F10}.WP8Release|x86.ActiveCfg = Win7Debug|Any CPU
		{AECE17C4-C423-45EE-93F8-A888C6BDA617}.Debug|Any CPU.ActiveCfg = Debug|Any CPU
		{AECE17C4-C423-45EE-93F8-A888C6BDA617}.Debug|Any CPU.Build.0 = Debug|Any CPU
		{AECE17C4-C423-45EE-93F8-A888C6BDA617}.Debug|ARM.ActiveCfg = Debug|Any CPU
		{AECE17C4-C423-45EE-93F8-A888C6BDA617}.Debug|Mixed Platforms.ActiveCfg = Debug|Any CPU
		{AECE17C4-C423-45EE-93F8-A888C6BDA617}.Debug|Mixed Platforms.Build.0 = Debug|Any CPU
		{AECE17C4-C423-45EE-93F8-A888C6BDA617}.Debug|x64.ActiveCfg = Debug|Any CPU
		{AECE17C4-C423-45EE-93F8-A888C6BDA617}.Debug|x86.ActiveCfg = Debug|Any CPU
		{AECE17C4-C423-45EE-93F8-A888C6BDA617}.RedistWin8Debug|Any CPU.ActiveCfg = Debug|Any CPU
		{AECE17C4-C423-45EE-93F8-A888C6BDA617}.RedistWin8Debug|Any CPU.Build.0 = Debug|Any CPU
		{AECE17C4-C423-45EE-93F8-A888C6BDA617}.RedistWin8Debug|ARM.ActiveCfg = Debug|Any CPU
		{AECE17C4-C423-45EE-93F8-A888C6BDA617}.RedistWin8Debug|Mixed Platforms.ActiveCfg = Debug|Any CPU
		{AECE17C4-C423-45EE-93F8-A888C6BDA617}.RedistWin8Debug|Mixed Platforms.Build.0 = Debug|Any CPU
		{AECE17C4-C423-45EE-93F8-A888C6BDA617}.RedistWin8Debug|x64.ActiveCfg = Debug|Any CPU
		{AECE17C4-C423-45EE-93F8-A888C6BDA617}.RedistWin8Debug|x86.ActiveCfg = Debug|Any CPU
		{AECE17C4-C423-45EE-93F8-A888C6BDA617}.RedistWP8Debug|Any CPU.ActiveCfg = Debug|Any CPU
		{AECE17C4-C423-45EE-93F8-A888C6BDA617}.RedistWP8Debug|Any CPU.Build.0 = Debug|Any CPU
		{AECE17C4-C423-45EE-93F8-A888C6BDA617}.RedistWP8Debug|ARM.ActiveCfg = Debug|Any CPU
		{AECE17C4-C423-45EE-93F8-A888C6BDA617}.RedistWP8Debug|Mixed Platforms.ActiveCfg = Debug|Any CPU
		{AECE17C4-C423-45EE-93F8-A888C6BDA617}.RedistWP8Debug|Mixed Platforms.Build.0 = Debug|Any CPU
		{AECE17C4-C423-45EE-93F8-A888C6BDA617}.RedistWP8Debug|x64.ActiveCfg = Debug|Any CPU
		{AECE17C4-C423-45EE-93F8-A888C6BDA617}.RedistWP8Debug|x86.ActiveCfg = Debug|Any CPU
		{AECE17C4-C423-45EE-93F8-A888C6BDA617}.Release|Any CPU.ActiveCfg = Release|Any CPU
		{AECE17C4-C423-45EE-93F8-A888C6BDA617}.Release|Any CPU.Build.0 = Release|Any CPU
		{AECE17C4-C423-45EE-93F8-A888C6BDA617}.Release|ARM.ActiveCfg = Release|Any CPU
		{AECE17C4-C423-45EE-93F8-A888C6BDA617}.Release|Mixed Platforms.ActiveCfg = Release|Any CPU
		{AECE17C4-C423-45EE-93F8-A888C6BDA617}.Release|Mixed Platforms.Build.0 = Release|Any CPU
		{AECE17C4-C423-45EE-93F8-A888C6BDA617}.Release|x64.ActiveCfg = Release|Any CPU
		{AECE17C4-C423-45EE-93F8-A888C6BDA617}.Release|x86.ActiveCfg = Release|Any CPU
		{AECE17C4-C423-45EE-93F8-A888C6BDA617}.Win8Debug|Any CPU.ActiveCfg = Debug|Any CPU
		{AECE17C4-C423-45EE-93F8-A888C6BDA617}.Win8Debug|Any CPU.Build.0 = Debug|Any CPU
		{AECE17C4-C423-45EE-93F8-A888C6BDA617}.Win8Debug|ARM.ActiveCfg = Debug|Any CPU
		{AECE17C4-C423-45EE-93F8-A888C6BDA617}.Win8Debug|Mixed Platforms.ActiveCfg = Debug|Any CPU
		{AECE17C4-C423-45EE-93F8-A888C6BDA617}.Win8Debug|Mixed Platforms.Build.0 = Debug|Any CPU
		{AECE17C4-C423-45EE-93F8-A888C6BDA617}.Win8Debug|x64.ActiveCfg = Debug|Any CPU
		{AECE17C4-C423-45EE-93F8-A888C6BDA617}.Win8Debug|x86.ActiveCfg = Debug|Any CPU
		{AECE17C4-C423-45EE-93F8-A888C6BDA617}.Win8Release|Any CPU.ActiveCfg = Release|Any CPU
		{AECE17C4-C423-45EE-93F8-A888C6BDA617}.Win8Release|Any CPU.Build.0 = Release|Any CPU
		{AECE17C4-C423-45EE-93F8-A888C6BDA617}.Win8Release|ARM.ActiveCfg = Release|Any CPU
		{AECE17C4-C423-45EE-93F8-A888C6BDA617}.Win8Release|Mixed Platforms.ActiveCfg = Release|Any CPU
		{AECE17C4-C423-45EE-93F8-A888C6BDA617}.Win8Release|Mixed Platforms.Build.0 = Release|Any CPU
		{AECE17C4-C423-45EE-93F8-A888C6BDA617}.Win8Release|x64.ActiveCfg = Release|Any CPU
		{AECE17C4-C423-45EE-93F8-A888C6BDA617}.Win8Release|x86.ActiveCfg = Release|Any CPU
		{AECE17C4-C423-45EE-93F8-A888C6BDA617}.WP8Debug|Any CPU.ActiveCfg = Debug|Any CPU
		{AECE17C4-C423-45EE-93F8-A888C6BDA617}.WP8Debug|Any CPU.Build.0 = Debug|Any CPU
		{AECE17C4-C423-45EE-93F8-A888C6BDA617}.WP8Debug|ARM.ActiveCfg = Debug|Any CPU
		{AECE17C4-C423-45EE-93F8-A888C6BDA617}.WP8Debug|Mixed Platforms.ActiveCfg = Debug|Any CPU
		{AECE17C4-C423-45EE-93F8-A888C6BDA617}.WP8Debug|Mixed Platforms.Build.0 = Debug|Any CPU
		{AECE17C4-C423-45EE-93F8-A888C6BDA617}.WP8Debug|x64.ActiveCfg = Debug|Any CPU
		{AECE17C4-C423-45EE-93F8-A888C6BDA617}.WP8Debug|x86.ActiveCfg = Debug|Any CPU
		{AECE17C4-C423-45EE-93F8-A888C6BDA617}.WP8Release|Any CPU.ActiveCfg = Release|Any CPU
		{AECE17C4-C423-45EE-93F8-A888C6BDA617}.WP8Release|Any CPU.Build.0 = Release|Any CPU
		{AECE17C4-C423-45EE-93F8-A888C6BDA617}.WP8Release|ARM.ActiveCfg = Release|Any CPU
		{AECE17C4-C423-45EE-93F8-A888C6BDA617}.WP8Release|Mixed Platforms.ActiveCfg = Release|Any CPU
		{AECE17C4-C423-45EE-93F8-A888C6BDA617}.WP8Release|Mixed Platforms.Build.0 = Release|Any CPU
		{AECE17C4-C423-45EE-93F8-A888C6BDA617}.WP8Release|x64.ActiveCfg = Release|Any CPU
		{AECE17C4-C423-45EE-93F8-A888C6BDA617}.WP8Release|x86.ActiveCfg = Release|Any CPU
		{F6CCF0D0-AAB2-4864-B6EC-2A219F1BA846}.Debug|Any CPU.ActiveCfg = Debug|x86
		{F6CCF0D0-AAB2-4864-B6EC-2A219F1BA846}.Debug|ARM.ActiveCfg = Debug|x86
		{F6CCF0D0-AAB2-4864-B6EC-2A219F1BA846}.Debug|Mixed Platforms.ActiveCfg = Debug|x86
		{F6CCF0D0-AAB2-4864-B6EC-2A219F1BA846}.Debug|Mixed Platforms.Build.0 = Debug|x86
		{F6CCF0D0-AAB2-4864-B6EC-2A219F1BA846}.Debug|x64.ActiveCfg = Debug|x86
		{F6CCF0D0-AAB2-4864-B6EC-2A219F1BA846}.Debug|x86.ActiveCfg = Debug|x86
		{F6CCF0D0-AAB2-4864-B6EC-2A219F1BA846}.Debug|x86.Build.0 = Debug|x86
		{F6CCF0D0-AAB2-4864-B6EC-2A219F1BA846}.RedistWin8Debug|Any CPU.ActiveCfg = Debug|x86
		{F6CCF0D0-AAB2-4864-B6EC-2A219F1BA846}.RedistWin8Debug|ARM.ActiveCfg = Debug|x86
		{F6CCF0D0-AAB2-4864-B6EC-2A219F1BA846}.RedistWin8Debug|Mixed Platforms.ActiveCfg = Debug|x86
		{F6CCF0D0-AAB2-4864-B6EC-2A219F1BA846}.RedistWin8Debug|Mixed Platforms.Build.0 = Debug|x86
		{F6CCF0D0-AAB2-4864-B6EC-2A219F1BA846}.RedistWin8Debug|x64.ActiveCfg = Debug|x86
		{F6CCF0D0-AAB2-4864-B6EC-2A219F1BA846}.RedistWin8Debug|x86.ActiveCfg = Debug|x86
		{F6CCF0D0-AAB2-4864-B6EC-2A219F1BA846}.RedistWin8Debug|x86.Build.0 = Debug|x86
		{F6CCF0D0-AAB2-4864-B6EC-2A219F1BA846}.RedistWP8Debug|Any CPU.ActiveCfg = Debug|x86
		{F6CCF0D0-AAB2-4864-B6EC-2A219F1BA846}.RedistWP8Debug|ARM.ActiveCfg = Debug|x86
		{F6CCF0D0-AAB2-4864-B6EC-2A219F1BA846}.RedistWP8Debug|Mixed Platforms.ActiveCfg = Debug|x86
		{F6CCF0D0-AAB2-4864-B6EC-2A219F1BA846}.RedistWP8Debug|Mixed Platforms.Build.0 = Debug|x86
		{F6CCF0D0-AAB2-4864-B6EC-2A219F1BA846}.RedistWP8Debug|x64.ActiveCfg = Debug|x86
		{F6CCF0D0-AAB2-4864-B6EC-2A219F1BA846}.RedistWP8Debug|x86.ActiveCfg = Debug|x86
		{F6CCF0D0-AAB2-4864-B6EC-2A219F1BA846}.RedistWP8Debug|x86.Build.0 = Debug|x86
		{F6CCF0D0-AAB2-4864-B6EC-2A219F1BA846}.Release|Any CPU.ActiveCfg = Release|x86
		{F6CCF0D0-AAB2-4864-B6EC-2A219F1BA846}.Release|ARM.ActiveCfg = Release|x86
		{F6CCF0D0-AAB2-4864-B6EC-2A219F1BA846}.Release|Mixed Platforms.ActiveCfg = Release|x86
		{F6CCF0D0-AAB2-4864-B6EC-2A219F1BA846}.Release|Mixed Platforms.Build.0 = Release|x86
		{F6CCF0D0-AAB2-4864-B6EC-2A219F1BA846}.Release|x64.ActiveCfg = Release|x86
		{F6CCF0D0-AAB2-4864-B6EC-2A219F1BA846}.Release|x86.ActiveCfg = Release|x86
		{F6CCF0D0-AAB2-4864-B6EC-2A219F1BA846}.Release|x86.Build.0 = Release|x86
		{F6CCF0D0-AAB2-4864-B6EC-2A219F1BA846}.Win8Debug|Any CPU.ActiveCfg = Debug|x86
		{F6CCF0D0-AAB2-4864-B6EC-2A219F1BA846}.Win8Debug|ARM.ActiveCfg = Debug|x86
		{F6CCF0D0-AAB2-4864-B6EC-2A219F1BA846}.Win8Debug|Mixed Platforms.ActiveCfg = Debug|x86
		{F6CCF0D0-AAB2-4864-B6EC-2A219F1BA846}.Win8Debug|x64.ActiveCfg = Debug|x86
		{F6CCF0D0-AAB2-4864-B6EC-2A219F1BA846}.Win8Debug|x86.ActiveCfg = Debug|x86
		{F6CCF0D0-AAB2-4864-B6EC-2A219F1BA846}.Win8Debug|x86.Build.0 = Debug|x86
		{F6CCF0D0-AAB2-4864-B6EC-2A219F1BA846}.Win8Release|Any CPU.ActiveCfg = Release|x86
		{F6CCF0D0-AAB2-4864-B6EC-2A219F1BA846}.Win8Release|ARM.ActiveCfg = Release|x86
		{F6CCF0D0-AAB2-4864-B6EC-2A219F1BA846}.Win8Release|Mixed Platforms.ActiveCfg = Release|x86
		{F6CCF0D0-AAB2-4864-B6EC-2A219F1BA846}.Win8Release|Mixed Platforms.Build.0 = Release|x86
		{F6CCF0D0-AAB2-4864-B6EC-2A219F1BA846}.Win8Release|x64.ActiveCfg = Release|x86
		{F6CCF0D0-AAB2-4864-B6EC-2A219F1BA846}.Win8Release|x86.ActiveCfg = Release|x86
		{F6CCF0D0-AAB2-4864-B6EC-2A219F1BA846}.Win8Release|x86.Build.0 = Release|x86
		{F6CCF0D0-AAB2-4864-B6EC-2A219F1BA846}.WP8Debug|Any CPU.ActiveCfg = Debug|x86
		{F6CCF0D0-AAB2-4864-B6EC-2A219F1BA846}.WP8Debug|ARM.ActiveCfg = Debug|x86
		{F6CCF0D0-AAB2-4864-B6EC-2A219F1BA846}.WP8Debug|Mixed Platforms.ActiveCfg = Debug|x86
		{F6CCF0D0-AAB2-4864-B6EC-2A219F1BA846}.WP8Debug|Mixed Platforms.Build.0 = Debug|x86
		{F6CCF0D0-AAB2-4864-B6EC-2A219F1BA846}.WP8Debug|x64.ActiveCfg = Debug|x86
		{F6CCF0D0-AAB2-4864-B6EC-2A219F1BA846}.WP8Debug|x86.ActiveCfg = Debug|x86
		{F6CCF0D0-AAB2-4864-B6EC-2A219F1BA846}.WP8Debug|x86.Build.0 = Debug|x86
		{F6CCF0D0-AAB2-4864-B6EC-2A219F1BA846}.WP8Release|Any CPU.ActiveCfg = Release|x86
		{F6CCF0D0-AAB2-4864-B6EC-2A219F1BA846}.WP8Release|ARM.ActiveCfg = Release|x86
		{F6CCF0D0-AAB2-4864-B6EC-2A219F1BA846}.WP8Release|Mixed Platforms.ActiveCfg = Release|x86
		{F6CCF0D0-AAB2-4864-B6EC-2A219F1BA846}.WP8Release|Mixed Platforms.Build.0 = Release|x86
		{F6CCF0D0-AAB2-4864-B6EC-2A219F1BA846}.WP8Release|x64.ActiveCfg = Release|x86
		{F6CCF0D0-AAB2-4864-B6EC-2A219F1BA846}.WP8Release|x86.ActiveCfg = Release|x86
		{F6CCF0D0-AAB2-4864-B6EC-2A219F1BA846}.WP8Release|x86.Build.0 = Release|x86
		{407DE03F-8C46-4E4D-97EE-79B7007C6640}.Debug|Any CPU.ActiveCfg = Debug|Any CPU
		{407DE03F-8C46-4E4D-97EE-79B7007C6640}.Debug|Any CPU.Build.0 = Debug|Any CPU
		{407DE03F-8C46-4E4D-97EE-79B7007C6640}.Debug|ARM.ActiveCfg = Debug|Any CPU
		{407DE03F-8C46-4E4D-97EE-79B7007C6640}.Debug|Mixed Platforms.ActiveCfg = Debug|Any CPU
		{407DE03F-8C46-4E4D-97EE-79B7007C6640}.Debug|Mixed Platforms.Build.0 = Debug|Any CPU
		{407DE03F-8C46-4E4D-97EE-79B7007C6640}.Debug|x64.ActiveCfg = Debug|Any CPU
		{407DE03F-8C46-4E4D-97EE-79B7007C6640}.Debug|x86.ActiveCfg = Debug|Any CPU
		{407DE03F-8C46-4E4D-97EE-79B7007C6640}.RedistWin8Debug|Any CPU.ActiveCfg = Win8Debug|Any CPU
		{407DE03F-8C46-4E4D-97EE-79B7007C6640}.RedistWin8Debug|Any CPU.Build.0 = Win8Debug|Any CPU
		{407DE03F-8C46-4E4D-97EE-79B7007C6640}.RedistWin8Debug|ARM.ActiveCfg = Win8Debug|Any CPU
		{407DE03F-8C46-4E4D-97EE-79B7007C6640}.RedistWin8Debug|Mixed Platforms.ActiveCfg = Win8Debug|Any CPU
		{407DE03F-8C46-4E4D-97EE-79B7007C6640}.RedistWin8Debug|Mixed Platforms.Build.0 = Win8Debug|Any CPU
		{407DE03F-8C46-4E4D-97EE-79B7007C6640}.RedistWin8Debug|x64.ActiveCfg = Win8Debug|Any CPU
		{407DE03F-8C46-4E4D-97EE-79B7007C6640}.RedistWin8Debug|x86.ActiveCfg = Win8Debug|Any CPU
		{407DE03F-8C46-4E4D-97EE-79B7007C6640}.RedistWP8Debug|Any CPU.ActiveCfg = Debug|Any CPU
		{407DE03F-8C46-4E4D-97EE-79B7007C6640}.RedistWP8Debug|Any CPU.Build.0 = Debug|Any CPU
		{407DE03F-8C46-4E4D-97EE-79B7007C6640}.RedistWP8Debug|ARM.ActiveCfg = Debug|Any CPU
		{407DE03F-8C46-4E4D-97EE-79B7007C6640}.RedistWP8Debug|Mixed Platforms.ActiveCfg = Debug|Any CPU
		{407DE03F-8C46-4E4D-97EE-79B7007C6640}.RedistWP8Debug|Mixed Platforms.Build.0 = Debug|Any CPU
		{407DE03F-8C46-4E4D-97EE-79B7007C6640}.RedistWP8Debug|x64.ActiveCfg = Debug|Any CPU
		{407DE03F-8C46-4E4D-97EE-79B7007C6640}.RedistWP8Debug|x86.ActiveCfg = Debug|Any CPU
		{407DE03F-8C46-4E4D-97EE-79B7007C6640}.Release|Any CPU.ActiveCfg = Win7Debug|Any CPU
		{407DE03F-8C46-4E4D-97EE-79B7007C6640}.Release|Any CPU.Build.0 = Win7Debug|Any CPU
		{407DE03F-8C46-4E4D-97EE-79B7007C6640}.Release|ARM.ActiveCfg = Win7Debug|Any CPU
		{407DE03F-8C46-4E4D-97EE-79B7007C6640}.Release|Mixed Platforms.ActiveCfg = Win7Debug|Any CPU
		{407DE03F-8C46-4E4D-97EE-79B7007C6640}.Release|Mixed Platforms.Build.0 = Win7Debug|Any CPU
		{407DE03F-8C46-4E4D-97EE-79B7007C6640}.Release|x64.ActiveCfg = Win7Debug|Any CPU
		{407DE03F-8C46-4E4D-97EE-79B7007C6640}.Release|x86.ActiveCfg = Win7Debug|Any CPU
		{407DE03F-8C46-4E4D-97EE-79B7007C6640}.Win8Debug|Any CPU.ActiveCfg = Win8Debug|Any CPU
		{407DE03F-8C46-4E4D-97EE-79B7007C6640}.Win8Debug|Any CPU.Build.0 = Win8Debug|Any CPU
		{407DE03F-8C46-4E4D-97EE-79B7007C6640}.Win8Debug|ARM.ActiveCfg = Win8Debug|Any CPU
		{407DE03F-8C46-4E4D-97EE-79B7007C6640}.Win8Debug|Mixed Platforms.ActiveCfg = Win8Debug|Any CPU
		{407DE03F-8C46-4E4D-97EE-79B7007C6640}.Win8Debug|Mixed Platforms.Build.0 = Win8Debug|Any CPU
		{407DE03F-8C46-4E4D-97EE-79B7007C6640}.Win8Debug|x64.ActiveCfg = Win8Debug|Any CPU
		{407DE03F-8C46-4E4D-97EE-79B7007C6640}.Win8Debug|x86.ActiveCfg = Win8Debug|Any CPU
		{407DE03F-8C46-4E4D-97EE-79B7007C6640}.Win8Release|Any CPU.ActiveCfg = Win8CodeAnalysis|Any CPU
		{407DE03F-8C46-4E4D-97EE-79B7007C6640}.Win8Release|Any CPU.Build.0 = Win8CodeAnalysis|Any CPU
		{407DE03F-8C46-4E4D-97EE-79B7007C6640}.Win8Release|ARM.ActiveCfg = Win8CodeAnalysis|Any CPU
		{407DE03F-8C46-4E4D-97EE-79B7007C6640}.Win8Release|Mixed Platforms.ActiveCfg = Win8CodeAnalysis|Any CPU
		{407DE03F-8C46-4E4D-97EE-79B7007C6640}.Win8Release|Mixed Platforms.Build.0 = Win8CodeAnalysis|Any CPU
		{407DE03F-8C46-4E4D-97EE-79B7007C6640}.Win8Release|x64.ActiveCfg = Win8CodeAnalysis|Any CPU
		{407DE03F-8C46-4E4D-97EE-79B7007C6640}.Win8Release|x86.ActiveCfg = Win8CodeAnalysis|Any CPU
		{407DE03F-8C46-4E4D-97EE-79B7007C6640}.WP8Debug|Any CPU.ActiveCfg = Debug|Any CPU
		{407DE03F-8C46-4E4D-97EE-79B7007C6640}.WP8Debug|Any CPU.Build.0 = Debug|Any CPU
		{407DE03F-8C46-4E4D-97EE-79B7007C6640}.WP8Debug|ARM.ActiveCfg = Debug|Any CPU
		{407DE03F-8C46-4E4D-97EE-79B7007C6640}.WP8Debug|Mixed Platforms.ActiveCfg = Debug|Any CPU
		{407DE03F-8C46-4E4D-97EE-79B7007C6640}.WP8Debug|Mixed Platforms.Build.0 = Debug|Any CPU
		{407DE03F-8C46-4E4D-97EE-79B7007C6640}.WP8Debug|x64.ActiveCfg = Debug|Any CPU
		{407DE03F-8C46-4E4D-97EE-79B7007C6640}.WP8Debug|x86.ActiveCfg = Debug|Any CPU
		{407DE03F-8C46-4E4D-97EE-79B7007C6640}.WP8Release|Any CPU.ActiveCfg = Win7Debug|Any CPU
		{407DE03F-8C46-4E4D-97EE-79B7007C6640}.WP8Release|Any CPU.Build.0 = Win7Debug|Any CPU
		{407DE03F-8C46-4E4D-97EE-79B7007C6640}.WP8Release|ARM.ActiveCfg = Win7Debug|Any CPU
		{407DE03F-8C46-4E4D-97EE-79B7007C6640}.WP8Release|Mixed Platforms.ActiveCfg = Win7Debug|Any CPU
		{407DE03F-8C46-4E4D-97EE-79B7007C6640}.WP8Release|Mixed Platforms.Build.0 = Win7Debug|Any CPU
		{407DE03F-8C46-4E4D-97EE-79B7007C6640}.WP8Release|x64.ActiveCfg = Win7Debug|Any CPU
		{407DE03F-8C46-4E4D-97EE-79B7007C6640}.WP8Release|x86.ActiveCfg = Win7Debug|Any CPU
		{8AC2744B-9F0B-49E3-A1DB-5885A7C3380B}.Debug|Any CPU.ActiveCfg = Debug|Any CPU
		{8AC2744B-9F0B-49E3-A1DB-5885A7C3380B}.Debug|Any CPU.Build.0 = Debug|Any CPU
		{8AC2744B-9F0B-49E3-A1DB-5885A7C3380B}.Debug|ARM.ActiveCfg = Debug|Any CPU
		{8AC2744B-9F0B-49E3-A1DB-5885A7C3380B}.Debug|Mixed Platforms.ActiveCfg = Debug|Any CPU
		{8AC2744B-9F0B-49E3-A1DB-5885A7C3380B}.Debug|Mixed Platforms.Build.0 = Debug|Any CPU
		{8AC2744B-9F0B-49E3-A1DB-5885A7C3380B}.Debug|x64.ActiveCfg = Debug|Any CPU
		{8AC2744B-9F0B-49E3-A1DB-5885A7C3380B}.Debug|x86.ActiveCfg = Debug|Any CPU
		{8AC2744B-9F0B-49E3-A1DB-5885A7C3380B}.RedistWin8Debug|Any CPU.ActiveCfg = Debug|Any CPU
		{8AC2744B-9F0B-49E3-A1DB-5885A7C3380B}.RedistWin8Debug|Any CPU.Build.0 = Debug|Any CPU
		{8AC2744B-9F0B-49E3-A1DB-5885A7C3380B}.RedistWin8Debug|ARM.ActiveCfg = Debug|Any CPU
		{8AC2744B-9F0B-49E3-A1DB-5885A7C3380B}.RedistWin8Debug|Mixed Platforms.ActiveCfg = Debug|Any CPU
		{8AC2744B-9F0B-49E3-A1DB-5885A7C3380B}.RedistWin8Debug|Mixed Platforms.Build.0 = Debug|Any CPU
		{8AC2744B-9F0B-49E3-A1DB-5885A7C3380B}.RedistWin8Debug|x64.ActiveCfg = Debug|Any CPU
		{8AC2744B-9F0B-49E3-A1DB-5885A7C3380B}.RedistWin8Debug|x86.ActiveCfg = Debug|Any CPU
		{8AC2744B-9F0B-49E3-A1DB-5885A7C3380B}.RedistWP8Debug|Any CPU.ActiveCfg = Debug|Any CPU
		{8AC2744B-9F0B-49E3-A1DB-5885A7C3380B}.RedistWP8Debug|Any CPU.Build.0 = Debug|Any CPU
		{8AC2744B-9F0B-49E3-A1DB-5885A7C3380B}.RedistWP8Debug|ARM.ActiveCfg = Debug|Any CPU
		{8AC2744B-9F0B-49E3-A1DB-5885A7C3380B}.RedistWP8Debug|Mixed Platforms.ActiveCfg = Debug|Any CPU
		{8AC2744B-9F0B-49E3-A1DB-5885A7C3380B}.RedistWP8Debug|Mixed Platforms.Build.0 = Debug|Any CPU
		{8AC2744B-9F0B-49E3-A1DB-5885A7C3380B}.RedistWP8Debug|x64.ActiveCfg = Debug|Any CPU
		{8AC2744B-9F0B-49E3-A1DB-5885A7C3380B}.RedistWP8Debug|x86.ActiveCfg = Debug|Any CPU
		{8AC2744B-9F0B-49E3-A1DB-5885A7C3380B}.Release|Any CPU.ActiveCfg = Release|Any CPU
		{8AC2744B-9F0B-49E3-A1DB-5885A7C3380B}.Release|Any CPU.Build.0 = Release|Any CPU
		{8AC2744B-9F0B-49E3-A1DB-5885A7C3380B}.Release|ARM.ActiveCfg = Release|Any CPU
		{8AC2744B-9F0B-49E3-A1DB-5885A7C3380B}.Release|Mixed Platforms.ActiveCfg = Release|Any CPU
		{8AC2744B-9F0B-49E3-A1DB-5885A7C3380B}.Release|Mixed Platforms.Build.0 = Release|Any CPU
		{8AC2744B-9F0B-49E3-A1DB-5885A7C3380B}.Release|x64.ActiveCfg = Release|Any CPU
		{8AC2744B-9F0B-49E3-A1DB-5885A7C3380B}.Release|x86.ActiveCfg = Release|Any CPU
		{8AC2744B-9F0B-49E3-A1DB-5885A7C3380B}.Win8Debug|Any CPU.ActiveCfg = Debug|Any CPU
		{8AC2744B-9F0B-49E3-A1DB-5885A7C3380B}.Win8Debug|Any CPU.Build.0 = Debug|Any CPU
		{8AC2744B-9F0B-49E3-A1DB-5885A7C3380B}.Win8Debug|ARM.ActiveCfg = Debug|Any CPU
		{8AC2744B-9F0B-49E3-A1DB-5885A7C3380B}.Win8Debug|Mixed Platforms.ActiveCfg = Debug|Any CPU
		{8AC2744B-9F0B-49E3-A1DB-5885A7C3380B}.Win8Debug|Mixed Platforms.Build.0 = Debug|Any CPU
		{8AC2744B-9F0B-49E3-A1DB-5885A7C3380B}.Win8Debug|x64.ActiveCfg = Debug|Any CPU
		{8AC2744B-9F0B-49E3-A1DB-5885A7C3380B}.Win8Debug|x86.ActiveCfg = Debug|Any CPU
		{8AC2744B-9F0B-49E3-A1DB-5885A7C3380B}.Win8Release|Any CPU.ActiveCfg = Release|Any CPU
		{8AC2744B-9F0B-49E3-A1DB-5885A7C3380B}.Win8Release|Any CPU.Build.0 = Release|Any CPU
		{8AC2744B-9F0B-49E3-A1DB-5885A7C3380B}.Win8Release|ARM.ActiveCfg = Release|Any CPU
		{8AC2744B-9F0B-49E3-A1DB-5885A7C3380B}.Win8Release|Mixed Platforms.ActiveCfg = Release|Any CPU
		{8AC2744B-9F0B-49E3-A1DB-5885A7C3380B}.Win8Release|Mixed Platforms.Build.0 = Release|Any CPU
		{8AC2744B-9F0B-49E3-A1DB-5885A7C3380B}.Win8Release|x64.ActiveCfg = Release|Any CPU
		{8AC2744B-9F0B-49E3-A1DB-5885A7C3380B}.Win8Release|x86.ActiveCfg = Release|Any CPU
		{8AC2744B-9F0B-49E3-A1DB-5885A7C3380B}.WP8Debug|Any CPU.ActiveCfg = Debug|Any CPU
		{8AC2744B-9F0B-49E3-A1DB-5885A7C3380B}.WP8Debug|Any CPU.Build.0 = Debug|Any CPU
		{8AC2744B-9F0B-49E3-A1DB-5885A7C3380B}.WP8Debug|ARM.ActiveCfg = Debug|Any CPU
		{8AC2744B-9F0B-49E3-A1DB-5885A7C3380B}.WP8Debug|Mixed Platforms.ActiveCfg = Debug|Any CPU
		{8AC2744B-9F0B-49E3-A1DB-5885A7C3380B}.WP8Debug|Mixed Platforms.Build.0 = Debug|Any CPU
		{8AC2744B-9F0B-49E3-A1DB-5885A7C3380B}.WP8Debug|x64.ActiveCfg = Debug|Any CPU
		{8AC2744B-9F0B-49E3-A1DB-5885A7C3380B}.WP8Debug|x86.ActiveCfg = Debug|Any CPU
		{8AC2744B-9F0B-49E3-A1DB-5885A7C3380B}.WP8Release|Any CPU.ActiveCfg = Release|Any CPU
		{8AC2744B-9F0B-49E3-A1DB-5885A7C3380B}.WP8Release|Any CPU.Build.0 = Release|Any CPU
		{8AC2744B-9F0B-49E3-A1DB-5885A7C3380B}.WP8Release|ARM.ActiveCfg = Release|Any CPU
		{8AC2744B-9F0B-49E3-A1DB-5885A7C3380B}.WP8Release|Mixed Platforms.ActiveCfg = Release|Any CPU
		{8AC2744B-9F0B-49E3-A1DB-5885A7C3380B}.WP8Release|Mixed Platforms.Build.0 = Release|Any CPU
		{8AC2744B-9F0B-49E3-A1DB-5885A7C3380B}.WP8Release|x64.ActiveCfg = Release|Any CPU
		{8AC2744B-9F0B-49E3-A1DB-5885A7C3380B}.WP8Release|x86.ActiveCfg = Release|Any CPU
	EndGlobalSection
	GlobalSection(SolutionProperties) = preSolution
		HideSolutionNode = FALSE
	EndGlobalSection
	GlobalSection(NestedProjects) = preSolution
		{B948170F-4BC3-4D84-B2F3-F369B3A82B5B} = {CB9C1790-50AB-40B1-8F59-840F9D448492}
		{7740A46F-0809-49D2-BD34-71F6D8B6D2CC} = {CB9C1790-50AB-40B1-8F59-840F9D448492}
		{F0723B5E-4509-4C6B-BCDF-F8B6B67D4F10} = {CB9C1790-50AB-40B1-8F59-840F9D448492}
		{26FD6C22-2141-4994-85CB-5A730C910AA2} = {197AB68E-0F95-40AD-A8A0-F59DAA97AE77}
		{CF78F989-D10C-4DAC-BD51-1B135374A6F3} = {197AB68E-0F95-40AD-A8A0-F59DAA97AE77}
		{E503A265-F72B-472E-A702-5B4011D8F1D1} = {197AB68E-0F95-40AD-A8A0-F59DAA97AE77}
		{8284F48F-965E-4E6D-BBD5-1CF5732D73BB} = {BB64D0CF-F50B-44A7-ADFF-9ECBEA546637}
		{F0A4DBD0-FDE8-4288-8C03-F6B2EFD16E30} = {BB64D0CF-F50B-44A7-ADFF-9ECBEA546637}
		{C3563843-AF29-4670-AD74-102EDCA45B38} = {BB64D0CF-F50B-44A7-ADFF-9ECBEA546637}
		{86A1E613-11C3-4541-B995-4A41C89391A7} = {755FD376-18AB-4751-9B71-9F93458C7263}
		{8DA243EE-EC1D-4CAB-8B46-73BE83F8CBE7} = {755FD376-18AB-4751-9B71-9F93458C7263}
		{C6E44FE7-303A-44D0-9C44-EB4FFF5F49F2} = {F0A4DBD0-FDE8-4288-8C03-F6B2EFD16E30}
		{647F5289-3264-4B7E-B2A9-4E050E7B26BF} = {F0A4DBD0-FDE8-4288-8C03-F6B2EFD16E30}
		{407DE03F-8C46-4E4D-97EE-79B7007C6640} = {9C291168-46E2-4D24-B7C4-9625ADA50D69}
		{AECE17C4-C423-45EE-93F8-A888C6BDA617} = {6AB4A9AB-4C92-43C5-9CBB-9E8D90D65AEF}
		{F6CCF0D0-AAB2-4864-B6EC-2A219F1BA846} = {6AB4A9AB-4C92-43C5-9CBB-9E8D90D65AEF}
		{8AC2744B-9F0B-49E3-A1DB-5885A7C3380B} = {6AB4A9AB-4C92-43C5-9CBB-9E8D90D65AEF}
	EndGlobalSection
EndGlobal
